// !$*UTF8*$!
{
	archiveVersion = 1;
	classes = {
	};
	objectVersion = 52;
	objects = {

/* Begin PBXBuildFile section */
		442DBAFD2674E465005B87B3 /* Modules in Frameworks */ = {isa = PBXBuildFile; productRef = 442DBAFC2674E465005B87B3 /* Modules */; };
		4430C7871E15FB950024C001 /* Media.xcassets in Resources */ = {isa = PBXBuildFile; fileRef = 4430C7861E15FB950024C001 /* Media.xcassets */; };
		444F24231E32037900BB8003 /* Application.swift in Sources */ = {isa = PBXBuildFile; fileRef = 444F24221E32037900BB8003 /* Application.swift */; };
		44673C0D1E23ADA0001758C0 /* AppDelegate.swift in Sources */ = {isa = PBXBuildFile; fileRef = 44673C0C1E23ADA0001758C0 /* AppDelegate.swift */; };
		44B193BD1E3A722100DD4E5E /* main.swift in Sources */ = {isa = PBXBuildFile; fileRef = 44B193BC1E3A722100DD4E5E /* main.swift */; };
		5D5E05A31646452F00A5A704 /* libxml2.dylib in Frameworks */ = {isa = PBXBuildFile; fileRef = 5D5E05A21646452F00A5A704 /* libxml2.dylib */; };
		5D81F94A1841BD97008E3B0A /* AVFoundation.framework in Frameworks */ = {isa = PBXBuildFile; fileRef = 5D81F9491841BD97008E3B0A /* AVFoundation.framework */; };
		5DA5C9E5163B018D00CF1601 /* UIKit.framework in Frameworks */ = {isa = PBXBuildFile; fileRef = 5DA5C9E4163B018D00CF1601 /* UIKit.framework */; };
		5DA5C9E7163B018D00CF1601 /* Foundation.framework in Frameworks */ = {isa = PBXBuildFile; fileRef = 5DA5C9E6163B018D00CF1601 /* Foundation.framework */; };
		5DA5C9E9163B018D00CF1601 /* CoreGraphics.framework in Frameworks */ = {isa = PBXBuildFile; fileRef = 5DA5C9E8163B018D00CF1601 /* CoreGraphics.framework */; };
		5DA5C9FE163B018D00CF1601 /* MainStoryboard.storyboard in Resources */ = {isa = PBXBuildFile; fileRef = 5DA5C9FC163B018D00CF1601 /* MainStoryboard.storyboard */; };
		5DC0C88916E27C0F006ED854 /* MessageUI.framework in Frameworks */ = {isa = PBXBuildFile; fileRef = 5DC0C88816E27C0F006ED854 /* MessageUI.framework */; };
		5DC3044F17ED83EB00FCE5D5 /* AudioToolbox.framework in Frameworks */ = {isa = PBXBuildFile; fileRef = 5DC3044E17ED83EB00FCE5D5 /* AudioToolbox.framework */; };
/* End PBXBuildFile section */

/* Begin PBXFileReference section */
		442DBAFB2674E43E005B87B3 /* Modules */ = {isa = PBXFileReference; lastKnownFileType = folder; path = Modules; sourceTree = "<group>"; };
		4430C7861E15FB950024C001 /* Media.xcassets */ = {isa = PBXFileReference; lastKnownFileType = folder.assetcatalog; path = Media.xcassets; sourceTree = "<group>"; };
		444F24221E32037900BB8003 /* Application.swift */ = {isa = PBXFileReference; fileEncoding = 4; lastKnownFileType = sourcecode.swift; path = Application.swift; sourceTree = "<group>"; };
		44673C0C1E23ADA0001758C0 /* AppDelegate.swift */ = {isa = PBXFileReference; fileEncoding = 4; lastKnownFileType = sourcecode.swift; path = AppDelegate.swift; sourceTree = "<group>"; };
		44B193BC1E3A722100DD4E5E /* main.swift */ = {isa = PBXFileReference; fileEncoding = 4; lastKnownFileType = sourcecode.swift; path = main.swift; sourceTree = "<group>"; };
		5D5E05A21646452F00A5A704 /* libxml2.dylib */ = {isa = PBXFileReference; lastKnownFileType = "compiled.mach-o.dylib"; name = libxml2.dylib; path = usr/lib/libxml2.dylib; sourceTree = SDKROOT; };
		5D81F9491841BD97008E3B0A /* AVFoundation.framework */ = {isa = PBXFileReference; lastKnownFileType = wrapper.framework; name = AVFoundation.framework; path = System/Library/Frameworks/AVFoundation.framework; sourceTree = SDKROOT; };
		5DA5C9E0163B018D00CF1601 /* iMMPI.app */ = {isa = PBXFileReference; explicitFileType = wrapper.application; includeInIndex = 0; path = iMMPI.app; sourceTree = BUILT_PRODUCTS_DIR; };
		5DA5C9E4163B018D00CF1601 /* UIKit.framework */ = {isa = PBXFileReference; lastKnownFileType = wrapper.framework; name = UIKit.framework; path = System/Library/Frameworks/UIKit.framework; sourceTree = SDKROOT; };
		5DA5C9E6163B018D00CF1601 /* Foundation.framework */ = {isa = PBXFileReference; lastKnownFileType = wrapper.framework; name = Foundation.framework; path = System/Library/Frameworks/Foundation.framework; sourceTree = SDKROOT; };
		5DA5C9E8163B018D00CF1601 /* CoreGraphics.framework */ = {isa = PBXFileReference; lastKnownFileType = wrapper.framework; name = CoreGraphics.framework; path = System/Library/Frameworks/CoreGraphics.framework; sourceTree = SDKROOT; };
		5DA5C9EC163B018D00CF1601 /* iMMPI-Info.plist */ = {isa = PBXFileReference; lastKnownFileType = text.plist.xml; path = "iMMPI-Info.plist"; sourceTree = "<group>"; };
		5DA5C9FD163B018D00CF1601 /* en */ = {isa = PBXFileReference; lastKnownFileType = file.storyboard; name = en; path = en.lproj/MainStoryboard.storyboard; sourceTree = "<group>"; };
		5DC076D91648123A00897C17 /* AddressBookUI.framework */ = {isa = PBXFileReference; lastKnownFileType = wrapper.framework; name = AddressBookUI.framework; path = System/Library/Frameworks/AddressBookUI.framework; sourceTree = SDKROOT; };
		5DC076DC1648124100897C17 /* AddressBook.framework */ = {isa = PBXFileReference; lastKnownFileType = wrapper.framework; name = AddressBook.framework; path = System/Library/Frameworks/AddressBook.framework; sourceTree = SDKROOT; };
		5DC0C88816E27C0F006ED854 /* MessageUI.framework */ = {isa = PBXFileReference; lastKnownFileType = wrapper.framework; name = MessageUI.framework; path = System/Library/Frameworks/MessageUI.framework; sourceTree = SDKROOT; };
		5DC3044E17ED83EB00FCE5D5 /* AudioToolbox.framework */ = {isa = PBXFileReference; lastKnownFileType = wrapper.framework; name = AudioToolbox.framework; path = System/Library/Frameworks/AudioToolbox.framework; sourceTree = SDKROOT; };
/* End PBXFileReference section */

/* Begin PBXFrameworksBuildPhase section */
		5DA5C9DD163B018D00CF1601 /* Frameworks */ = {
			isa = PBXFrameworksBuildPhase;
			buildActionMask = 2147483647;
			files = (
				442DBAFD2674E465005B87B3 /* Modules in Frameworks */,
				5D81F94A1841BD97008E3B0A /* AVFoundation.framework in Frameworks */,
				5DC3044F17ED83EB00FCE5D5 /* AudioToolbox.framework in Frameworks */,
				5DC0C88916E27C0F006ED854 /* MessageUI.framework in Frameworks */,
				5D5E05A31646452F00A5A704 /* libxml2.dylib in Frameworks */,
				5DA5C9E5163B018D00CF1601 /* UIKit.framework in Frameworks */,
				5DA5C9E7163B018D00CF1601 /* Foundation.framework in Frameworks */,
				5DA5C9E9163B018D00CF1601 /* CoreGraphics.framework in Frameworks */,
			);
			runOnlyForDeploymentPostprocessing = 0;
		};
/* End PBXFrameworksBuildPhase section */

/* Begin PBXGroup section */
		5DA5C9D5163B018D00CF1601 = {
			isa = PBXGroup;
			children = (
				442DBAFB2674E43E005B87B3 /* Modules */,
				4430C7861E15FB950024C001 /* Media.xcassets */,
				5DA5C9EA163B018D00CF1601 /* iMMPI */,
				5DA5C9E3163B018D00CF1601 /* Frameworks */,
				5DA5C9E1163B018D00CF1601 /* Products */,
			);
			sourceTree = "<group>";
		};
		5DA5C9E1163B018D00CF1601 /* Products */ = {
			isa = PBXGroup;
			children = (
				5DA5C9E0163B018D00CF1601 /* iMMPI.app */,
			);
			name = Products;
			sourceTree = "<group>";
		};
		5DA5C9E3163B018D00CF1601 /* Frameworks */ = {
			isa = PBXGroup;
			children = (
				5D81F9491841BD97008E3B0A /* AVFoundation.framework */,
				5DC3044E17ED83EB00FCE5D5 /* AudioToolbox.framework */,
				5DC0C88816E27C0F006ED854 /* MessageUI.framework */,
				5DC076DC1648124100897C17 /* AddressBook.framework */,
				5DC076D91648123A00897C17 /* AddressBookUI.framework */,
				5D5E05A21646452F00A5A704 /* libxml2.dylib */,
				5DA5C9E4163B018D00CF1601 /* UIKit.framework */,
				5DA5C9E6163B018D00CF1601 /* Foundation.framework */,
				5DA5C9E8163B018D00CF1601 /* CoreGraphics.framework */,
			);
			name = Frameworks;
			sourceTree = "<group>";
		};
		5DA5C9EA163B018D00CF1601 /* iMMPI */ = {
			isa = PBXGroup;
			children = (
				44673C0C1E23ADA0001758C0 /* AppDelegate.swift */,
				444F24221E32037900BB8003 /* Application.swift */,
				44B193BC1E3A722100DD4E5E /* main.swift */,
				5DA5C9FC163B018D00CF1601 /* MainStoryboard.storyboard */,
				5DA5C9EB163B018D00CF1601 /* Supporting Files */,
			);
			path = iMMPI;
			sourceTree = "<group>";
		};
		5DA5C9EB163B018D00CF1601 /* Supporting Files */ = {
			isa = PBXGroup;
			children = (
				5DA5C9EC163B018D00CF1601 /* iMMPI-Info.plist */,
			);
			path = "Supporting Files";
			sourceTree = "<group>";
		};
/* End PBXGroup section */

/* Begin PBXNativeTarget section */
		5DA5C9DF163B018D00CF1601 /* iMMPI */ = {
			isa = PBXNativeTarget;
			buildConfigurationList = 5DA5CA04163B018D00CF1601 /* Build configuration list for PBXNativeTarget "iMMPI" */;
			buildPhases = (
				5DA5C9DC163B018D00CF1601 /* Sources */,
				5DA5C9DD163B018D00CF1601 /* Frameworks */,
				5DA5C9DE163B018D00CF1601 /* Resources */,
				5DC40469168C217D000AFBAE /* Show TODO's and FIXME's as warnings */,
			);
			buildRules = (
			);
			dependencies = (
			);
			name = iMMPI;
			packageProductDependencies = (
				442DBAFC2674E465005B87B3 /* Modules */,
			);
			productName = iMMPI;
			productReference = 5DA5C9E0163B018D00CF1601 /* iMMPI.app */;
			productType = "com.apple.product-type.application";
		};
/* End PBXNativeTarget section */

/* Begin PBXProject section */
		5DA5C9D7163B018D00CF1601 /* Project object */ = {
			isa = PBXProject;
			attributes = {
				LastSwiftUpdateCheck = 0820;
				LastUpgradeCheck = 1250;
				ORGANIZATIONNAME = "Egor Chiglintsev";
				TargetAttributes = {
					5DA5C9DF163B018D00CF1601 = {
						DevelopmentTeam = B87M5YBQ84;
						LastSwiftMigration = 0820;
					};
				};
			};
			buildConfigurationList = 5DA5C9DA163B018D00CF1601 /* Build configuration list for PBXProject "iMMPI" */;
			compatibilityVersion = "Xcode 3.2";
			developmentRegion = English;
			hasScannedForEncodings = 0;
			knownRegions = (
				English,
				en,
			);
			mainGroup = 5DA5C9D5163B018D00CF1601;
			productRefGroup = 5DA5C9E1163B018D00CF1601 /* Products */;
			projectDirPath = "";
			projectRoot = "";
			targets = (
				5DA5C9DF163B018D00CF1601 /* iMMPI */,
			);
		};
/* End PBXProject section */

/* Begin PBXResourcesBuildPhase section */
		5DA5C9DE163B018D00CF1601 /* Resources */ = {
			isa = PBXResourcesBuildPhase;
			buildActionMask = 2147483647;
			files = (
				5DA5C9FE163B018D00CF1601 /* MainStoryboard.storyboard in Resources */,
				4430C7871E15FB950024C001 /* Media.xcassets in Resources */,
			);
			runOnlyForDeploymentPostprocessing = 0;
		};
/* End PBXResourcesBuildPhase section */

/* Begin PBXShellScriptBuildPhase section */
		5DC40469168C217D000AFBAE /* Show TODO's and FIXME's as warnings */ = {
			isa = PBXShellScriptBuildPhase;
			buildActionMask = 2147483647;
			files = (
			);
			inputPaths = (
			);
			name = "Show TODO's and FIXME's as warnings";
			outputPaths = (
			);
			runOnlyForDeploymentPostprocessing = 0;
			shellPath = /bin/sh;
			shellScript = "KEYWORDS=\"TODO:|FIXME:|\\?\\?\\?:|\\!\\!\\!:\"\n\nfind \"${SRCROOT}\" \\( -name \"*.h\" -or -name \"*.m\" \\) -print0 | xargs -0 egrep --with-filename --line-number --only-matching \"($KEYWORDS).*\\$\" | perl -p -e \"s/($KEYWORDS)/ warning: \\$1/\"";
		};
/* End PBXShellScriptBuildPhase section */

/* Begin PBXSourcesBuildPhase section */
		5DA5C9DC163B018D00CF1601 /* Sources */ = {
			isa = PBXSourcesBuildPhase;
			buildActionMask = 2147483647;
			files = (
				444F24231E32037900BB8003 /* Application.swift in Sources */,
				44673C0D1E23ADA0001758C0 /* AppDelegate.swift in Sources */,
				44B193BD1E3A722100DD4E5E /* main.swift in Sources */,
			);
			runOnlyForDeploymentPostprocessing = 0;
		};
/* End PBXSourcesBuildPhase section */

/* Begin PBXVariantGroup section */
		5DA5C9FC163B018D00CF1601 /* MainStoryboard.storyboard */ = {
			isa = PBXVariantGroup;
			children = (
				5DA5C9FD163B018D00CF1601 /* en */,
			);
			name = MainStoryboard.storyboard;
			sourceTree = "<group>";
		};
/* End PBXVariantGroup section */

/* Begin XCBuildConfiguration section */
		5DA5CA02163B018D00CF1601 /* Debug */ = {
			isa = XCBuildConfiguration;
			buildSettings = {
				ALTERNATE_GROUP = "";
				ALTERNATE_OWNER = "";
				CLANG_ANALYZER_LOCALIZABILITY_NONLOCALIZED = YES;
				CLANG_ANALYZER_SECURITY_FLOATLOOPCOUNTER = YES;
				CLANG_ANALYZER_SECURITY_INSECUREAPI_RAND = YES;
				CLANG_ANALYZER_SECURITY_INSECUREAPI_STRCPY = YES;
				CLANG_ENABLE_OBJC_ARC = YES;
				CLANG_WARN_ASSIGN_ENUM = YES;
				CLANG_WARN_BLOCK_CAPTURE_AUTORELEASING = YES;
				CLANG_WARN_BOOL_CONVERSION = YES;
				CLANG_WARN_COMMA = YES;
				CLANG_WARN_CONSTANT_CONVERSION = YES;
				CLANG_WARN_CXX0X_EXTENSIONS = YES;
				CLANG_WARN_DEPRECATED_OBJC_IMPLEMENTATIONS = YES;
				CLANG_WARN_EMPTY_BODY = YES;
				CLANG_WARN_ENUM_CONVERSION = YES;
				CLANG_WARN_INFINITE_RECURSION = YES;
				CLANG_WARN_INT_CONVERSION = YES;
				CLANG_WARN_NON_LITERAL_NULL_CONVERSION = YES;
				CLANG_WARN_OBJC_EXPLICIT_OWNERSHIP_TYPE = YES;
				CLANG_WARN_OBJC_IMPLICIT_ATOMIC_PROPERTIES = YES;
				CLANG_WARN_OBJC_IMPLICIT_RETAIN_SELF = YES;
				CLANG_WARN_OBJC_LITERAL_CONVERSION = YES;
				CLANG_WARN_QUOTED_INCLUDE_IN_FRAMEWORK_HEADER = YES;
				CLANG_WARN_RANGE_LOOP_ANALYSIS = YES;
				CLANG_WARN_STRICT_PROTOTYPES = YES;
				CLANG_WARN_SUSPICIOUS_MOVE = YES;
				CLANG_WARN_UNREACHABLE_CODE = YES;
				CLANG_WARN__DUPLICATE_METHOD_MATCH = YES;
				CLANG_WARN__EXIT_TIME_DESTRUCTORS = YES;
				CODE_SIGN_IDENTITY = "iPhone Developer";
				COPY_PHASE_STRIP = NO;
				DEVELOPMENT_TEAM = B87M5YBQ84;
				ENABLE_STRICT_OBJC_MSGSEND = YES;
				ENABLE_TESTABILITY = YES;
				GCC_DYNAMIC_NO_PIC = NO;
				GCC_NO_COMMON_BLOCKS = YES;
				GCC_OPTIMIZATION_LEVEL = 0;
				GCC_PREPROCESSOR_DEFINITIONS = (
					"DEBUG=1",
					"$(inherited)",
				);
				GCC_SYMBOLS_PRIVATE_EXTERN = NO;
				GCC_TREAT_INCOMPATIBLE_POINTER_TYPE_WARNINGS_AS_ERRORS = YES;
				GCC_TREAT_WARNINGS_AS_ERRORS = YES;
				GCC_WARN_64_TO_32_BIT_CONVERSION = YES;
				GCC_WARN_ABOUT_RETURN_TYPE = YES;
				GCC_WARN_HIDDEN_VIRTUAL_FUNCTIONS = YES;
				GCC_WARN_NON_VIRTUAL_DESTRUCTOR = YES;
				GCC_WARN_SHADOW = YES;
				GCC_WARN_SIGN_COMPARE = YES;
				GCC_WARN_UNDECLARED_SELECTOR = YES;
				GCC_WARN_UNINITIALIZED_AUTOS = YES;
				GCC_WARN_UNKNOWN_PRAGMAS = YES;
				GCC_WARN_UNUSED_FUNCTION = YES;
				GCC_WARN_UNUSED_LABEL = YES;
				GCC_WARN_UNUSED_VARIABLE = YES;
				INSTALL_GROUP = "";
				INSTALL_OWNER = "";
				IPHONEOS_DEPLOYMENT_TARGET = 13.0;
				ONLY_ACTIVE_ARCH = YES;
				OTHER_SWIFT_FLAGS = " ";
				RUN_CLANG_STATIC_ANALYZER = YES;
				SDKROOT = iphoneos;
				SWIFT_OPTIMIZATION_LEVEL = "-Onone";
				SWIFT_VERSION = 5.0;
				TARGETED_DEVICE_FAMILY = 2;
			};
			name = Debug;
		};
		5DA5CA03163B018D00CF1601 /* Release */ = {
			isa = XCBuildConfiguration;
			buildSettings = {
				ALTERNATE_GROUP = "";
				ALTERNATE_OWNER = "";
				CLANG_ANALYZER_LOCALIZABILITY_NONLOCALIZED = YES;
				CLANG_ANALYZER_SECURITY_FLOATLOOPCOUNTER = YES;
				CLANG_ANALYZER_SECURITY_INSECUREAPI_RAND = YES;
				CLANG_ANALYZER_SECURITY_INSECUREAPI_STRCPY = YES;
				CLANG_ENABLE_OBJC_ARC = YES;
				CLANG_WARN_ASSIGN_ENUM = YES;
				CLANG_WARN_BLOCK_CAPTURE_AUTORELEASING = YES;
				CLANG_WARN_BOOL_CONVERSION = YES;
				CLANG_WARN_COMMA = YES;
				CLANG_WARN_CONSTANT_CONVERSION = YES;
				CLANG_WARN_CXX0X_EXTENSIONS = YES;
				CLANG_WARN_DEPRECATED_OBJC_IMPLEMENTATIONS = YES;
				CLANG_WARN_EMPTY_BODY = YES;
				CLANG_WARN_ENUM_CONVERSION = YES;
				CLANG_WARN_INFINITE_RECURSION = YES;
				CLANG_WARN_INT_CONVERSION = YES;
				CLANG_WARN_NON_LITERAL_NULL_CONVERSION = YES;
				CLANG_WARN_OBJC_EXPLICIT_OWNERSHIP_TYPE = YES;
				CLANG_WARN_OBJC_IMPLICIT_ATOMIC_PROPERTIES = YES;
				CLANG_WARN_OBJC_IMPLICIT_RETAIN_SELF = YES;
				CLANG_WARN_OBJC_LITERAL_CONVERSION = YES;
				CLANG_WARN_QUOTED_INCLUDE_IN_FRAMEWORK_HEADER = YES;
				CLANG_WARN_RANGE_LOOP_ANALYSIS = YES;
				CLANG_WARN_STRICT_PROTOTYPES = YES;
				CLANG_WARN_SUSPICIOUS_MOVE = YES;
				CLANG_WARN_UNREACHABLE_CODE = YES;
				CLANG_WARN__DUPLICATE_METHOD_MATCH = YES;
				CLANG_WARN__EXIT_TIME_DESTRUCTORS = YES;
				CODE_SIGN_IDENTITY = "iPhone Developer";
				COPY_PHASE_STRIP = YES;
				DEVELOPMENT_TEAM = B87M5YBQ84;
				ENABLE_STRICT_OBJC_MSGSEND = YES;
				GCC_NO_COMMON_BLOCKS = YES;
				GCC_TREAT_INCOMPATIBLE_POINTER_TYPE_WARNINGS_AS_ERRORS = YES;
				GCC_TREAT_WARNINGS_AS_ERRORS = YES;
				GCC_WARN_64_TO_32_BIT_CONVERSION = YES;
				GCC_WARN_ABOUT_RETURN_TYPE = YES;
				GCC_WARN_HIDDEN_VIRTUAL_FUNCTIONS = YES;
				GCC_WARN_NON_VIRTUAL_DESTRUCTOR = YES;
				GCC_WARN_SHADOW = YES;
				GCC_WARN_SIGN_COMPARE = YES;
				GCC_WARN_UNDECLARED_SELECTOR = YES;
				GCC_WARN_UNINITIALIZED_AUTOS = YES;
				GCC_WARN_UNKNOWN_PRAGMAS = YES;
				GCC_WARN_UNUSED_FUNCTION = YES;
				GCC_WARN_UNUSED_LABEL = YES;
				GCC_WARN_UNUSED_VARIABLE = YES;
				INSTALL_GROUP = "";
				INSTALL_OWNER = "";
				IPHONEOS_DEPLOYMENT_TARGET = 13.0;
				OTHER_CFLAGS = "-DNS_BLOCK_ASSERTIONS=1";
				OTHER_SWIFT_FLAGS = "";
				RUN_CLANG_STATIC_ANALYZER = YES;
				SDKROOT = iphoneos;
				SWIFT_COMPILATION_MODE = wholemodule;
				SWIFT_OPTIMIZATION_LEVEL = "-O";
				SWIFT_VERSION = 5.0;
				TARGETED_DEVICE_FAMILY = 2;
				VALIDATE_PRODUCT = YES;
			};
			name = Release;
		};
		5DA5CA05163B018D00CF1601 /* Debug */ = {
			isa = XCBuildConfiguration;
			buildSettings = {
				ASSETCATALOG_COMPILER_APPICON_NAME = AppIcon;
				CLANG_ENABLE_MODULES = YES;
				CURRENT_PROJECT_VERSION = 11;
				ENABLE_TESTABILITY = YES;
				GCC_SYMBOLS_PRIVATE_EXTERN = NO;
				HEADER_SEARCH_PATHS = (
					/usr/include/libxml2,
					"$(inherited)",
				);
				INFOPLIST_FILE = "iMMPI/Supporting Files/iMMPI-Info.plist";
				LD_RUNPATH_SEARCH_PATHS = (
					"$(inherited)",
					"@executable_path/Frameworks",
				);
				MARKETING_VERSION = 1.0.4;
				OTHER_LDFLAGS = "$(inherited)";
				PRODUCT_BUNDLE_IDENTIFIER = com.oliveinspace.iMMPI;
				PRODUCT_NAME = "$(TARGET_NAME)";
				PROVISIONING_PROFILE = "";
				WRAPPER_EXTENSION = app;
			};
			name = Debug;
		};
		5DA5CA06163B018D00CF1601 /* Release */ = {
			isa = XCBuildConfiguration;
			buildSettings = {
				ASSETCATALOG_COMPILER_APPICON_NAME = AppIcon;
				CLANG_ENABLE_MODULES = YES;
				CURRENT_PROJECT_VERSION = 11;
				ENABLE_TESTABILITY = YES;
				GCC_SYMBOLS_PRIVATE_EXTERN = NO;
				HEADER_SEARCH_PATHS = (
					/usr/include/libxml2,
					"$(inherited)",
				);
				INFOPLIST_FILE = "iMMPI/Supporting Files/iMMPI-Info.plist";
				LD_RUNPATH_SEARCH_PATHS = (
					"$(inherited)",
					"@executable_path/Frameworks",
				);
				MARKETING_VERSION = 1.0.4;
				OTHER_LDFLAGS = "$(inherited)";
				PRODUCT_BUNDLE_IDENTIFIER = com.oliveinspace.iMMPI;
				PRODUCT_NAME = "$(TARGET_NAME)";
				PROVISIONING_PROFILE = "";
				WRAPPER_EXTENSION = app;
			};
			name = Release;
		};
/* End XCBuildConfiguration section */

/* Begin XCConfigurationList section */
		5DA5C9DA163B018D00CF1601 /* Build configuration list for PBXProject "iMMPI" */ = {
			isa = XCConfigurationList;
			buildConfigurations = (
				5DA5CA02163B018D00CF1601 /* Debug */,
				5DA5CA03163B018D00CF1601 /* Release */,
			);
			defaultConfigurationIsVisible = 0;
			defaultConfigurationName = Release;
		};
		5DA5CA04163B018D00CF1601 /* Build configuration list for PBXNativeTarget "iMMPI" */ = {
			isa = XCConfigurationList;
			buildConfigurations = (
				5DA5CA05163B018D00CF1601 /* Debug */,
				5DA5CA06163B018D00CF1601 /* Release */,
			);
			defaultConfigurationIsVisible = 0;
			defaultConfigurationName = Release;
		};
/* End XCConfigurationList section */

/* Begin XCSwiftPackageProductDependency section */
		442DBAFC2674E465005B87B3 /* Modules */ = {
			isa = XCSwiftPackageProductDependency;
			productName = Modules;
		};
/* End XCSwiftPackageProductDependency section */
	};
	rootObject = 5DA5C9D7163B018D00CF1601 /* Project object */;
}
