// !$*UTF8*$!
{
	archiveVersion = 1;
	classes = {
	};
	objectVersion = 46;
	objects = {

/* Begin PBXBuildFile section */
		442CE1A61E234E05006C34A6 /* AbbreviatedNameFormatter.swift in Sources */ = {isa = PBXBuildFile; fileRef = 442CE1A51E234E05006C34A6 /* AbbreviatedNameFormatter.swift */; };
		442CE1A81E234E6E006C34A6 /* AbbreviatedNameFormatterTests.swift in Sources */ = {isa = PBXBuildFile; fileRef = 442CE1A71E234E6E006C34A6 /* AbbreviatedNameFormatterTests.swift */; };
		442CE1AA1E235156006C34A6 /* Strings.swift in Sources */ = {isa = PBXBuildFile; fileRef = 442CE1A91E235156006C34A6 /* Strings.swift */; };
		442CE1AC1E235397006C34A6 /* TestRecord.swift in Sources */ = {isa = PBXBuildFile; fileRef = 442CE1AB1E235397006C34A6 /* TestRecord.swift */; };
		442CE1AE1E23551D006C34A6 /* TestRecordProtocol.swift in Sources */ = {isa = PBXBuildFile; fileRef = 442CE1AD1E23551D006C34A6 /* TestRecordProtocol.swift */; };
		442CE1B31E2357AA006C34A6 /* EditTestRecordViewController.swift in Sources */ = {isa = PBXBuildFile; fileRef = 442CE1B21E2357AA006C34A6 /* EditTestRecordViewController.swift */; };
		442CE1B51E235A1B006C34A6 /* DateFormatter+iMMPI.swift in Sources */ = {isa = PBXBuildFile; fileRef = 442CE1B41E235A1B006C34A6 /* DateFormatter+iMMPI.swift */; };
		442CE1B71E235D12006C34A6 /* AgeGroup.swift in Sources */ = {isa = PBXBuildFile; fileRef = 442CE1B61E235D12006C34A6 /* AgeGroup.swift */; };
		442CE1B91E235D3D006C34A6 /* Gender.swift in Sources */ = {isa = PBXBuildFile; fileRef = 442CE1B81E235D3D006C34A6 /* Gender.swift */; };
		442CE1BE1E2366F7006C34A6 /* TestAnswers.swift in Sources */ = {isa = PBXBuildFile; fileRef = 442CE1BD1E2366F7006C34A6 /* TestAnswers.swift */; };
		442CE1C01E236915006C34A6 /* TestAnswersProtocol.swift in Sources */ = {isa = PBXBuildFile; fileRef = 442CE1BF1E236915006C34A6 /* TestAnswersProtocol.swift */; };
		442CE1C41E236EEC006C34A6 /* RecordsListViewController.swift in Sources */ = {isa = PBXBuildFile; fileRef = 442CE1C31E236EEC006C34A6 /* RecordsListViewController.swift */; };
		442CE1CE1E23718C006C34A6 /* Grouping.swift in Sources */ = {isa = PBXBuildFile; fileRef = 442CE1CD1E23718C006C34A6 /* Grouping.swift */; };
		442CE1D11E2378D7006C34A6 /* SectionSplittingTests.swift in Sources */ = {isa = PBXBuildFile; fileRef = 442CE1D01E2378D7006C34A6 /* SectionSplittingTests.swift */; };
		442CE1D51E237AB5006C34A6 /* SectionDescriptor.swift in Sources */ = {isa = PBXBuildFile; fileRef = 442CE1D41E237AB5006C34A6 /* SectionDescriptor.swift */; };
		442CE1D71E238257006C34A6 /* GroupingTests.swift in Sources */ = {isa = PBXBuildFile; fileRef = 442CE1D61E238257006C34A6 /* GroupingTests.swift */; };
		442CE1D91E238379006C34A6 /* UtilityFunctions.swift in Sources */ = {isa = PBXBuildFile; fileRef = 442CE1D81E238379006C34A6 /* UtilityFunctions.swift */; };
		442CE1DB1E238581006C34A6 /* UtilityFunctionsTests.swift in Sources */ = {isa = PBXBuildFile; fileRef = 442CE1DA1E238581006C34A6 /* UtilityFunctionsTests.swift */; };
		442CE1DD1E23862A006C34A6 /* Section.swift in Sources */ = {isa = PBXBuildFile; fileRef = 442CE1DC1E23862A006C34A6 /* Section.swift */; };
		442CE1E31E238BBB006C34A6 /* TestRecordsGroup.swift in Sources */ = {isa = PBXBuildFile; fileRef = 442CE1E21E238BBB006C34A6 /* TestRecordsGroup.swift */; };
		442CE1E51E238C75006C34A6 /* TestRecordsGroupTests.swift in Sources */ = {isa = PBXBuildFile; fileRef = 442CE1E41E238C75006C34A6 /* TestRecordsGroupTests.swift */; };
		442CE1ED1E23A265006C34A6 /* Grouping+Alphabetically.swift in Sources */ = {isa = PBXBuildFile; fileRef = 442CE1EC1E23A265006C34A6 /* Grouping+Alphabetically.swift */; };
		442CE1EF1E23A3A7006C34A6 /* Grouping+TestRecord.swift in Sources */ = {isa = PBXBuildFile; fileRef = 442CE1EE1E23A3A7006C34A6 /* Grouping+TestRecord.swift */; };
		442CE1F21E23A939006C34A6 /* AsyncProvider.swift in Sources */ = {isa = PBXBuildFile; fileRef = 442CE1F01E23A939006C34A6 /* AsyncProvider.swift */; };
		442CE1F51E23A957006C34A6 /* ListViewModel.swift in Sources */ = {isa = PBXBuildFile; fileRef = 442CE1F41E23A957006C34A6 /* ListViewModel.swift */; };
		4430C7841E15F9FF0024C001 /* FRBDatePickerPopover.m in Sources */ = {isa = PBXBuildFile; fileRef = 4430C7751E15F9FF0024C001 /* FRBDatePickerPopover.m */; };
		4430C7871E15FB950024C001 /* Media.xcassets in Resources */ = {isa = PBXBuildFile; fileRef = 4430C7861E15FB950024C001 /* Media.xcassets */; };
		4430C78A1E16038A0024C001 /* FRBKeyedTargetAction.m in Sources */ = {isa = PBXBuildFile; fileRef = 4430C7891E16038A0024C001 /* FRBKeyedTargetAction.m */; };
		4430C7921E160DDD0024C001 /* QuestionnaireTests.swift in Sources */ = {isa = PBXBuildFile; fileRef = 4430C7911E160DDD0024C001 /* QuestionnaireTests.swift */; };
		4430C79E1E1617AE0024C001 /* StatementTests.swift in Sources */ = {isa = PBXBuildFile; fileRef = 4430C79D1E1617AE0024C001 /* StatementTests.swift */; };
		4430C7A21E1619000024C001 /* Statement.swift in Sources */ = {isa = PBXBuildFile; fileRef = 4430C7A11E1619000024C001 /* Statement.swift */; };
		4430C7A41E161A6B0024C001 /* StatementProtocol.swift in Sources */ = {isa = PBXBuildFile; fileRef = 4430C7A31E161A6B0024C001 /* StatementProtocol.swift */; };
		4430C7A61E161B430024C001 /* Questionnaire.swift in Sources */ = {isa = PBXBuildFile; fileRef = 4430C7A51E161B430024C001 /* Questionnaire.swift */; };
		4430C7A81E1623290024C001 /* QuestionnaireProtocol.swift in Sources */ = {isa = PBXBuildFile; fileRef = 4430C7A71E1623290024C001 /* QuestionnaireProtocol.swift */; };
		4430C7AD1E1636030024C001 /* questionnaire.error.jsonRootNotDictionary.json in Resources */ = {isa = PBXBuildFile; fileRef = 4430C7AC1E1636030024C001 /* questionnaire.error.jsonRootNotDictionary.json */; };
		4430C7AF1E1637580024C001 /* questionnaire.error.statementsNotFound.json in Resources */ = {isa = PBXBuildFile; fileRef = 4430C7AE1E1637580024C001 /* questionnaire.error.statementsNotFound.json */; };
		4430C7B11E1637640024C001 /* questionnaire.error.statementJsonNotDictionary.json in Resources */ = {isa = PBXBuildFile; fileRef = 4430C7B01E1637640024C001 /* questionnaire.error.statementJsonNotDictionary.json */; };
		4430C7B31E1637720024C001 /* questionnaire.error.statementIdentifierNotFound.json in Resources */ = {isa = PBXBuildFile; fileRef = 4430C7B21E1637720024C001 /* questionnaire.error.statementIdentifierNotFound.json */; };
		4430C7B51E16377F0024C001 /* questionnaire.error.statementTextNotFound.json in Resources */ = {isa = PBXBuildFile; fileRef = 4430C7B41E16377F0024C001 /* questionnaire.error.statementTextNotFound.json */; };
		4430C7B71E163F450024C001 /* PersonTests.swift in Sources */ = {isa = PBXBuildFile; fileRef = 4430C7B61E163F450024C001 /* PersonTests.swift */; };
		4430C7B91E16408A0024C001 /* Person.swift in Sources */ = {isa = PBXBuildFile; fileRef = 4430C7B81E16408A0024C001 /* Person.swift */; };
		4430C7BB1E1670010024C001 /* PersonProtocol.swift in Sources */ = {isa = PBXBuildFile; fileRef = 4430C7BA1E1670010024C001 /* PersonProtocol.swift */; };
		44673C0D1E23ADA0001758C0 /* AppDelegate.swift in Sources */ = {isa = PBXBuildFile; fileRef = 44673C0C1E23ADA0001758C0 /* AppDelegate.swift */; };
		44673C111E23B017001758C0 /* TestRecordStorageProtocol.swift in Sources */ = {isa = PBXBuildFile; fileRef = 44673C101E23B017001758C0 /* TestRecordStorageProtocol.swift */; };
		44673C131E23B9D7001758C0 /* RecordsListViewControllerStyle.swift in Sources */ = {isa = PBXBuildFile; fileRef = 44673C121E23B9D7001758C0 /* RecordsListViewControllerStyle.swift */; };
		44673C191E23C1C0001758C0 /* SectionIndex.swift in Sources */ = {isa = PBXBuildFile; fileRef = 44673C181E23C1C0001758C0 /* SectionIndex.swift */; };
		44673C1C1E23C9CA001758C0 /* Router.swift in Sources */ = {isa = PBXBuildFile; fileRef = 44673C1B1E23C9CA001758C0 /* Router.swift */; };
		44673C1E1E23CA0E001758C0 /* MMPIRouter.swift in Sources */ = {isa = PBXBuildFile; fileRef = 44673C1D1E23CA0E001758C0 /* MMPIRouter.swift */; };
		44673C221E249A8E001758C0 /* MMPIRouter+EditingDelegate.swift in Sources */ = {isa = PBXBuildFile; fileRef = 44673C211E249A8E001758C0 /* MMPIRouter+EditingDelegate.swift */; };
		44673C311E24C1F5001758C0 /* RecordsListViewControllerGrouping.swift in Sources */ = {isa = PBXBuildFile; fileRef = 44673C301E24C1F5001758C0 /* RecordsListViewControllerGrouping.swift */; };
		44673C341E24CF9D001758C0 /* ViewControllersFactory.swift in Sources */ = {isa = PBXBuildFile; fileRef = 44673C331E24CF9D001758C0 /* ViewControllersFactory.swift */; };
		44673C361E24CFBA001758C0 /* MMPIViewControllersFactory.swift in Sources */ = {isa = PBXBuildFile; fileRef = 44673C351E24CFBA001758C0 /* MMPIViewControllersFactory.swift */; };
		44673C381E24D6FF001758C0 /* RoutedViewControllersFactory.swift in Sources */ = {isa = PBXBuildFile; fileRef = 44673C371E24D6FF001758C0 /* RoutedViewControllersFactory.swift */; };
		5D5E05A31646452F00A5A704 /* libxml2.dylib in Frameworks */ = {isa = PBXBuildFile; fileRef = 5D5E05A21646452F00A5A704 /* libxml2.dylib */; };
		5D74048A16FEAC3B001747A1 /* AnalysisHTMLReportGenerator.m in Sources */ = {isa = PBXBuildFile; fileRef = 5D74048916FEAC3B001747A1 /* AnalysisHTMLReportGenerator.m */; };
		5D74048E16FEB8DB001747A1 /* AnalyzerGroupDetailedInfoViewController.m in Sources */ = {isa = PBXBuildFile; fileRef = 5D74048D16FEB8DB001747A1 /* AnalyzerGroupDetailedInfoViewController.m */; };
		5D74049416FEC107001747A1 /* LabelCollectionViewCell.m in Sources */ = {isa = PBXBuildFile; fileRef = 5D74049316FEC107001747A1 /* LabelCollectionViewCell.m */; };
		5D74049816FEC40F001747A1 /* LabelCollectionViewHeader.m in Sources */ = {isa = PBXBuildFile; fileRef = 5D74049716FEC40F001747A1 /* LabelCollectionViewHeader.m */; };
		5D74049C16FEC7CE001747A1 /* WebCollectionViewFooter.m in Sources */ = {isa = PBXBuildFile; fileRef = 5D74049B16FEC7CE001747A1 /* WebCollectionViewFooter.m */; };
		5D74CF01169B08D500BAA202 /* StoryboardManagedViewController.m in Sources */ = {isa = PBXBuildFile; fileRef = 5D74CF00169B08D500BAA202 /* StoryboardManagedViewController.m */; };
		5D74CF04169B08E600BAA202 /* StoryboardManagedTableViewController.m in Sources */ = {isa = PBXBuildFile; fileRef = 5D74CF03169B08E600BAA202 /* StoryboardManagedTableViewController.m */; };
		5D81F94A1841BD97008E3B0A /* AVFoundation.framework in Frameworks */ = {isa = PBXBuildFile; fileRef = 5D81F9491841BD97008E3B0A /* AVFoundation.framework */; };
		5D85558516906A9C004E3021 /* AnalyzerKGroup.m in Sources */ = {isa = PBXBuildFile; fileRef = 5D85558416906A9C004E3021 /* AnalyzerKGroup.m */; };
		5D85558916906E98004E3021 /* AnalyzerIGroupT1.m in Sources */ = {isa = PBXBuildFile; fileRef = 5D85558816906E98004E3021 /* AnalyzerIGroupT1.m */; };
		5D85558D16907158004E3021 /* AnalyzerIGroup99.m in Sources */ = {isa = PBXBuildFile; fileRef = 5D85558C16907158004E3021 /* AnalyzerIGroup99.m */; };
		5D855591169074D0004E3021 /* AnalyzerIGroupM.m in Sources */ = {isa = PBXBuildFile; fileRef = 5D855590169074D0004E3021 /* AnalyzerIGroupM.m */; };
		5D855595169076A4004E3021 /* AnalyzerIGroupX.m in Sources */ = {isa = PBXBuildFile; fileRef = 5D855594169076A4004E3021 /* AnalyzerIGroupX.m */; };
		5DA5C9E5163B018D00CF1601 /* UIKit.framework in Frameworks */ = {isa = PBXBuildFile; fileRef = 5DA5C9E4163B018D00CF1601 /* UIKit.framework */; };
		5DA5C9E7163B018D00CF1601 /* Foundation.framework in Frameworks */ = {isa = PBXBuildFile; fileRef = 5DA5C9E6163B018D00CF1601 /* Foundation.framework */; };
		5DA5C9E9163B018D00CF1601 /* CoreGraphics.framework in Frameworks */ = {isa = PBXBuildFile; fileRef = 5DA5C9E8163B018D00CF1601 /* CoreGraphics.framework */; };
		5DA5C9EF163B018D00CF1601 /* InfoPlist.strings in Resources */ = {isa = PBXBuildFile; fileRef = 5DA5C9ED163B018D00CF1601 /* InfoPlist.strings */; };
		5DA5C9F1163B018D00CF1601 /* main.m in Sources */ = {isa = PBXBuildFile; fileRef = 5DA5C9F0163B018D00CF1601 /* main.m */; };
		5DA5C9FE163B018D00CF1601 /* MainStoryboard.storyboard in Resources */ = {isa = PBXBuildFile; fileRef = 5DA5C9FC163B018D00CF1601 /* MainStoryboard.storyboard */; };
		5DA5CA16163B080B00CF1601 /* TestAnswersViewController.m in Sources */ = {isa = PBXBuildFile; fileRef = 5DA5CA15163B080B00CF1601 /* TestAnswersViewController.m */; };
		5DBD5659169714EE00728BB4 /* TestAnswersInputViewController.m in Sources */ = {isa = PBXBuildFile; fileRef = 5DBD5658169714EE00728BB4 /* TestAnswersInputViewController.m */; };
		5DBD568D1697274700728BB4 /* TestAnswersTableViewControllerBase.m in Sources */ = {isa = PBXBuildFile; fileRef = 5DBD568C1697274700728BB4 /* TestAnswersTableViewControllerBase.m */; };
		5DC076DA1648123A00897C17 /* AddressBookUI.framework in Frameworks */ = {isa = PBXBuildFile; fileRef = 5DC076D91648123A00897C17 /* AddressBookUI.framework */; };
		5DC076DD1648124100897C17 /* AddressBook.framework in Frameworks */ = {isa = PBXBuildFile; fileRef = 5DC076DC1648124100897C17 /* AddressBook.framework */; };
		5DC0C87F16E26207006ED854 /* AnalysisOptionsViewController.m in Sources */ = {isa = PBXBuildFile; fileRef = 5DC0C87E16E26207006ED854 /* AnalysisOptionsViewController.m */; };
		5DC0C88716E26B03006ED854 /* AnalysisSettings.m in Sources */ = {isa = PBXBuildFile; fileRef = 5DC0C88616E26B03006ED854 /* AnalysisSettings.m */; };
		5DC0C88916E27C0F006ED854 /* MessageUI.framework in Frameworks */ = {isa = PBXBuildFile; fileRef = 5DC0C88816E27C0F006ED854 /* MessageUI.framework */; };
		5DC2650416D8E5A8004D4BBA /* mmpi.female.adult.json in Resources */ = {isa = PBXBuildFile; fileRef = 5DC2650016D8E5A8004D4BBA /* mmpi.female.adult.json */; };
		5DC2650516D8E5A8004D4BBA /* mmpi.female.teen.json in Resources */ = {isa = PBXBuildFile; fileRef = 5DC2650116D8E5A8004D4BBA /* mmpi.female.teen.json */; };
		5DC2650616D8E5A8004D4BBA /* mmpi.male.adult.json in Resources */ = {isa = PBXBuildFile; fileRef = 5DC2650216D8E5A8004D4BBA /* mmpi.male.adult.json */; };
		5DC2650716D8E5A8004D4BBA /* mmpi.male.teen.json in Resources */ = {isa = PBXBuildFile; fileRef = 5DC2650316D8E5A8004D4BBA /* mmpi.male.teen.json */; };
		5DC2650B16D8EFCF004D4BBA /* AnalyzerBase5Group.m in Sources */ = {isa = PBXBuildFile; fileRef = 5DC2650A16D8EFCF004D4BBA /* AnalyzerBase5Group.m */; };
		5DC2650F16D92441004D4BBA /* AnalyzerPlainPercentGroup.m in Sources */ = {isa = PBXBuildFile; fileRef = 5DC2650E16D92441004D4BBA /* AnalyzerPlainPercentGroup.m */; };
		5DC3044D17ED83A300FCE5D5 /* SystemSoundManager.m in Sources */ = {isa = PBXBuildFile; fileRef = 5DC3044C17ED83A300FCE5D5 /* SystemSoundManager.m */; };
		5DC3044F17ED83EB00FCE5D5 /* AudioToolbox.framework in Frameworks */ = {isa = PBXBuildFile; fileRef = 5DC3044E17ED83EB00FCE5D5 /* AudioToolbox.framework */; };
		5DC40476168C2D62000AFBAE /* StatementTableViewCell.m in Sources */ = {isa = PBXBuildFile; fileRef = 5DC40475168C2D62000AFBAE /* StatementTableViewCell.m */; };
		5DC4ABEA169029AD00E835B7 /* mmpi.analysis.json in Resources */ = {isa = PBXBuildFile; fileRef = 5DC4ABE9169029AD00E835B7 /* mmpi.analysis.json */; };
		5DC4ABF716902E9900E835B7 /* AnalyzerGroupBase.m in Sources */ = {isa = PBXBuildFile; fileRef = 5DC4ABF616902E9900E835B7 /* AnalyzerGroupBase.m */; };
		5DC4ABFA16902F2C00E835B7 /* AnalysisViewController.m in Sources */ = {isa = PBXBuildFile; fileRef = 5DC4ABF916902F2C00E835B7 /* AnalysisViewController.m */; };
		5DC4ABFF16902FAF00E835B7 /* Analyzer.m in Sources */ = {isa = PBXBuildFile; fileRef = 5DC4ABFE16902FAF00E835B7 /* Analyzer.m */; };
		5DC4AC0516903EA400E835B7 /* AnalyzerTableViewCell.m in Sources */ = {isa = PBXBuildFile; fileRef = 5DC4AC0416903EA400E835B7 /* AnalyzerTableViewCell.m */; };
		5DC4AC091690448A00E835B7 /* AnalyzerFGroup.m in Sources */ = {isa = PBXBuildFile; fileRef = 5DC4AC081690448A00E835B7 /* AnalyzerFGroup.m */; };
		5DC4AC0D16905ACB00E835B7 /* AnalyzerFGroupFM.m in Sources */ = {isa = PBXBuildFile; fileRef = 5DC4AC0C16905ACB00E835B7 /* AnalyzerFGroupFM.m */; };
		5DC4AC111690626800E835B7 /* AnalyzerPGroup.m in Sources */ = {isa = PBXBuildFile; fileRef = 5DC4AC101690626800E835B7 /* AnalyzerPGroup.m */; };
		5DC973B3168F0CD200C496F0 /* JSONTestRecordStorageElement.m in Sources */ = {isa = PBXBuildFile; fileRef = 5DC973B2168F0CD200C496F0 /* JSONTestRecordStorageElement.m */; };
		5DC973C1168F214A00C496F0 /* JSONTestRecordsStorage.m in Sources */ = {isa = PBXBuildFile; fileRef = 5DC973C0168F214A00C496F0 /* JSONTestRecordsStorage.m */; };
		5DCC9645168DC13B004F8D4E /* UtilityFunctions.m in Sources */ = {isa = PBXBuildFile; fileRef = 5DCC9644168DC13B004F8D4E /* UtilityFunctions.m */; };
		5DCC9649168DC1D8004F8D4E /* JSONTestRecordSerialization.m in Sources */ = {isa = PBXBuildFile; fileRef = 5DCC9648168DC1D8004F8D4E /* JSONTestRecordSerialization.m */; };
		5DD3780518ACF81D009896FB /* button_tap1.wav in Resources */ = {isa = PBXBuildFile; fileRef = 5DD3780318ACF81D009896FB /* button_tap1.wav */; };
		5DD3780618ACF81D009896FB /* button_tap2.wav in Resources */ = {isa = PBXBuildFile; fileRef = 5DD3780418ACF81D009896FB /* button_tap2.wav */; };
		7C0F0261169C00B9006377B3 /* MMPISegueHandler.m in Sources */ = {isa = PBXBuildFile; fileRef = 7C0F0260169C00B9006377B3 /* MMPISegueHandler.m */; };
		7CAB67D318ACA98200C194B8 /* JSONTestRecordProxy.m in Sources */ = {isa = PBXBuildFile; fileRef = 7CAB67D218ACA98200C194B8 /* JSONTestRecordProxy.m */; };
/* End PBXBuildFile section */

/* Begin PBXContainerItemProxy section */
		4430C7941E160DDD0024C001 /* PBXContainerItemProxy */ = {
			isa = PBXContainerItemProxy;
			containerPortal = 5DA5C9D7163B018D00CF1601 /* Project object */;
			proxyType = 1;
			remoteGlobalIDString = 5DA5C9DF163B018D00CF1601;
			remoteInfo = iMMPI;
		};
/* End PBXContainerItemProxy section */

/* Begin PBXFileReference section */
		442CE1A51E234E05006C34A6 /* AbbreviatedNameFormatter.swift */ = {isa = PBXFileReference; fileEncoding = 4; lastKnownFileType = sourcecode.swift; path = AbbreviatedNameFormatter.swift; sourceTree = "<group>"; };
		442CE1A71E234E6E006C34A6 /* AbbreviatedNameFormatterTests.swift */ = {isa = PBXFileReference; fileEncoding = 4; lastKnownFileType = sourcecode.swift; path = AbbreviatedNameFormatterTests.swift; sourceTree = "<group>"; };
		442CE1A91E235156006C34A6 /* Strings.swift */ = {isa = PBXFileReference; fileEncoding = 4; lastKnownFileType = sourcecode.swift; path = Strings.swift; sourceTree = "<group>"; };
		442CE1AB1E235397006C34A6 /* TestRecord.swift */ = {isa = PBXFileReference; fileEncoding = 4; lastKnownFileType = sourcecode.swift; path = TestRecord.swift; sourceTree = "<group>"; };
		442CE1AD1E23551D006C34A6 /* TestRecordProtocol.swift */ = {isa = PBXFileReference; fileEncoding = 4; lastKnownFileType = sourcecode.swift; path = TestRecordProtocol.swift; sourceTree = "<group>"; };
		442CE1B21E2357AA006C34A6 /* EditTestRecordViewController.swift */ = {isa = PBXFileReference; fileEncoding = 4; lastKnownFileType = sourcecode.swift; path = EditTestRecordViewController.swift; sourceTree = "<group>"; };
		442CE1B41E235A1B006C34A6 /* DateFormatter+iMMPI.swift */ = {isa = PBXFileReference; fileEncoding = 4; lastKnownFileType = sourcecode.swift; path = "DateFormatter+iMMPI.swift"; sourceTree = "<group>"; };
		442CE1B61E235D12006C34A6 /* AgeGroup.swift */ = {isa = PBXFileReference; fileEncoding = 4; lastKnownFileType = sourcecode.swift; path = AgeGroup.swift; sourceTree = "<group>"; };
		442CE1B81E235D3D006C34A6 /* Gender.swift */ = {isa = PBXFileReference; fileEncoding = 4; lastKnownFileType = sourcecode.swift; path = Gender.swift; sourceTree = "<group>"; };
		442CE1BD1E2366F7006C34A6 /* TestAnswers.swift */ = {isa = PBXFileReference; fileEncoding = 4; lastKnownFileType = sourcecode.swift; path = TestAnswers.swift; sourceTree = "<group>"; };
		442CE1BF1E236915006C34A6 /* TestAnswersProtocol.swift */ = {isa = PBXFileReference; fileEncoding = 4; lastKnownFileType = sourcecode.swift; path = TestAnswersProtocol.swift; sourceTree = "<group>"; };
		442CE1C31E236EEC006C34A6 /* RecordsListViewController.swift */ = {isa = PBXFileReference; fileEncoding = 4; lastKnownFileType = sourcecode.swift; path = RecordsListViewController.swift; sourceTree = "<group>"; };
		442CE1CD1E23718C006C34A6 /* Grouping.swift */ = {isa = PBXFileReference; fileEncoding = 4; lastKnownFileType = sourcecode.swift; path = Grouping.swift; sourceTree = "<group>"; };
		442CE1D01E2378D7006C34A6 /* SectionSplittingTests.swift */ = {isa = PBXFileReference; fileEncoding = 4; lastKnownFileType = sourcecode.swift; path = SectionSplittingTests.swift; sourceTree = "<group>"; };
		442CE1D41E237AB5006C34A6 /* SectionDescriptor.swift */ = {isa = PBXFileReference; fileEncoding = 4; lastKnownFileType = sourcecode.swift; path = SectionDescriptor.swift; sourceTree = "<group>"; };
		442CE1D61E238257006C34A6 /* GroupingTests.swift */ = {isa = PBXFileReference; fileEncoding = 4; lastKnownFileType = sourcecode.swift; path = GroupingTests.swift; sourceTree = "<group>"; };
		442CE1D81E238379006C34A6 /* UtilityFunctions.swift */ = {isa = PBXFileReference; fileEncoding = 4; lastKnownFileType = sourcecode.swift; path = UtilityFunctions.swift; sourceTree = "<group>"; };
		442CE1DA1E238581006C34A6 /* UtilityFunctionsTests.swift */ = {isa = PBXFileReference; fileEncoding = 4; lastKnownFileType = sourcecode.swift; path = UtilityFunctionsTests.swift; sourceTree = "<group>"; };
		442CE1DC1E23862A006C34A6 /* Section.swift */ = {isa = PBXFileReference; fileEncoding = 4; lastKnownFileType = sourcecode.swift; path = Section.swift; sourceTree = "<group>"; };
		442CE1E21E238BBB006C34A6 /* TestRecordsGroup.swift */ = {isa = PBXFileReference; fileEncoding = 4; lastKnownFileType = sourcecode.swift; path = TestRecordsGroup.swift; sourceTree = "<group>"; };
		442CE1E41E238C75006C34A6 /* TestRecordsGroupTests.swift */ = {isa = PBXFileReference; fileEncoding = 4; lastKnownFileType = sourcecode.swift; path = TestRecordsGroupTests.swift; sourceTree = "<group>"; };
		442CE1EC1E23A265006C34A6 /* Grouping+Alphabetically.swift */ = {isa = PBXFileReference; fileEncoding = 4; lastKnownFileType = sourcecode.swift; path = "Grouping+Alphabetically.swift"; sourceTree = "<group>"; };
		442CE1EE1E23A3A7006C34A6 /* Grouping+TestRecord.swift */ = {isa = PBXFileReference; fileEncoding = 4; lastKnownFileType = sourcecode.swift; path = "Grouping+TestRecord.swift"; sourceTree = "<group>"; };
		442CE1F01E23A939006C34A6 /* AsyncProvider.swift */ = {isa = PBXFileReference; fileEncoding = 4; lastKnownFileType = sourcecode.swift; path = AsyncProvider.swift; sourceTree = "<group>"; };
		442CE1F41E23A957006C34A6 /* ListViewModel.swift */ = {isa = PBXFileReference; fileEncoding = 4; lastKnownFileType = sourcecode.swift; path = ListViewModel.swift; sourceTree = "<group>"; };
		4430C73C1E15F9FF0024C001 /* FRBAssertMacros.h */ = {isa = PBXFileReference; fileEncoding = 4; lastKnownFileType = sourcecode.c.h; name = FRBAssertMacros.h; path = Common/Meta/FRBAssertMacros.h; sourceTree = "<group>"; };
		4430C7741E15F9FF0024C001 /* FRBDatePickerPopover.h */ = {isa = PBXFileReference; fileEncoding = 4; lastKnownFileType = sourcecode.c.h; name = FRBDatePickerPopover.h; path = UIKit/Classes/FRBDatePickerPopover/FRBDatePickerPopover.h; sourceTree = "<group>"; };
		4430C7751E15F9FF0024C001 /* FRBDatePickerPopover.m */ = {isa = PBXFileReference; fileEncoding = 4; lastKnownFileType = sourcecode.c.objc; name = FRBDatePickerPopover.m; path = UIKit/Classes/FRBDatePickerPopover/FRBDatePickerPopover.m; sourceTree = "<group>"; };
		4430C7861E15FB950024C001 /* Media.xcassets */ = {isa = PBXFileReference; lastKnownFileType = folder.assetcatalog; path = Media.xcassets; sourceTree = "<group>"; };
		4430C7881E16038A0024C001 /* FRBKeyedTargetAction.h */ = {isa = PBXFileReference; fileEncoding = 4; lastKnownFileType = sourcecode.c.h; name = FRBKeyedTargetAction.h; path = Dispatch/FRBKeyedTargetAction.h; sourceTree = "<group>"; };
		4430C7891E16038A0024C001 /* FRBKeyedTargetAction.m */ = {isa = PBXFileReference; fileEncoding = 4; lastKnownFileType = sourcecode.c.objc; name = FRBKeyedTargetAction.m; path = Dispatch/FRBKeyedTargetAction.m; sourceTree = "<group>"; };
		4430C78F1E160DDC0024C001 /* iMMPITests.xctest */ = {isa = PBXFileReference; explicitFileType = wrapper.cfbundle; includeInIndex = 0; path = iMMPITests.xctest; sourceTree = BUILT_PRODUCTS_DIR; };
		4430C7911E160DDD0024C001 /* QuestionnaireTests.swift */ = {isa = PBXFileReference; lastKnownFileType = sourcecode.swift; path = QuestionnaireTests.swift; sourceTree = "<group>"; };
		4430C7931E160DDD0024C001 /* Info.plist */ = {isa = PBXFileReference; lastKnownFileType = text.plist.xml; path = Info.plist; sourceTree = "<group>"; };
		4430C7991E160F6E0024C001 /* iMMPI-Bridging-Header.h */ = {isa = PBXFileReference; lastKnownFileType = sourcecode.c.h; path = "iMMPI-Bridging-Header.h"; sourceTree = "<group>"; };
		4430C79D1E1617AE0024C001 /* StatementTests.swift */ = {isa = PBXFileReference; fileEncoding = 4; lastKnownFileType = sourcecode.swift; path = StatementTests.swift; sourceTree = "<group>"; };
		4430C7A11E1619000024C001 /* Statement.swift */ = {isa = PBXFileReference; fileEncoding = 4; lastKnownFileType = sourcecode.swift; path = Statement.swift; sourceTree = "<group>"; };
		4430C7A31E161A6B0024C001 /* StatementProtocol.swift */ = {isa = PBXFileReference; fileEncoding = 4; lastKnownFileType = sourcecode.swift; path = StatementProtocol.swift; sourceTree = "<group>"; };
		4430C7A51E161B430024C001 /* Questionnaire.swift */ = {isa = PBXFileReference; fileEncoding = 4; lastKnownFileType = sourcecode.swift; path = Questionnaire.swift; sourceTree = "<group>"; };
		4430C7A71E1623290024C001 /* QuestionnaireProtocol.swift */ = {isa = PBXFileReference; fileEncoding = 4; lastKnownFileType = sourcecode.swift; path = QuestionnaireProtocol.swift; sourceTree = "<group>"; };
		4430C7AC1E1636030024C001 /* questionnaire.error.jsonRootNotDictionary.json */ = {isa = PBXFileReference; fileEncoding = 4; lastKnownFileType = text.json; path = questionnaire.error.jsonRootNotDictionary.json; sourceTree = "<group>"; };
		4430C7AE1E1637580024C001 /* questionnaire.error.statementsNotFound.json */ = {isa = PBXFileReference; fileEncoding = 4; lastKnownFileType = text.json; path = questionnaire.error.statementsNotFound.json; sourceTree = "<group>"; };
		4430C7B01E1637640024C001 /* questionnaire.error.statementJsonNotDictionary.json */ = {isa = PBXFileReference; fileEncoding = 4; lastKnownFileType = text.json; path = questionnaire.error.statementJsonNotDictionary.json; sourceTree = "<group>"; };
		4430C7B21E1637720024C001 /* questionnaire.error.statementIdentifierNotFound.json */ = {isa = PBXFileReference; fileEncoding = 4; lastKnownFileType = text.json; path = questionnaire.error.statementIdentifierNotFound.json; sourceTree = "<group>"; };
		4430C7B41E16377F0024C001 /* questionnaire.error.statementTextNotFound.json */ = {isa = PBXFileReference; fileEncoding = 4; lastKnownFileType = text.json; path = questionnaire.error.statementTextNotFound.json; sourceTree = "<group>"; };
		4430C7B61E163F450024C001 /* PersonTests.swift */ = {isa = PBXFileReference; fileEncoding = 4; lastKnownFileType = sourcecode.swift; path = PersonTests.swift; sourceTree = "<group>"; };
		4430C7B81E16408A0024C001 /* Person.swift */ = {isa = PBXFileReference; fileEncoding = 4; lastKnownFileType = sourcecode.swift; path = Person.swift; sourceTree = "<group>"; };
		4430C7BA1E1670010024C001 /* PersonProtocol.swift */ = {isa = PBXFileReference; fileEncoding = 4; lastKnownFileType = sourcecode.swift; path = PersonProtocol.swift; sourceTree = "<group>"; };
		44673C0C1E23ADA0001758C0 /* AppDelegate.swift */ = {isa = PBXFileReference; fileEncoding = 4; lastKnownFileType = sourcecode.swift; path = AppDelegate.swift; sourceTree = "<group>"; };
		44673C101E23B017001758C0 /* TestRecordStorageProtocol.swift */ = {isa = PBXFileReference; fileEncoding = 4; lastKnownFileType = sourcecode.swift; path = TestRecordStorageProtocol.swift; sourceTree = "<group>"; };
		44673C121E23B9D7001758C0 /* RecordsListViewControllerStyle.swift */ = {isa = PBXFileReference; fileEncoding = 4; lastKnownFileType = sourcecode.swift; path = RecordsListViewControllerStyle.swift; sourceTree = "<group>"; };
		44673C181E23C1C0001758C0 /* SectionIndex.swift */ = {isa = PBXFileReference; fileEncoding = 4; lastKnownFileType = sourcecode.swift; path = SectionIndex.swift; sourceTree = "<group>"; };
		44673C1B1E23C9CA001758C0 /* Router.swift */ = {isa = PBXFileReference; fileEncoding = 4; lastKnownFileType = sourcecode.swift; path = Router.swift; sourceTree = "<group>"; };
		44673C1D1E23CA0E001758C0 /* MMPIRouter.swift */ = {isa = PBXFileReference; fileEncoding = 4; lastKnownFileType = sourcecode.swift; path = MMPIRouter.swift; sourceTree = "<group>"; };
		44673C211E249A8E001758C0 /* MMPIRouter+EditingDelegate.swift */ = {isa = PBXFileReference; fileEncoding = 4; lastKnownFileType = sourcecode.swift; path = "MMPIRouter+EditingDelegate.swift"; sourceTree = "<group>"; };
		44673C301E24C1F5001758C0 /* RecordsListViewControllerGrouping.swift */ = {isa = PBXFileReference; fileEncoding = 4; lastKnownFileType = sourcecode.swift; path = RecordsListViewControllerGrouping.swift; sourceTree = "<group>"; };
		44673C331E24CF9D001758C0 /* ViewControllersFactory.swift */ = {isa = PBXFileReference; fileEncoding = 4; lastKnownFileType = sourcecode.swift; path = ViewControllersFactory.swift; sourceTree = "<group>"; };
		44673C351E24CFBA001758C0 /* MMPIViewControllersFactory.swift */ = {isa = PBXFileReference; fileEncoding = 4; lastKnownFileType = sourcecode.swift; path = MMPIViewControllersFactory.swift; sourceTree = "<group>"; };
		44673C371E24D6FF001758C0 /* RoutedViewControllersFactory.swift */ = {isa = PBXFileReference; fileEncoding = 4; lastKnownFileType = sourcecode.swift; path = RoutedViewControllersFactory.swift; sourceTree = "<group>"; };
		5D5E05A21646452F00A5A704 /* libxml2.dylib */ = {isa = PBXFileReference; lastKnownFileType = "compiled.mach-o.dylib"; name = libxml2.dylib; path = usr/lib/libxml2.dylib; sourceTree = SDKROOT; };
		5D5E05BE1646521700A5A704 /* Model.h */ = {isa = PBXFileReference; lastKnownFileType = sourcecode.c.h; path = Model.h; sourceTree = "<group>"; };
		5D74048816FEAC3B001747A1 /* AnalysisHTMLReportGenerator.h */ = {isa = PBXFileReference; fileEncoding = 4; lastKnownFileType = sourcecode.c.h; path = AnalysisHTMLReportGenerator.h; sourceTree = "<group>"; };
		5D74048916FEAC3B001747A1 /* AnalysisHTMLReportGenerator.m */ = {isa = PBXFileReference; fileEncoding = 4; lastKnownFileType = sourcecode.c.objc; path = AnalysisHTMLReportGenerator.m; sourceTree = "<group>"; };
		5D74048C16FEB8DB001747A1 /* AnalyzerGroupDetailedInfoViewController.h */ = {isa = PBXFileReference; fileEncoding = 4; lastKnownFileType = sourcecode.c.h; path = AnalyzerGroupDetailedInfoViewController.h; sourceTree = "<group>"; };
		5D74048D16FEB8DB001747A1 /* AnalyzerGroupDetailedInfoViewController.m */ = {isa = PBXFileReference; fileEncoding = 4; lastKnownFileType = sourcecode.c.objc; path = AnalyzerGroupDetailedInfoViewController.m; sourceTree = "<group>"; };
		5D74048F16FEB9BB001747A1 /* SegueSourceAnalyzerGroupDetailedInfo.h */ = {isa = PBXFileReference; lastKnownFileType = sourcecode.c.h; path = SegueSourceAnalyzerGroupDetailedInfo.h; sourceTree = "<group>"; };
		5D74049016FEB9E6001747A1 /* SegueDestinationAnalyzerGroupDetailedInfo.h */ = {isa = PBXFileReference; lastKnownFileType = sourcecode.c.h; path = SegueDestinationAnalyzerGroupDetailedInfo.h; sourceTree = "<group>"; };
		5D74049216FEC107001747A1 /* LabelCollectionViewCell.h */ = {isa = PBXFileReference; fileEncoding = 4; lastKnownFileType = sourcecode.c.h; path = LabelCollectionViewCell.h; sourceTree = "<group>"; };
		5D74049316FEC107001747A1 /* LabelCollectionViewCell.m */ = {isa = PBXFileReference; fileEncoding = 4; lastKnownFileType = sourcecode.c.objc; path = LabelCollectionViewCell.m; sourceTree = "<group>"; };
		5D74049616FEC40F001747A1 /* LabelCollectionViewHeader.h */ = {isa = PBXFileReference; fileEncoding = 4; lastKnownFileType = sourcecode.c.h; path = LabelCollectionViewHeader.h; sourceTree = "<group>"; };
		5D74049716FEC40F001747A1 /* LabelCollectionViewHeader.m */ = {isa = PBXFileReference; fileEncoding = 4; lastKnownFileType = sourcecode.c.objc; path = LabelCollectionViewHeader.m; sourceTree = "<group>"; };
		5D74049A16FEC7CE001747A1 /* WebCollectionViewFooter.h */ = {isa = PBXFileReference; fileEncoding = 4; lastKnownFileType = sourcecode.c.h; path = WebCollectionViewFooter.h; sourceTree = "<group>"; };
		5D74049B16FEC7CE001747A1 /* WebCollectionViewFooter.m */ = {isa = PBXFileReference; fileEncoding = 4; lastKnownFileType = sourcecode.c.objc; path = WebCollectionViewFooter.m; sourceTree = "<group>"; };
		5D74CEFF169B08D500BAA202 /* StoryboardManagedViewController.h */ = {isa = PBXFileReference; fileEncoding = 4; lastKnownFileType = sourcecode.c.h; path = StoryboardManagedViewController.h; sourceTree = "<group>"; };
		5D74CF00169B08D500BAA202 /* StoryboardManagedViewController.m */ = {isa = PBXFileReference; fileEncoding = 4; lastKnownFileType = sourcecode.c.objc; path = StoryboardManagedViewController.m; sourceTree = "<group>"; };
		5D74CF02169B08E600BAA202 /* StoryboardManagedTableViewController.h */ = {isa = PBXFileReference; fileEncoding = 4; lastKnownFileType = sourcecode.c.h; path = StoryboardManagedTableViewController.h; sourceTree = "<group>"; };
		5D74CF03169B08E600BAA202 /* StoryboardManagedTableViewController.m */ = {isa = PBXFileReference; fileEncoding = 4; lastKnownFileType = sourcecode.c.objc; path = StoryboardManagedTableViewController.m; sourceTree = "<group>"; };
		5D74CF05169B094B00BAA202 /* Storyboard.h */ = {isa = PBXFileReference; lastKnownFileType = sourcecode.c.h; path = Storyboard.h; sourceTree = "<group>"; };
		5D74CF07169B097B00BAA202 /* SegueHandler.h */ = {isa = PBXFileReference; lastKnownFileType = sourcecode.c.h; path = SegueHandler.h; sourceTree = "<group>"; };
		5D81F9491841BD97008E3B0A /* AVFoundation.framework */ = {isa = PBXFileReference; lastKnownFileType = wrapper.framework; name = AVFoundation.framework; path = System/Library/Frameworks/AVFoundation.framework; sourceTree = SDKROOT; };
		5D85558316906A9C004E3021 /* AnalyzerKGroup.h */ = {isa = PBXFileReference; fileEncoding = 4; lastKnownFileType = sourcecode.c.h; path = AnalyzerKGroup.h; sourceTree = "<group>"; };
		5D85558416906A9C004E3021 /* AnalyzerKGroup.m */ = {isa = PBXFileReference; fileEncoding = 4; lastKnownFileType = sourcecode.c.objc; path = AnalyzerKGroup.m; sourceTree = "<group>"; };
		5D85558716906E98004E3021 /* AnalyzerIGroupT1.h */ = {isa = PBXFileReference; fileEncoding = 4; lastKnownFileType = sourcecode.c.h; path = AnalyzerIGroupT1.h; sourceTree = "<group>"; };
		5D85558816906E98004E3021 /* AnalyzerIGroupT1.m */ = {isa = PBXFileReference; fileEncoding = 4; lastKnownFileType = sourcecode.c.objc; path = AnalyzerIGroupT1.m; sourceTree = "<group>"; };
		5D85558B16907158004E3021 /* AnalyzerIGroup99.h */ = {isa = PBXFileReference; fileEncoding = 4; lastKnownFileType = sourcecode.c.h; path = AnalyzerIGroup99.h; sourceTree = "<group>"; };
		5D85558C16907158004E3021 /* AnalyzerIGroup99.m */ = {isa = PBXFileReference; fileEncoding = 4; lastKnownFileType = sourcecode.c.objc; lineEnding = 0; path = AnalyzerIGroup99.m; sourceTree = "<group>"; xcLanguageSpecificationIdentifier = xcode.lang.objc; };
		5D85558F169074D0004E3021 /* AnalyzerIGroupM.h */ = {isa = PBXFileReference; fileEncoding = 4; lastKnownFileType = sourcecode.c.h; path = AnalyzerIGroupM.h; sourceTree = "<group>"; };
		5D855590169074D0004E3021 /* AnalyzerIGroupM.m */ = {isa = PBXFileReference; fileEncoding = 4; lastKnownFileType = sourcecode.c.objc; path = AnalyzerIGroupM.m; sourceTree = "<group>"; };
		5D855593169076A4004E3021 /* AnalyzerIGroupX.h */ = {isa = PBXFileReference; fileEncoding = 4; lastKnownFileType = sourcecode.c.h; path = AnalyzerIGroupX.h; sourceTree = "<group>"; };
		5D855594169076A4004E3021 /* AnalyzerIGroupX.m */ = {isa = PBXFileReference; fileEncoding = 4; lastKnownFileType = sourcecode.c.objc; path = AnalyzerIGroupX.m; sourceTree = "<group>"; };
		5DA5C9E0163B018D00CF1601 /* iMMPI.app */ = {isa = PBXFileReference; explicitFileType = wrapper.application; includeInIndex = 0; path = iMMPI.app; sourceTree = BUILT_PRODUCTS_DIR; };
		5DA5C9E4163B018D00CF1601 /* UIKit.framework */ = {isa = PBXFileReference; lastKnownFileType = wrapper.framework; name = UIKit.framework; path = System/Library/Frameworks/UIKit.framework; sourceTree = SDKROOT; };
		5DA5C9E6163B018D00CF1601 /* Foundation.framework */ = {isa = PBXFileReference; lastKnownFileType = wrapper.framework; name = Foundation.framework; path = System/Library/Frameworks/Foundation.framework; sourceTree = SDKROOT; };
		5DA5C9E8163B018D00CF1601 /* CoreGraphics.framework */ = {isa = PBXFileReference; lastKnownFileType = wrapper.framework; name = CoreGraphics.framework; path = System/Library/Frameworks/CoreGraphics.framework; sourceTree = SDKROOT; };
		5DA5C9EC163B018D00CF1601 /* iMMPI-Info.plist */ = {isa = PBXFileReference; lastKnownFileType = text.plist.xml; path = "iMMPI-Info.plist"; sourceTree = "<group>"; };
		5DA5C9EE163B018D00CF1601 /* en */ = {isa = PBXFileReference; lastKnownFileType = text.plist.strings; name = en; path = en.lproj/InfoPlist.strings; sourceTree = "<group>"; };
		5DA5C9F0163B018D00CF1601 /* main.m */ = {isa = PBXFileReference; lastKnownFileType = sourcecode.c.objc; path = main.m; sourceTree = "<group>"; };
		5DA5C9F2163B018D00CF1601 /* iMMPI-Prefix.pch */ = {isa = PBXFileReference; lastKnownFileType = sourcecode.c.h; path = "iMMPI-Prefix.pch"; sourceTree = "<group>"; };
		5DA5C9FD163B018D00CF1601 /* en */ = {isa = PBXFileReference; lastKnownFileType = file.storyboard; name = en; path = en.lproj/MainStoryboard.storyboard; sourceTree = "<group>"; };
		5DA5CA14163B080B00CF1601 /* TestAnswersViewController.h */ = {isa = PBXFileReference; fileEncoding = 4; lastKnownFileType = sourcecode.c.h; path = TestAnswersViewController.h; sourceTree = "<group>"; };
		5DA5CA15163B080B00CF1601 /* TestAnswersViewController.m */ = {isa = PBXFileReference; fileEncoding = 4; lastKnownFileType = sourcecode.c.objc; path = TestAnswersViewController.m; sourceTree = "<group>"; };
		5DBD5657169714EE00728BB4 /* TestAnswersInputViewController.h */ = {isa = PBXFileReference; fileEncoding = 4; lastKnownFileType = sourcecode.c.h; path = TestAnswersInputViewController.h; sourceTree = "<group>"; };
		5DBD5658169714EE00728BB4 /* TestAnswersInputViewController.m */ = {isa = PBXFileReference; fileEncoding = 4; lastKnownFileType = sourcecode.c.objc; path = TestAnswersInputViewController.m; sourceTree = "<group>"; };
		5DBD568B1697274700728BB4 /* TestAnswersTableViewControllerBase.h */ = {isa = PBXFileReference; fileEncoding = 4; lastKnownFileType = sourcecode.c.h; path = TestAnswersTableViewControllerBase.h; sourceTree = "<group>"; };
		5DBD568C1697274700728BB4 /* TestAnswersTableViewControllerBase.m */ = {isa = PBXFileReference; fileEncoding = 4; lastKnownFileType = sourcecode.c.objc; path = TestAnswersTableViewControllerBase.m; sourceTree = "<group>"; };
		5DBE6BD0169C3C05005F5E1B /* SegueSourceAnalyzeRecord.h */ = {isa = PBXFileReference; lastKnownFileType = sourcecode.c.h; path = SegueSourceAnalyzeRecord.h; sourceTree = "<group>"; };
		5DBE6BD2169C3C14005F5E1B /* SegueDestinationAnalyzeRecord.h */ = {isa = PBXFileReference; lastKnownFileType = sourcecode.c.h; path = SegueDestinationAnalyzeRecord.h; sourceTree = "<group>"; };
		5DC076D91648123A00897C17 /* AddressBookUI.framework */ = {isa = PBXFileReference; lastKnownFileType = wrapper.framework; name = AddressBookUI.framework; path = System/Library/Frameworks/AddressBookUI.framework; sourceTree = SDKROOT; };
		5DC076DC1648124100897C17 /* AddressBook.framework */ = {isa = PBXFileReference; lastKnownFileType = wrapper.framework; name = AddressBook.framework; path = System/Library/Frameworks/AddressBook.framework; sourceTree = SDKROOT; };
		5DC0B2C4168CDB790035A910 /* Strings.h */ = {isa = PBXFileReference; lastKnownFileType = sourcecode.c.h; path = Strings.h; sourceTree = "<group>"; };
		5DC0C87D16E26207006ED854 /* AnalysisOptionsViewController.h */ = {isa = PBXFileReference; fileEncoding = 4; lastKnownFileType = sourcecode.c.h; path = AnalysisOptionsViewController.h; sourceTree = "<group>"; };
		5DC0C87E16E26207006ED854 /* AnalysisOptionsViewController.m */ = {isa = PBXFileReference; fileEncoding = 4; lastKnownFileType = sourcecode.c.objc; path = AnalysisOptionsViewController.m; sourceTree = "<group>"; };
		5DC0C88516E26B03006ED854 /* AnalysisSettings.h */ = {isa = PBXFileReference; fileEncoding = 4; lastKnownFileType = sourcecode.c.h; path = AnalysisSettings.h; sourceTree = "<group>"; };
		5DC0C88616E26B03006ED854 /* AnalysisSettings.m */ = {isa = PBXFileReference; fileEncoding = 4; lastKnownFileType = sourcecode.c.objc; path = AnalysisSettings.m; sourceTree = "<group>"; };
		5DC0C88816E27C0F006ED854 /* MessageUI.framework */ = {isa = PBXFileReference; lastKnownFileType = wrapper.framework; name = MessageUI.framework; path = System/Library/Frameworks/MessageUI.framework; sourceTree = SDKROOT; };
		5DC2650016D8E5A8004D4BBA /* mmpi.female.adult.json */ = {isa = PBXFileReference; fileEncoding = 4; lastKnownFileType = text.json; path = mmpi.female.adult.json; sourceTree = "<group>"; };
		5DC2650116D8E5A8004D4BBA /* mmpi.female.teen.json */ = {isa = PBXFileReference; fileEncoding = 4; lastKnownFileType = text.json; path = mmpi.female.teen.json; sourceTree = "<group>"; };
		5DC2650216D8E5A8004D4BBA /* mmpi.male.adult.json */ = {isa = PBXFileReference; fileEncoding = 4; lastKnownFileType = text.json; path = mmpi.male.adult.json; sourceTree = "<group>"; };
		5DC2650316D8E5A8004D4BBA /* mmpi.male.teen.json */ = {isa = PBXFileReference; fileEncoding = 4; lastKnownFileType = text.json; path = mmpi.male.teen.json; sourceTree = "<group>"; };
		5DC2650916D8EFCF004D4BBA /* AnalyzerBase5Group.h */ = {isa = PBXFileReference; fileEncoding = 4; lastKnownFileType = sourcecode.c.h; path = AnalyzerBase5Group.h; sourceTree = "<group>"; };
		5DC2650A16D8EFCF004D4BBA /* AnalyzerBase5Group.m */ = {isa = PBXFileReference; fileEncoding = 4; lastKnownFileType = sourcecode.c.objc; path = AnalyzerBase5Group.m; sourceTree = "<group>"; };
		5DC2650D16D92441004D4BBA /* AnalyzerPlainPercentGroup.h */ = {isa = PBXFileReference; fileEncoding = 4; lastKnownFileType = sourcecode.c.h; path = AnalyzerPlainPercentGroup.h; sourceTree = "<group>"; };
		5DC2650E16D92441004D4BBA /* AnalyzerPlainPercentGroup.m */ = {isa = PBXFileReference; fileEncoding = 4; lastKnownFileType = sourcecode.c.objc; path = AnalyzerPlainPercentGroup.m; sourceTree = "<group>"; };
		5DC3044B17ED83A300FCE5D5 /* SystemSoundManager.h */ = {isa = PBXFileReference; fileEncoding = 4; lastKnownFileType = sourcecode.c.h; path = SystemSoundManager.h; sourceTree = "<group>"; };
		5DC3044C17ED83A300FCE5D5 /* SystemSoundManager.m */ = {isa = PBXFileReference; fileEncoding = 4; lastKnownFileType = sourcecode.c.objc; path = SystemSoundManager.m; sourceTree = "<group>"; };
		5DC3044E17ED83EB00FCE5D5 /* AudioToolbox.framework */ = {isa = PBXFileReference; lastKnownFileType = wrapper.framework; name = AudioToolbox.framework; path = System/Library/Frameworks/AudioToolbox.framework; sourceTree = SDKROOT; };
		5DC40474168C2D62000AFBAE /* StatementTableViewCell.h */ = {isa = PBXFileReference; fileEncoding = 4; lastKnownFileType = sourcecode.c.h; path = StatementTableViewCell.h; sourceTree = "<group>"; };
		5DC40475168C2D62000AFBAE /* StatementTableViewCell.m */ = {isa = PBXFileReference; fileEncoding = 4; lastKnownFileType = sourcecode.c.objc; path = StatementTableViewCell.m; sourceTree = "<group>"; };
		5DC4ABE9169029AD00E835B7 /* mmpi.analysis.json */ = {isa = PBXFileReference; fileEncoding = 4; lastKnownFileType = text.json; path = mmpi.analysis.json; sourceTree = "<group>"; };
		5DC4ABF216902E5200E835B7 /* AnalyzerGroup.h */ = {isa = PBXFileReference; lastKnownFileType = sourcecode.c.h; path = AnalyzerGroup.h; sourceTree = "<group>"; };
		5DC4ABF516902E9900E835B7 /* AnalyzerGroupBase.h */ = {isa = PBXFileReference; fileEncoding = 4; lastKnownFileType = sourcecode.c.h; path = AnalyzerGroupBase.h; sourceTree = "<group>"; };
		5DC4ABF616902E9900E835B7 /* AnalyzerGroupBase.m */ = {isa = PBXFileReference; fileEncoding = 4; lastKnownFileType = sourcecode.c.objc; path = AnalyzerGroupBase.m; sourceTree = "<group>"; };
		5DC4ABF816902F2C00E835B7 /* AnalysisViewController.h */ = {isa = PBXFileReference; fileEncoding = 4; lastKnownFileType = sourcecode.c.h; path = AnalysisViewController.h; sourceTree = "<group>"; };
		5DC4ABF916902F2C00E835B7 /* AnalysisViewController.m */ = {isa = PBXFileReference; fileEncoding = 4; lastKnownFileType = sourcecode.c.objc; path = AnalysisViewController.m; sourceTree = "<group>"; };
		5DC4ABFD16902FAF00E835B7 /* Analyzer.h */ = {isa = PBXFileReference; fileEncoding = 4; lastKnownFileType = sourcecode.c.h; path = Analyzer.h; sourceTree = "<group>"; };
		5DC4ABFE16902FAF00E835B7 /* Analyzer.m */ = {isa = PBXFileReference; fileEncoding = 4; lastKnownFileType = sourcecode.c.objc; path = Analyzer.m; sourceTree = "<group>"; };
		5DC4AC0316903EA400E835B7 /* AnalyzerTableViewCell.h */ = {isa = PBXFileReference; fileEncoding = 4; lastKnownFileType = sourcecode.c.h; path = AnalyzerTableViewCell.h; sourceTree = "<group>"; };
		5DC4AC0416903EA400E835B7 /* AnalyzerTableViewCell.m */ = {isa = PBXFileReference; fileEncoding = 4; lastKnownFileType = sourcecode.c.objc; path = AnalyzerTableViewCell.m; sourceTree = "<group>"; };
		5DC4AC071690448A00E835B7 /* AnalyzerFGroup.h */ = {isa = PBXFileReference; fileEncoding = 4; lastKnownFileType = sourcecode.c.h; path = AnalyzerFGroup.h; sourceTree = "<group>"; };
		5DC4AC081690448A00E835B7 /* AnalyzerFGroup.m */ = {isa = PBXFileReference; fileEncoding = 4; lastKnownFileType = sourcecode.c.objc; path = AnalyzerFGroup.m; sourceTree = "<group>"; };
		5DC4AC0B16905ACB00E835B7 /* AnalyzerFGroupFM.h */ = {isa = PBXFileReference; fileEncoding = 4; lastKnownFileType = sourcecode.c.h; path = AnalyzerFGroupFM.h; sourceTree = "<group>"; };
		5DC4AC0C16905ACB00E835B7 /* AnalyzerFGroupFM.m */ = {isa = PBXFileReference; fileEncoding = 4; lastKnownFileType = sourcecode.c.objc; path = AnalyzerFGroupFM.m; sourceTree = "<group>"; };
		5DC4AC0F1690626800E835B7 /* AnalyzerPGroup.h */ = {isa = PBXFileReference; fileEncoding = 4; lastKnownFileType = sourcecode.c.h; path = AnalyzerPGroup.h; sourceTree = "<group>"; };
		5DC4AC101690626800E835B7 /* AnalyzerPGroup.m */ = {isa = PBXFileReference; fileEncoding = 4; lastKnownFileType = sourcecode.c.objc; path = AnalyzerPGroup.m; sourceTree = "<group>"; };
		5DC4AC121690672F00E835B7 /* AnalyzerProtocol.h */ = {isa = PBXFileReference; lastKnownFileType = sourcecode.c.h; path = AnalyzerProtocol.h; sourceTree = "<group>"; };
		5DC973B1168F0CD200C496F0 /* JSONTestRecordStorageElement.h */ = {isa = PBXFileReference; fileEncoding = 4; lastKnownFileType = sourcecode.c.h; path = JSONTestRecordStorageElement.h; sourceTree = "<group>"; };
		5DC973B2168F0CD200C496F0 /* JSONTestRecordStorageElement.m */ = {isa = PBXFileReference; fileEncoding = 4; lastKnownFileType = sourcecode.c.objc; path = JSONTestRecordStorageElement.m; sourceTree = "<group>"; };
		5DC973BE168F20DD00C496F0 /* TestRecordStorageProtocol.h */ = {isa = PBXFileReference; lastKnownFileType = sourcecode.c.h; path = TestRecordStorageProtocol.h; sourceTree = "<group>"; };
		5DC973BF168F214A00C496F0 /* JSONTestRecordsStorage.h */ = {isa = PBXFileReference; fileEncoding = 4; lastKnownFileType = sourcecode.c.h; path = JSONTestRecordsStorage.h; sourceTree = "<group>"; };
		5DC973C0168F214A00C496F0 /* JSONTestRecordsStorage.m */ = {isa = PBXFileReference; fileEncoding = 4; lastKnownFileType = sourcecode.c.objc; path = JSONTestRecordsStorage.m; sourceTree = "<group>"; };
		5DCC9643168DC13B004F8D4E /* UtilityFunctions.h */ = {isa = PBXFileReference; fileEncoding = 4; lastKnownFileType = sourcecode.c.h; path = UtilityFunctions.h; sourceTree = "<group>"; };
		5DCC9644168DC13B004F8D4E /* UtilityFunctions.m */ = {isa = PBXFileReference; fileEncoding = 4; lastKnownFileType = sourcecode.c.objc; path = UtilityFunctions.m; sourceTree = "<group>"; };
		5DCC9647168DC1D8004F8D4E /* JSONTestRecordSerialization.h */ = {isa = PBXFileReference; fileEncoding = 4; lastKnownFileType = sourcecode.c.h; path = JSONTestRecordSerialization.h; sourceTree = "<group>"; };
		5DCC9648168DC1D8004F8D4E /* JSONTestRecordSerialization.m */ = {isa = PBXFileReference; fileEncoding = 4; lastKnownFileType = sourcecode.c.objc; path = JSONTestRecordSerialization.m; sourceTree = "<group>"; };
		5DD3780318ACF81D009896FB /* button_tap1.wav */ = {isa = PBXFileReference; lastKnownFileType = audio.wav; path = button_tap1.wav; sourceTree = "<group>"; };
		5DD3780418ACF81D009896FB /* button_tap2.wav */ = {isa = PBXFileReference; lastKnownFileType = audio.wav; path = button_tap2.wav; sourceTree = "<group>"; };
		7C0F025C169BFF5D006377B3 /* StoryboardManagedViewControllerProtocol.h */ = {isa = PBXFileReference; lastKnownFileType = sourcecode.c.h; path = StoryboardManagedViewControllerProtocol.h; sourceTree = "<group>"; };
		7C0F025F169C00B9006377B3 /* MMPISegueHandler.h */ = {isa = PBXFileReference; fileEncoding = 4; lastKnownFileType = sourcecode.c.h; path = MMPISegueHandler.h; sourceTree = "<group>"; };
		7C0F0260169C00B9006377B3 /* MMPISegueHandler.m */ = {isa = PBXFileReference; fileEncoding = 4; lastKnownFileType = sourcecode.c.objc; path = MMPISegueHandler.m; sourceTree = "<group>"; };
		7C0F0265169C02E4006377B3 /* SegueSourceEditAnswers.h */ = {isa = PBXFileReference; lastKnownFileType = sourcecode.c.h; path = SegueSourceEditAnswers.h; sourceTree = "<group>"; };
		7C0F0266169C02F0006377B3 /* SegueDestinationEditAnswers.h */ = {isa = PBXFileReference; lastKnownFileType = sourcecode.c.h; path = SegueDestinationEditAnswers.h; sourceTree = "<group>"; };
		7C0F0267169C08B3006377B3 /* SegueSourceEditRecord.h */ = {isa = PBXFileReference; lastKnownFileType = sourcecode.c.h; path = SegueSourceEditRecord.h; sourceTree = "<group>"; };
		7C0F0268169C08C7006377B3 /* SegueDestinationEditRecord.h */ = {isa = PBXFileReference; lastKnownFileType = sourcecode.c.h; path = SegueDestinationEditRecord.h; sourceTree = "<group>"; };
		7CAB67D118ACA98200C194B8 /* JSONTestRecordProxy.h */ = {isa = PBXFileReference; fileEncoding = 4; lastKnownFileType = sourcecode.c.h; path = JSONTestRecordProxy.h; sourceTree = "<group>"; };
		7CAB67D218ACA98200C194B8 /* JSONTestRecordProxy.m */ = {isa = PBXFileReference; fileEncoding = 4; lastKnownFileType = sourcecode.c.objc; path = JSONTestRecordProxy.m; sourceTree = "<group>"; };
/* End PBXFileReference section */

/* Begin PBXFrameworksBuildPhase section */
		4430C78C1E160DDC0024C001 /* Frameworks */ = {
			isa = PBXFrameworksBuildPhase;
			buildActionMask = 2147483647;
			files = (
			);
			runOnlyForDeploymentPostprocessing = 0;
		};
		5DA5C9DD163B018D00CF1601 /* Frameworks */ = {
			isa = PBXFrameworksBuildPhase;
			buildActionMask = 2147483647;
			files = (
				5D81F94A1841BD97008E3B0A /* AVFoundation.framework in Frameworks */,
				5DC3044F17ED83EB00FCE5D5 /* AudioToolbox.framework in Frameworks */,
				5DC0C88916E27C0F006ED854 /* MessageUI.framework in Frameworks */,
				5DC076DD1648124100897C17 /* AddressBook.framework in Frameworks */,
				5DC076DA1648123A00897C17 /* AddressBookUI.framework in Frameworks */,
				5D5E05A31646452F00A5A704 /* libxml2.dylib in Frameworks */,
				5DA5C9E5163B018D00CF1601 /* UIKit.framework in Frameworks */,
				5DA5C9E7163B018D00CF1601 /* Foundation.framework in Frameworks */,
				5DA5C9E9163B018D00CF1601 /* CoreGraphics.framework in Frameworks */,
			);
			runOnlyForDeploymentPostprocessing = 0;
		};
/* End PBXFrameworksBuildPhase section */

/* Begin PBXGroup section */
		442CE1A41E234DCE006C34A6 /* Formatters */ = {
			isa = PBXGroup;
			children = (
				442CE1A51E234E05006C34A6 /* AbbreviatedNameFormatter.swift */,
				442CE1B41E235A1B006C34A6 /* DateFormatter+iMMPI.swift */,
			);
			name = Formatters;
			sourceTree = "<group>";
		};
		442CE1CC1E23714A006C34A6 /* Table View Models */ = {
			isa = PBXGroup;
			children = (
				442CE1CD1E23718C006C34A6 /* Grouping.swift */,
				442CE1EC1E23A265006C34A6 /* Grouping+Alphabetically.swift */,
				442CE1EE1E23A3A7006C34A6 /* Grouping+TestRecord.swift */,
				442CE1DC1E23862A006C34A6 /* Section.swift */,
				442CE1D41E237AB5006C34A6 /* SectionDescriptor.swift */,
				44673C181E23C1C0001758C0 /* SectionIndex.swift */,
			);
			name = "Table View Models";
			sourceTree = "<group>";
		};
		442CE1CF1E2378CA006C34A6 /* Grouping */ = {
			isa = PBXGroup;
			children = (
				442CE1D61E238257006C34A6 /* GroupingTests.swift */,
				442CE1D01E2378D7006C34A6 /* SectionSplittingTests.swift */,
			);
			name = Grouping;
			sourceTree = "<group>";
		};
		4430C7381E15F9FF0024C001 /* Frostbit */ = {
			isa = PBXGroup;
			children = (
				4430C73C1E15F9FF0024C001 /* FRBAssertMacros.h */,
				4430C7881E16038A0024C001 /* FRBKeyedTargetAction.h */,
				4430C7891E16038A0024C001 /* FRBKeyedTargetAction.m */,
				4430C7741E15F9FF0024C001 /* FRBDatePickerPopover.h */,
				4430C7751E15F9FF0024C001 /* FRBDatePickerPopover.m */,
			);
			path = Frostbit;
			sourceTree = "<group>";
		};
		4430C7851E15FA170024C001 /* Resources */ = {
			isa = PBXGroup;
			children = (
				5DD3780318ACF81D009896FB /* button_tap1.wav */,
				5DD3780418ACF81D009896FB /* button_tap2.wav */,
			);
			name = Resources;
			sourceTree = "<group>";
		};
		4430C7901E160DDD0024C001 /* iMMPITests */ = {
			isa = PBXGroup;
			children = (
				442CE1CF1E2378CA006C34A6 /* Grouping */,
				4430C7AB1E1635EF0024C001 /* Questionnaire */,
				442CE1A71E234E6E006C34A6 /* AbbreviatedNameFormatterTests.swift */,
				4430C79D1E1617AE0024C001 /* StatementTests.swift */,
				4430C7B61E163F450024C001 /* PersonTests.swift */,
				442CE1E41E238C75006C34A6 /* TestRecordsGroupTests.swift */,
				442CE1DA1E238581006C34A6 /* UtilityFunctionsTests.swift */,
				4430C7931E160DDD0024C001 /* Info.plist */,
			);
			path = iMMPITests;
			sourceTree = "<group>";
		};
		4430C7AB1E1635EF0024C001 /* Questionnaire */ = {
			isa = PBXGroup;
			children = (
				4430C7AC1E1636030024C001 /* questionnaire.error.jsonRootNotDictionary.json */,
				4430C7AE1E1637580024C001 /* questionnaire.error.statementsNotFound.json */,
				4430C7B01E1637640024C001 /* questionnaire.error.statementJsonNotDictionary.json */,
				4430C7B21E1637720024C001 /* questionnaire.error.statementIdentifierNotFound.json */,
				4430C7B41E16377F0024C001 /* questionnaire.error.statementTextNotFound.json */,
				4430C7911E160DDD0024C001 /* QuestionnaireTests.swift */,
			);
			name = Questionnaire;
			sourceTree = "<group>";
		};
		44673C1A1E23C9BD001758C0 /* Router */ = {
			isa = PBXGroup;
			children = (
				44673C321E24CF91001758C0 /* View Controllers Factory */,
				44673C1B1E23C9CA001758C0 /* Router.swift */,
				44673C1D1E23CA0E001758C0 /* MMPIRouter.swift */,
				44673C211E249A8E001758C0 /* MMPIRouter+EditingDelegate.swift */,
			);
			name = Router;
			sourceTree = "<group>";
		};
		44673C321E24CF91001758C0 /* View Controllers Factory */ = {
			isa = PBXGroup;
			children = (
				44673C331E24CF9D001758C0 /* ViewControllersFactory.swift */,
				44673C351E24CFBA001758C0 /* MMPIViewControllersFactory.swift */,
				44673C371E24D6FF001758C0 /* RoutedViewControllersFactory.swift */,
			);
			name = "View Controllers Factory";
			sourceTree = "<group>";
		};
		5D5E05B9164651A800A5A704 /* Model */ = {
			isa = PBXGroup;
			children = (
				5D5E05BE1646521700A5A704 /* Model.h */,
				5DC40483168C446C000AFBAE /* Protocols */,
				5DC973BC168F20C200C496F0 /* JSON Test Records Storage */,
				5DC0C88416E26AE6006ED854 /* Analysis Settings */,
				5DC973AB168F082200C496F0 /* Data Model Objects */,
				442CE1CC1E23714A006C34A6 /* Table View Models */,
				442CE1B61E235D12006C34A6 /* AgeGroup.swift */,
				442CE1B81E235D3D006C34A6 /* Gender.swift */,
			);
			name = Model;
			sourceTree = "<group>";
		};
		5D5E05BA164651AE00A5A704 /* Questionnaire */ = {
			isa = PBXGroup;
			children = (
				4430C7A51E161B430024C001 /* Questionnaire.swift */,
				4430C7A11E1619000024C001 /* Statement.swift */,
			);
			name = Questionnaire;
			sourceTree = "<group>";
		};
		5D74048716FEAC1F001747A1 /* Analysis HTML Report Generator */ = {
			isa = PBXGroup;
			children = (
				5D74048816FEAC3B001747A1 /* AnalysisHTMLReportGenerator.h */,
				5D74048916FEAC3B001747A1 /* AnalysisHTMLReportGenerator.m */,
			);
			name = "Analysis HTML Report Generator";
			sourceTree = "<group>";
		};
		5D74048B16FEB8B4001747A1 /* Analyzer Group Detailed Info View Controller */ = {
			isa = PBXGroup;
			children = (
				5D74049916FEC7BB001747A1 /* Web Collection View Footer */,
				5D74049516FEC3F0001747A1 /* Label Collection View Header */,
				5D74049116FEC0E7001747A1 /* Label Collection View Cell */,
				5D74048C16FEB8DB001747A1 /* AnalyzerGroupDetailedInfoViewController.h */,
				5D74048D16FEB8DB001747A1 /* AnalyzerGroupDetailedInfoViewController.m */,
			);
			name = "Analyzer Group Detailed Info View Controller";
			sourceTree = "<group>";
		};
		5D74049116FEC0E7001747A1 /* Label Collection View Cell */ = {
			isa = PBXGroup;
			children = (
				5D74049216FEC107001747A1 /* LabelCollectionViewCell.h */,
				5D74049316FEC107001747A1 /* LabelCollectionViewCell.m */,
			);
			name = "Label Collection View Cell";
			sourceTree = "<group>";
		};
		5D74049516FEC3F0001747A1 /* Label Collection View Header */ = {
			isa = PBXGroup;
			children = (
				5D74049616FEC40F001747A1 /* LabelCollectionViewHeader.h */,
				5D74049716FEC40F001747A1 /* LabelCollectionViewHeader.m */,
			);
			name = "Label Collection View Header";
			sourceTree = "<group>";
		};
		5D74049916FEC7BB001747A1 /* Web Collection View Footer */ = {
			isa = PBXGroup;
			children = (
				5D74049A16FEC7CE001747A1 /* WebCollectionViewFooter.h */,
				5D74049B16FEC7CE001747A1 /* WebCollectionViewFooter.m */,
			);
			name = "Web Collection View Footer";
			sourceTree = "<group>";
		};
		5D74CEF8169B085000BAA202 /* UI */ = {
			isa = PBXGroup;
			children = (
				5DC0B2C4168CDB790035A910 /* Strings.h */,
				442CE1A91E235156006C34A6 /* Strings.swift */,
				44673C1A1E23C9BD001758C0 /* Router */,
				5D74CEFA169B086900BAA202 /* Storyboard */,
				5DC40473168C2D49000AFBAE /* Table View Cells */,
				5DA5CA0C163B04D200CF1601 /* View Controllers */,
			);
			name = UI;
			sourceTree = "<group>";
		};
		5D74CEFA169B086900BAA202 /* Storyboard */ = {
			isa = PBXGroup;
			children = (
				5D74CF05169B094B00BAA202 /* Storyboard.h */,
				5D74CF06169B095200BAA202 /* Protocols */,
				7C0F025E169C0092006377B3 /* MMPI Segue Handler */,
				5D74CEFE169B08B200BAA202 /* Managed View Controllers */,
			);
			name = Storyboard;
			sourceTree = "<group>";
		};
		5D74CEFE169B08B200BAA202 /* Managed View Controllers */ = {
			isa = PBXGroup;
			children = (
				5D74CEFF169B08D500BAA202 /* StoryboardManagedViewController.h */,
				5D74CF00169B08D500BAA202 /* StoryboardManagedViewController.m */,
				5D74CF02169B08E600BAA202 /* StoryboardManagedTableViewController.h */,
				5D74CF03169B08E600BAA202 /* StoryboardManagedTableViewController.m */,
			);
			name = "Managed View Controllers";
			sourceTree = "<group>";
		};
		5D74CF06169B095200BAA202 /* Protocols */ = {
			isa = PBXGroup;
			children = (
				5D74CF07169B097B00BAA202 /* SegueHandler.h */,
				7C0F025C169BFF5D006377B3 /* StoryboardManagedViewControllerProtocol.h */,
			);
			name = Protocols;
			sourceTree = "<group>";
		};
		5D85558116906A57004E3021 /* K Group */ = {
			isa = PBXGroup;
			children = (
				5D85558316906A9C004E3021 /* AnalyzerKGroup.h */,
				5D85558416906A9C004E3021 /* AnalyzerKGroup.m */,
			);
			name = "K Group";
			sourceTree = "<group>";
		};
		5D85558616906E7A004E3021 /* I Group T1 */ = {
			isa = PBXGroup;
			children = (
				5D85558716906E98004E3021 /* AnalyzerIGroupT1.h */,
				5D85558816906E98004E3021 /* AnalyzerIGroupT1.m */,
			);
			name = "I Group T1";
			sourceTree = "<group>";
		};
		5D85558A16907144004E3021 /* I Group 99 */ = {
			isa = PBXGroup;
			children = (
				5D85558B16907158004E3021 /* AnalyzerIGroup99.h */,
				5D85558C16907158004E3021 /* AnalyzerIGroup99.m */,
			);
			name = "I Group 99";
			sourceTree = "<group>";
		};
		5D85558E16907495004E3021 /* I Group M */ = {
			isa = PBXGroup;
			children = (
				5D85558F169074D0004E3021 /* AnalyzerIGroupM.h */,
				5D855590169074D0004E3021 /* AnalyzerIGroupM.m */,
			);
			name = "I Group M";
			sourceTree = "<group>";
		};
		5D85559216907689004E3021 /* I Group X */ = {
			isa = PBXGroup;
			children = (
				5D855593169076A4004E3021 /* AnalyzerIGroupX.h */,
				5D855594169076A4004E3021 /* AnalyzerIGroupX.m */,
			);
			name = "I Group X";
			sourceTree = "<group>";
		};
		5DA5C9D5163B018D00CF1601 = {
			isa = PBXGroup;
			children = (
				4430C7861E15FB950024C001 /* Media.xcassets */,
				5DA5C9EA163B018D00CF1601 /* iMMPI */,
				4430C7901E160DDD0024C001 /* iMMPITests */,
				4430C7851E15FA170024C001 /* Resources */,
				4430C7381E15F9FF0024C001 /* Frostbit */,
				5DA5C9E3163B018D00CF1601 /* Frameworks */,
				5DA5C9E1163B018D00CF1601 /* Products */,
			);
			sourceTree = "<group>";
		};
		5DA5C9E1163B018D00CF1601 /* Products */ = {
			isa = PBXGroup;
			children = (
				5DA5C9E0163B018D00CF1601 /* iMMPI.app */,
				4430C78F1E160DDC0024C001 /* iMMPITests.xctest */,
			);
			name = Products;
			sourceTree = "<group>";
		};
		5DA5C9E3163B018D00CF1601 /* Frameworks */ = {
			isa = PBXGroup;
			children = (
				5D81F9491841BD97008E3B0A /* AVFoundation.framework */,
				5DC3044E17ED83EB00FCE5D5 /* AudioToolbox.framework */,
				5DC0C88816E27C0F006ED854 /* MessageUI.framework */,
				5DC076DC1648124100897C17 /* AddressBook.framework */,
				5DC076D91648123A00897C17 /* AddressBookUI.framework */,
				5D5E05A21646452F00A5A704 /* libxml2.dylib */,
				5DA5C9E4163B018D00CF1601 /* UIKit.framework */,
				5DA5C9E6163B018D00CF1601 /* Foundation.framework */,
				5DA5C9E8163B018D00CF1601 /* CoreGraphics.framework */,
			);
			name = Frameworks;
			sourceTree = "<group>";
		};
		5DA5C9EA163B018D00CF1601 /* iMMPI */ = {
			isa = PBXGroup;
			children = (
				4430C7991E160F6E0024C001 /* iMMPI-Bridging-Header.h */,
				5DCC9642168DC12B004F8D4E /* Utils */,
				5D5E05B9164651A800A5A704 /* Model */,
				5D74CEF8169B085000BAA202 /* UI */,
				44673C0C1E23ADA0001758C0 /* AppDelegate.swift */,
				5DA5C9FC163B018D00CF1601 /* MainStoryboard.storyboard */,
				5DA5C9EB163B018D00CF1601 /* Supporting Files */,
			);
			path = iMMPI;
			sourceTree = "<group>";
		};
		5DA5C9EB163B018D00CF1601 /* Supporting Files */ = {
			isa = PBXGroup;
			children = (
				5DC4ABE9169029AD00E835B7 /* mmpi.analysis.json */,
				5DC2650016D8E5A8004D4BBA /* mmpi.female.adult.json */,
				5DC2650116D8E5A8004D4BBA /* mmpi.female.teen.json */,
				5DC2650216D8E5A8004D4BBA /* mmpi.male.adult.json */,
				5DC2650316D8E5A8004D4BBA /* mmpi.male.teen.json */,
				5DA5C9EC163B018D00CF1601 /* iMMPI-Info.plist */,
				5DA5C9ED163B018D00CF1601 /* InfoPlist.strings */,
				5DA5C9F0163B018D00CF1601 /* main.m */,
				5DA5C9F2163B018D00CF1601 /* iMMPI-Prefix.pch */,
			);
			name = "Supporting Files";
			sourceTree = "<group>";
		};
		5DA5CA0C163B04D200CF1601 /* View Controllers */ = {
			isa = PBXGroup;
			children = (
				5DBD56891697272000728BB4 /* Test Answers */,
				5DA5CA10163B050700CF1601 /* Analysis View Controller */,
				5DBE76D7169356D40018C728 /* Records List View Controller */,
				442CE1B21E2357AA006C34A6 /* EditTestRecordViewController.swift */,
			);
			name = "View Controllers";
			sourceTree = "<group>";
		};
		5DA5CA0F163B04F200CF1601 /* Test Answers View Controller */ = {
			isa = PBXGroup;
			children = (
				5DA5CA14163B080B00CF1601 /* TestAnswersViewController.h */,
				5DA5CA15163B080B00CF1601 /* TestAnswersViewController.m */,
			);
			name = "Test Answers View Controller";
			sourceTree = "<group>";
		};
		5DA5CA10163B050700CF1601 /* Analysis View Controller */ = {
			isa = PBXGroup;
			children = (
				5D74048B16FEB8B4001747A1 /* Analyzer Group Detailed Info View Controller */,
				5D74048716FEAC1F001747A1 /* Analysis HTML Report Generator */,
				5DC0C87C16E2607F006ED854 /* Analysis Options View Controller */,
				5DC4ABF816902F2C00E835B7 /* AnalysisViewController.h */,
				5DC4ABF916902F2C00E835B7 /* AnalysisViewController.m */,
			);
			name = "Analysis View Controller";
			sourceTree = "<group>";
		};
		5DBD5655169714D100728BB4 /* Test Answers Input View Controller */ = {
			isa = PBXGroup;
			children = (
				5DBD5657169714EE00728BB4 /* TestAnswersInputViewController.h */,
				5DBD5658169714EE00728BB4 /* TestAnswersInputViewController.m */,
			);
			name = "Test Answers Input View Controller";
			sourceTree = "<group>";
		};
		5DBD56891697272000728BB4 /* Test Answers */ = {
			isa = PBXGroup;
			children = (
				5DBD568A1697273200728BB4 /* Test Answers View Controller Base */,
				5DBD5655169714D100728BB4 /* Test Answers Input View Controller */,
				5DA5CA0F163B04F200CF1601 /* Test Answers View Controller */,
			);
			name = "Test Answers";
			sourceTree = "<group>";
		};
		5DBD568A1697273200728BB4 /* Test Answers View Controller Base */ = {
			isa = PBXGroup;
			children = (
				5DBD568B1697274700728BB4 /* TestAnswersTableViewControllerBase.h */,
				5DBD568C1697274700728BB4 /* TestAnswersTableViewControllerBase.m */,
			);
			name = "Test Answers View Controller Base";
			sourceTree = "<group>";
		};
		5DBE76D7169356D40018C728 /* Records List View Controller */ = {
			isa = PBXGroup;
			children = (
				442CE1C31E236EEC006C34A6 /* RecordsListViewController.swift */,
				44673C121E23B9D7001758C0 /* RecordsListViewControllerStyle.swift */,
				44673C301E24C1F5001758C0 /* RecordsListViewControllerGrouping.swift */,
				442CE1F41E23A957006C34A6 /* ListViewModel.swift */,
				442CE1E21E238BBB006C34A6 /* TestRecordsGroup.swift */,
			);
			name = "Records List View Controller";
			sourceTree = "<group>";
		};
		5DC0C87C16E2607F006ED854 /* Analysis Options View Controller */ = {
			isa = PBXGroup;
			children = (
				5DC0C87D16E26207006ED854 /* AnalysisOptionsViewController.h */,
				5DC0C87E16E26207006ED854 /* AnalysisOptionsViewController.m */,
			);
			name = "Analysis Options View Controller";
			sourceTree = "<group>";
		};
		5DC0C88416E26AE6006ED854 /* Analysis Settings */ = {
			isa = PBXGroup;
			children = (
				5DC0C88516E26B03006ED854 /* AnalysisSettings.h */,
				5DC0C88616E26B03006ED854 /* AnalysisSettings.m */,
			);
			name = "Analysis Settings";
			sourceTree = "<group>";
		};
		5DC2650816D8EF8E004D4BBA /* Base 5 Group */ = {
			isa = PBXGroup;
			children = (
				5DC2650916D8EFCF004D4BBA /* AnalyzerBase5Group.h */,
				5DC2650A16D8EFCF004D4BBA /* AnalyzerBase5Group.m */,
			);
			name = "Base 5 Group";
			sourceTree = "<group>";
		};
		5DC2650C16D91392004D4BBA /* Plain Percent Group */ = {
			isa = PBXGroup;
			children = (
				5DC2650D16D92441004D4BBA /* AnalyzerPlainPercentGroup.h */,
				5DC2650E16D92441004D4BBA /* AnalyzerPlainPercentGroup.m */,
			);
			name = "Plain Percent Group";
			sourceTree = "<group>";
		};
		5DC40473168C2D49000AFBAE /* Table View Cells */ = {
			isa = PBXGroup;
			children = (
				5DC40474168C2D62000AFBAE /* StatementTableViewCell.h */,
				5DC40475168C2D62000AFBAE /* StatementTableViewCell.m */,
				5DC4AC0316903EA400E835B7 /* AnalyzerTableViewCell.h */,
				5DC4AC0416903EA400E835B7 /* AnalyzerTableViewCell.m */,
			);
			name = "Table View Cells";
			sourceTree = "<group>";
		};
		5DC40477168C3228000AFBAE /* Test Record */ = {
			isa = PBXGroup;
			children = (
				5DCC9646168DC1BD004F8D4E /* Test Record Serialization */,
				442CE1AB1E235397006C34A6 /* TestRecord.swift */,
				4430C7B81E16408A0024C001 /* Person.swift */,
			);
			name = "Test Record";
			sourceTree = "<group>";
		};
		5DC40483168C446C000AFBAE /* Protocols */ = {
			isa = PBXGroup;
			children = (
				4430C7BA1E1670010024C001 /* PersonProtocol.swift */,
				442CE1BF1E236915006C34A6 /* TestAnswersProtocol.swift */,
				442CE1AD1E23551D006C34A6 /* TestRecordProtocol.swift */,
				4430C7A31E161A6B0024C001 /* StatementProtocol.swift */,
				4430C7A71E1623290024C001 /* QuestionnaireProtocol.swift */,
				5DC973BE168F20DD00C496F0 /* TestRecordStorageProtocol.h */,
				44673C101E23B017001758C0 /* TestRecordStorageProtocol.swift */,
				5DC4ABF216902E5200E835B7 /* AnalyzerGroup.h */,
				5DC4AC121690672F00E835B7 /* AnalyzerProtocol.h */,
			);
			name = Protocols;
			sourceTree = "<group>";
		};
		5DC4ABF416902E8200E835B7 /* private */ = {
			isa = PBXGroup;
			children = (
				5DC2650C16D91392004D4BBA /* Plain Percent Group */,
				5DC2650816D8EF8E004D4BBA /* Base 5 Group */,
				5D85559216907689004E3021 /* I Group X */,
				5D85558E16907495004E3021 /* I Group M */,
				5D85558A16907144004E3021 /* I Group 99 */,
				5D85558616906E7A004E3021 /* I Group T1 */,
				5D85558116906A57004E3021 /* K Group */,
				5DC4AC0E1690625800E835B7 /* P Group */,
				5DC4AC0A16905AB200E835B7 /* F Group FM */,
				5DC4AC061690447300E835B7 /* F Group */,
				5DC4ABF516902E9900E835B7 /* AnalyzerGroupBase.h */,
				5DC4ABF616902E9900E835B7 /* AnalyzerGroupBase.m */,
			);
			name = private;
			sourceTree = "<group>";
		};
		5DC4ABFB16902F9500E835B7 /* Analysis */ = {
			isa = PBXGroup;
			children = (
				5DC4ABF416902E8200E835B7 /* private */,
				5DC4ABFD16902FAF00E835B7 /* Analyzer.h */,
				5DC4ABFE16902FAF00E835B7 /* Analyzer.m */,
			);
			name = Analysis;
			sourceTree = "<group>";
		};
		5DC4AC061690447300E835B7 /* F Group */ = {
			isa = PBXGroup;
			children = (
				5DC4AC071690448A00E835B7 /* AnalyzerFGroup.h */,
				5DC4AC081690448A00E835B7 /* AnalyzerFGroup.m */,
			);
			name = "F Group";
			sourceTree = "<group>";
		};
		5DC4AC0A16905AB200E835B7 /* F Group FM */ = {
			isa = PBXGroup;
			children = (
				5DC4AC0B16905ACB00E835B7 /* AnalyzerFGroupFM.h */,
				5DC4AC0C16905ACB00E835B7 /* AnalyzerFGroupFM.m */,
			);
			name = "F Group FM";
			sourceTree = "<group>";
		};
		5DC4AC0E1690625800E835B7 /* P Group */ = {
			isa = PBXGroup;
			children = (
				5DC4AC0F1690626800E835B7 /* AnalyzerPGroup.h */,
				5DC4AC101690626800E835B7 /* AnalyzerPGroup.m */,
			);
			name = "P Group";
			sourceTree = "<group>";
		};
		5DC973AB168F082200C496F0 /* Data Model Objects */ = {
			isa = PBXGroup;
			children = (
				5DC4ABFB16902F9500E835B7 /* Analysis */,
				5DC40477168C3228000AFBAE /* Test Record */,
				5D5E05BA164651AE00A5A704 /* Questionnaire */,
				442CE1BD1E2366F7006C34A6 /* TestAnswers.swift */,
			);
			name = "Data Model Objects";
			sourceTree = "<group>";
		};
		5DC973B4168F0D5F00C496F0 /* private */ = {
			isa = PBXGroup;
			children = (
				7CAB67D118ACA98200C194B8 /* JSONTestRecordProxy.h */,
				7CAB67D218ACA98200C194B8 /* JSONTestRecordProxy.m */,
				5DC973B1168F0CD200C496F0 /* JSONTestRecordStorageElement.h */,
				5DC973B2168F0CD200C496F0 /* JSONTestRecordStorageElement.m */,
			);
			name = private;
			sourceTree = "<group>";
		};
		5DC973BC168F20C200C496F0 /* JSON Test Records Storage */ = {
			isa = PBXGroup;
			children = (
				5DC973B4168F0D5F00C496F0 /* private */,
				5DC973BF168F214A00C496F0 /* JSONTestRecordsStorage.h */,
				5DC973C0168F214A00C496F0 /* JSONTestRecordsStorage.m */,
			);
			name = "JSON Test Records Storage";
			sourceTree = "<group>";
		};
		5DCC9642168DC12B004F8D4E /* Utils */ = {
			isa = PBXGroup;
			children = (
				442CE1A41E234DCE006C34A6 /* Formatters */,
				442CE1F01E23A939006C34A6 /* AsyncProvider.swift */,
				5DCC9643168DC13B004F8D4E /* UtilityFunctions.h */,
				5DCC9644168DC13B004F8D4E /* UtilityFunctions.m */,
				442CE1D81E238379006C34A6 /* UtilityFunctions.swift */,
				5DC3044B17ED83A300FCE5D5 /* SystemSoundManager.h */,
				5DC3044C17ED83A300FCE5D5 /* SystemSoundManager.m */,
			);
			name = Utils;
			sourceTree = "<group>";
		};
		5DCC9646168DC1BD004F8D4E /* Test Record Serialization */ = {
			isa = PBXGroup;
			children = (
				5DCC9647168DC1D8004F8D4E /* JSONTestRecordSerialization.h */,
				5DCC9648168DC1D8004F8D4E /* JSONTestRecordSerialization.m */,
			);
			name = "Test Record Serialization";
			sourceTree = "<group>";
		};
		7C0F025E169C0092006377B3 /* MMPI Segue Handler */ = {
			isa = PBXGroup;
			children = (
				7C0F0264169C027E006377B3 /* Protocols */,
				7C0F025F169C00B9006377B3 /* MMPISegueHandler.h */,
				7C0F0260169C00B9006377B3 /* MMPISegueHandler.m */,
			);
			name = "MMPI Segue Handler";
			sourceTree = "<group>";
		};
		7C0F0264169C027E006377B3 /* Protocols */ = {
			isa = PBXGroup;
			children = (
				7C0F0265169C02E4006377B3 /* SegueSourceEditAnswers.h */,
				7C0F0266169C02F0006377B3 /* SegueDestinationEditAnswers.h */,
				7C0F0267169C08B3006377B3 /* SegueSourceEditRecord.h */,
				7C0F0268169C08C7006377B3 /* SegueDestinationEditRecord.h */,
				5DBE6BD0169C3C05005F5E1B /* SegueSourceAnalyzeRecord.h */,
				5DBE6BD2169C3C14005F5E1B /* SegueDestinationAnalyzeRecord.h */,
				5D74048F16FEB9BB001747A1 /* SegueSourceAnalyzerGroupDetailedInfo.h */,
				5D74049016FEB9E6001747A1 /* SegueDestinationAnalyzerGroupDetailedInfo.h */,
			);
			name = Protocols;
			sourceTree = "<group>";
		};
/* End PBXGroup section */

/* Begin PBXNativeTarget section */
		4430C78E1E160DDC0024C001 /* iMMPITests */ = {
			isa = PBXNativeTarget;
			buildConfigurationList = 4430C7961E160DDD0024C001 /* Build configuration list for PBXNativeTarget "iMMPITests" */;
			buildPhases = (
				4430C78B1E160DDC0024C001 /* Sources */,
				4430C78C1E160DDC0024C001 /* Frameworks */,
				4430C78D1E160DDC0024C001 /* Resources */,
			);
			buildRules = (
			);
			dependencies = (
				4430C7951E160DDD0024C001 /* PBXTargetDependency */,
			);
			name = iMMPITests;
			productName = iMMPITests;
			productReference = 4430C78F1E160DDC0024C001 /* iMMPITests.xctest */;
			productType = "com.apple.product-type.bundle.unit-test";
		};
		5DA5C9DF163B018D00CF1601 /* iMMPI */ = {
			isa = PBXNativeTarget;
			buildConfigurationList = 5DA5CA04163B018D00CF1601 /* Build configuration list for PBXNativeTarget "iMMPI" */;
			buildPhases = (
				5DA5C9DC163B018D00CF1601 /* Sources */,
				5DA5C9DD163B018D00CF1601 /* Frameworks */,
				5DA5C9DE163B018D00CF1601 /* Resources */,
				5DC40469168C217D000AFBAE /* Show TODO's and FIXME's as warnings */,
			);
			buildRules = (
			);
			dependencies = (
			);
			name = iMMPI;
			productName = iMMPI;
			productReference = 5DA5C9E0163B018D00CF1601 /* iMMPI.app */;
			productType = "com.apple.product-type.application";
		};
/* End PBXNativeTarget section */

/* Begin PBXProject section */
		5DA5C9D7163B018D00CF1601 /* Project object */ = {
			isa = PBXProject;
			attributes = {
				LastSwiftUpdateCheck = 0820;
				LastUpgradeCheck = 0800;
				ORGANIZATIONNAME = "Egor Chiglintsev";
				TargetAttributes = {
					4430C78E1E160DDC0024C001 = {
						CreatedOnToolsVersion = 8.2;
						DevelopmentTeam = 477EAT77S3;
						ProvisioningStyle = Automatic;
						TestTargetID = 5DA5C9DF163B018D00CF1601;
					};
					5DA5C9DF163B018D00CF1601 = {
						DevelopmentTeam = B87M5YBQ84;
						LastSwiftMigration = 0820;
					};
				};
			};
			buildConfigurationList = 5DA5C9DA163B018D00CF1601 /* Build configuration list for PBXProject "iMMPI" */;
			compatibilityVersion = "Xcode 3.2";
			developmentRegion = English;
			hasScannedForEncodings = 0;
			knownRegions = (
				en,
			);
			mainGroup = 5DA5C9D5163B018D00CF1601;
			productRefGroup = 5DA5C9E1163B018D00CF1601 /* Products */;
			projectDirPath = "";
			projectRoot = "";
			targets = (
				5DA5C9DF163B018D00CF1601 /* iMMPI */,
				4430C78E1E160DDC0024C001 /* iMMPITests */,
			);
		};
/* End PBXProject section */

/* Begin PBXResourcesBuildPhase section */
		4430C78D1E160DDC0024C001 /* Resources */ = {
			isa = PBXResourcesBuildPhase;
			buildActionMask = 2147483647;
			files = (
				4430C7AD1E1636030024C001 /* questionnaire.error.jsonRootNotDictionary.json in Resources */,
				4430C7AF1E1637580024C001 /* questionnaire.error.statementsNotFound.json in Resources */,
				4430C7B31E1637720024C001 /* questionnaire.error.statementIdentifierNotFound.json in Resources */,
				4430C7B51E16377F0024C001 /* questionnaire.error.statementTextNotFound.json in Resources */,
				4430C7B11E1637640024C001 /* questionnaire.error.statementJsonNotDictionary.json in Resources */,
			);
			runOnlyForDeploymentPostprocessing = 0;
		};
		5DA5C9DE163B018D00CF1601 /* Resources */ = {
			isa = PBXResourcesBuildPhase;
			buildActionMask = 2147483647;
			files = (
				5DD3780618ACF81D009896FB /* button_tap2.wav in Resources */,
				5DA5C9EF163B018D00CF1601 /* InfoPlist.strings in Resources */,
				5DA5C9FE163B018D00CF1601 /* MainStoryboard.storyboard in Resources */,
				5DC4ABEA169029AD00E835B7 /* mmpi.analysis.json in Resources */,
				5DC2650416D8E5A8004D4BBA /* mmpi.female.adult.json in Resources */,
				5DC2650516D8E5A8004D4BBA /* mmpi.female.teen.json in Resources */,
				5DC2650616D8E5A8004D4BBA /* mmpi.male.adult.json in Resources */,
				5DC2650716D8E5A8004D4BBA /* mmpi.male.teen.json in Resources */,
				4430C7871E15FB950024C001 /* Media.xcassets in Resources */,
				5DD3780518ACF81D009896FB /* button_tap1.wav in Resources */,
			);
			runOnlyForDeploymentPostprocessing = 0;
		};
/* End PBXResourcesBuildPhase section */

/* Begin PBXShellScriptBuildPhase section */
		5DC40469168C217D000AFBAE /* Show TODO's and FIXME's as warnings */ = {
			isa = PBXShellScriptBuildPhase;
			buildActionMask = 2147483647;
			files = (
			);
			inputPaths = (
			);
			name = "Show TODO's and FIXME's as warnings";
			outputPaths = (
			);
			runOnlyForDeploymentPostprocessing = 0;
			shellPath = /bin/sh;
			shellScript = "KEYWORDS=\"TODO:|FIXME:|\\?\\?\\?:|\\!\\!\\!:\"\n\nfind \"${SRCROOT}\" \\( -name \"*.h\" -or -name \"*.m\" \\) -print0 | xargs -0 egrep --with-filename --line-number --only-matching \"($KEYWORDS).*\\$\" | perl -p -e \"s/($KEYWORDS)/ warning: \\$1/\"";
		};
/* End PBXShellScriptBuildPhase section */

/* Begin PBXSourcesBuildPhase section */
		4430C78B1E160DDC0024C001 /* Sources */ = {
			isa = PBXSourcesBuildPhase;
			buildActionMask = 2147483647;
			files = (
				442CE1E51E238C75006C34A6 /* TestRecordsGroupTests.swift in Sources */,
				442CE1D11E2378D7006C34A6 /* SectionSplittingTests.swift in Sources */,
				4430C7921E160DDD0024C001 /* QuestionnaireTests.swift in Sources */,
				4430C7B71E163F450024C001 /* PersonTests.swift in Sources */,
				4430C79E1E1617AE0024C001 /* StatementTests.swift in Sources */,
				442CE1DB1E238581006C34A6 /* UtilityFunctionsTests.swift in Sources */,
				442CE1D71E238257006C34A6 /* GroupingTests.swift in Sources */,
				442CE1A81E234E6E006C34A6 /* AbbreviatedNameFormatterTests.swift in Sources */,
			);
			runOnlyForDeploymentPostprocessing = 0;
		};
		5DA5C9DC163B018D00CF1601 /* Sources */ = {
			isa = PBXSourcesBuildPhase;
			buildActionMask = 2147483647;
			files = (
				4430C7BB1E1670010024C001 /* PersonProtocol.swift in Sources */,
				4430C78A1E16038A0024C001 /* FRBKeyedTargetAction.m in Sources */,
				442CE1B31E2357AA006C34A6 /* EditTestRecordViewController.swift in Sources */,
				44673C1E1E23CA0E001758C0 /* MMPIRouter.swift in Sources */,
				5DA5C9F1163B018D00CF1601 /* main.m in Sources */,
				442CE1B71E235D12006C34A6 /* AgeGroup.swift in Sources */,
				5DA5CA16163B080B00CF1601 /* TestAnswersViewController.m in Sources */,
				5DC40476168C2D62000AFBAE /* StatementTableViewCell.m in Sources */,
				44673C221E249A8E001758C0 /* MMPIRouter+EditingDelegate.swift in Sources */,
				5DCC9645168DC13B004F8D4E /* UtilityFunctions.m in Sources */,
				44673C311E24C1F5001758C0 /* RecordsListViewControllerGrouping.swift in Sources */,
				4430C7A61E161B430024C001 /* Questionnaire.swift in Sources */,
				44673C381E24D6FF001758C0 /* RoutedViewControllersFactory.swift in Sources */,
				5DCC9649168DC1D8004F8D4E /* JSONTestRecordSerialization.m in Sources */,
				5DC973B3168F0CD200C496F0 /* JSONTestRecordStorageElement.m in Sources */,
				442CE1D91E238379006C34A6 /* UtilityFunctions.swift in Sources */,
				4430C7841E15F9FF0024C001 /* FRBDatePickerPopover.m in Sources */,
				4430C7A41E161A6B0024C001 /* StatementProtocol.swift in Sources */,
				442CE1EF1E23A3A7006C34A6 /* Grouping+TestRecord.swift in Sources */,
				5DC973C1168F214A00C496F0 /* JSONTestRecordsStorage.m in Sources */,
				7CAB67D318ACA98200C194B8 /* JSONTestRecordProxy.m in Sources */,
				442CE1BE1E2366F7006C34A6 /* TestAnswers.swift in Sources */,
				5DC4ABF716902E9900E835B7 /* AnalyzerGroupBase.m in Sources */,
				442CE1AC1E235397006C34A6 /* TestRecord.swift in Sources */,
				5DC4ABFA16902F2C00E835B7 /* AnalysisViewController.m in Sources */,
				44673C111E23B017001758C0 /* TestRecordStorageProtocol.swift in Sources */,
				5DC3044D17ED83A300FCE5D5 /* SystemSoundManager.m in Sources */,
				442CE1B51E235A1B006C34A6 /* DateFormatter+iMMPI.swift in Sources */,
				4430C7A81E1623290024C001 /* QuestionnaireProtocol.swift in Sources */,
				442CE1AE1E23551D006C34A6 /* TestRecordProtocol.swift in Sources */,
				5DC4ABFF16902FAF00E835B7 /* Analyzer.m in Sources */,
				5DC4AC0516903EA400E835B7 /* AnalyzerTableViewCell.m in Sources */,
				442CE1B91E235D3D006C34A6 /* Gender.swift in Sources */,
				442CE1C01E236915006C34A6 /* TestAnswersProtocol.swift in Sources */,
				5DC4AC091690448A00E835B7 /* AnalyzerFGroup.m in Sources */,
				442CE1C41E236EEC006C34A6 /* RecordsListViewController.swift in Sources */,
				5DC4AC0D16905ACB00E835B7 /* AnalyzerFGroupFM.m in Sources */,
				5DC4AC111690626800E835B7 /* AnalyzerPGroup.m in Sources */,
				5D85558516906A9C004E3021 /* AnalyzerKGroup.m in Sources */,
				442CE1E31E238BBB006C34A6 /* TestRecordsGroup.swift in Sources */,
				5D85558916906E98004E3021 /* AnalyzerIGroupT1.m in Sources */,
				442CE1DD1E23862A006C34A6 /* Section.swift in Sources */,
				4430C7B91E16408A0024C001 /* Person.swift in Sources */,
				5D85558D16907158004E3021 /* AnalyzerIGroup99.m in Sources */,
				442CE1F51E23A957006C34A6 /* ListViewModel.swift in Sources */,
				5D855591169074D0004E3021 /* AnalyzerIGroupM.m in Sources */,
				44673C1C1E23C9CA001758C0 /* Router.swift in Sources */,
				44673C131E23B9D7001758C0 /* RecordsListViewControllerStyle.swift in Sources */,
				5D855595169076A4004E3021 /* AnalyzerIGroupX.m in Sources */,
				5DBD5659169714EE00728BB4 /* TestAnswersInputViewController.m in Sources */,
				44673C0D1E23ADA0001758C0 /* AppDelegate.swift in Sources */,
				5DBD568D1697274700728BB4 /* TestAnswersTableViewControllerBase.m in Sources */,
				5D74CF01169B08D500BAA202 /* StoryboardManagedViewController.m in Sources */,
				442CE1ED1E23A265006C34A6 /* Grouping+Alphabetically.swift in Sources */,
				44673C361E24CFBA001758C0 /* MMPIViewControllersFactory.swift in Sources */,
				5D74CF04169B08E600BAA202 /* StoryboardManagedTableViewController.m in Sources */,
				7C0F0261169C00B9006377B3 /* MMPISegueHandler.m in Sources */,
				44673C191E23C1C0001758C0 /* SectionIndex.swift in Sources */,
				5DC2650B16D8EFCF004D4BBA /* AnalyzerBase5Group.m in Sources */,
				442CE1CE1E23718C006C34A6 /* Grouping.swift in Sources */,
				5DC2650F16D92441004D4BBA /* AnalyzerPlainPercentGroup.m in Sources */,
				5DC0C87F16E26207006ED854 /* AnalysisOptionsViewController.m in Sources */,
				5DC0C88716E26B03006ED854 /* AnalysisSettings.m in Sources */,
				5D74048A16FEAC3B001747A1 /* AnalysisHTMLReportGenerator.m in Sources */,
				442CE1F21E23A939006C34A6 /* AsyncProvider.swift in Sources */,
				5D74048E16FEB8DB001747A1 /* AnalyzerGroupDetailedInfoViewController.m in Sources */,
				442CE1A61E234E05006C34A6 /* AbbreviatedNameFormatter.swift in Sources */,
				44673C341E24CF9D001758C0 /* ViewControllersFactory.swift in Sources */,
				5D74049416FEC107001747A1 /* LabelCollectionViewCell.m in Sources */,
				5D74049816FEC40F001747A1 /* LabelCollectionViewHeader.m in Sources */,
				442CE1D51E237AB5006C34A6 /* SectionDescriptor.swift in Sources */,
				5D74049C16FEC7CE001747A1 /* WebCollectionViewFooter.m in Sources */,
				442CE1AA1E235156006C34A6 /* Strings.swift in Sources */,
				4430C7A21E1619000024C001 /* Statement.swift in Sources */,
			);
			runOnlyForDeploymentPostprocessing = 0;
		};
/* End PBXSourcesBuildPhase section */

/* Begin PBXTargetDependency section */
		4430C7951E160DDD0024C001 /* PBXTargetDependency */ = {
			isa = PBXTargetDependency;
			target = 5DA5C9DF163B018D00CF1601 /* iMMPI */;
			targetProxy = 4430C7941E160DDD0024C001 /* PBXContainerItemProxy */;
		};
/* End PBXTargetDependency section */

/* Begin PBXVariantGroup section */
		5DA5C9ED163B018D00CF1601 /* InfoPlist.strings */ = {
			isa = PBXVariantGroup;
			children = (
				5DA5C9EE163B018D00CF1601 /* en */,
			);
			name = InfoPlist.strings;
			sourceTree = "<group>";
		};
		5DA5C9FC163B018D00CF1601 /* MainStoryboard.storyboard */ = {
			isa = PBXVariantGroup;
			children = (
				5DA5C9FD163B018D00CF1601 /* en */,
			);
			name = MainStoryboard.storyboard;
			sourceTree = "<group>";
		};
/* End PBXVariantGroup section */

/* Begin XCBuildConfiguration section */
		4430C7971E160DDD0024C001 /* Debug */ = {
			isa = XCBuildConfiguration;
			buildSettings = {
				ALWAYS_EMBED_SWIFT_STANDARD_LIBRARIES = YES;
				ALWAYS_SEARCH_USER_PATHS = NO;
				BUNDLE_LOADER = "$(TEST_HOST)";
				CLANG_ANALYZER_NONNULL = YES;
				CLANG_CXX_LANGUAGE_STANDARD = "gnu++0x";
				CLANG_CXX_LIBRARY = "libc++";
				CLANG_ENABLE_MODULES = YES;
				CLANG_WARN_DIRECT_OBJC_ISA_USAGE = YES_ERROR;
				CLANG_WARN_DOCUMENTATION_COMMENTS = YES;
				CLANG_WARN_OBJC_ROOT_CLASS = YES_ERROR;
				"CODE_SIGN_IDENTITY[sdk=iphoneos*]" = "iPhone Developer";
				DEBUG_INFORMATION_FORMAT = dwarf;
				DEVELOPMENT_TEAM = 477EAT77S3;
				GCC_C_LANGUAGE_STANDARD = gnu99;
				GCC_WARN_ABOUT_RETURN_TYPE = YES_ERROR;
				GCC_WARN_UNINITIALIZED_AUTOS = YES_AGGRESSIVE;
				INFOPLIST_FILE = iMMPITests/Info.plist;
				IPHONEOS_DEPLOYMENT_TARGET = 10.2;
				LD_RUNPATH_SEARCH_PATHS = "$(inherited) @executable_path/Frameworks @loader_path/Frameworks";
				MTL_ENABLE_DEBUG_INFO = YES;
				PRODUCT_BUNDLE_IDENTIFIER = ru.yandex.mobile.iMMPITests;
				PRODUCT_NAME = "$(TARGET_NAME)";
				SWIFT_ACTIVE_COMPILATION_CONDITIONS = DEBUG;
				SWIFT_OBJC_BRIDGING_HEADER = "iMMPI/iMMPI-Bridging-Header.h";
				SWIFT_VERSION = 3.0;
				TEST_HOST = "$(BUILT_PRODUCTS_DIR)/iMMPI.app/iMMPI";
			};
			name = Debug;
		};
		4430C7981E160DDD0024C001 /* Release */ = {
			isa = XCBuildConfiguration;
			buildSettings = {
				ALWAYS_EMBED_SWIFT_STANDARD_LIBRARIES = YES;
				ALWAYS_SEARCH_USER_PATHS = NO;
				BUNDLE_LOADER = "$(TEST_HOST)";
				CLANG_ANALYZER_NONNULL = YES;
				CLANG_CXX_LANGUAGE_STANDARD = "gnu++0x";
				CLANG_CXX_LIBRARY = "libc++";
				CLANG_ENABLE_MODULES = YES;
				CLANG_WARN_DIRECT_OBJC_ISA_USAGE = YES_ERROR;
				CLANG_WARN_DOCUMENTATION_COMMENTS = YES;
				CLANG_WARN_OBJC_ROOT_CLASS = YES_ERROR;
				"CODE_SIGN_IDENTITY[sdk=iphoneos*]" = "iPhone Developer";
				COPY_PHASE_STRIP = NO;
				DEBUG_INFORMATION_FORMAT = "dwarf-with-dsym";
				DEVELOPMENT_TEAM = 477EAT77S3;
				ENABLE_NS_ASSERTIONS = NO;
				GCC_C_LANGUAGE_STANDARD = gnu99;
				GCC_WARN_ABOUT_RETURN_TYPE = YES_ERROR;
				GCC_WARN_UNINITIALIZED_AUTOS = YES_AGGRESSIVE;
				INFOPLIST_FILE = iMMPITests/Info.plist;
				IPHONEOS_DEPLOYMENT_TARGET = 10.2;
				LD_RUNPATH_SEARCH_PATHS = "$(inherited) @executable_path/Frameworks @loader_path/Frameworks";
				MTL_ENABLE_DEBUG_INFO = NO;
				PRODUCT_BUNDLE_IDENTIFIER = ru.yandex.mobile.iMMPITests;
				PRODUCT_NAME = "$(TARGET_NAME)";
				SWIFT_OBJC_BRIDGING_HEADER = "iMMPI/iMMPI-Bridging-Header.h";
				SWIFT_VERSION = 3.0;
				TEST_HOST = "$(BUILT_PRODUCTS_DIR)/iMMPI.app/iMMPI";
			};
			name = Release;
		};
		5DA5CA02163B018D00CF1601 /* Debug */ = {
			isa = XCBuildConfiguration;
			buildSettings = {
				CLANG_ANALYZER_SECURITY_FLOATLOOPCOUNTER = YES;
				CLANG_ANALYZER_SECURITY_INSECUREAPI_RAND = YES;
				CLANG_ANALYZER_SECURITY_INSECUREAPI_STRCPY = YES;
				CLANG_ENABLE_OBJC_ARC = YES;
				CLANG_WARN_ASSIGN_ENUM = YES;
				CLANG_WARN_BOOL_CONVERSION = YES;
				CLANG_WARN_CONSTANT_CONVERSION = YES;
				CLANG_WARN_CXX0X_EXTENSIONS = YES;
				CLANG_WARN_DEPRECATED_OBJC_IMPLEMENTATIONS = YES;
				CLANG_WARN_EMPTY_BODY = YES;
				CLANG_WARN_ENUM_CONVERSION = YES;
				CLANG_WARN_INFINITE_RECURSION = YES;
				CLANG_WARN_INT_CONVERSION = YES;
				CLANG_WARN_OBJC_EXPLICIT_OWNERSHIP_TYPE = YES;
				CLANG_WARN_OBJC_IMPLICIT_ATOMIC_PROPERTIES = YES;
				CLANG_WARN_OBJC_IMPLICIT_RETAIN_SELF = YES;
				CLANG_WARN_SUSPICIOUS_MOVE = YES;
				CLANG_WARN_UNREACHABLE_CODE = YES;
				CLANG_WARN__DUPLICATE_METHOD_MATCH = YES;
				CLANG_WARN__EXIT_TIME_DESTRUCTORS = YES;
				COPY_PHASE_STRIP = NO;
				ENABLE_STRICT_OBJC_MSGSEND = YES;
				ENABLE_TESTABILITY = YES;
				GCC_DYNAMIC_NO_PIC = NO;
				GCC_NO_COMMON_BLOCKS = YES;
				GCC_OPTIMIZATION_LEVEL = 0;
				GCC_PREPROCESSOR_DEFINITIONS = (
					"DEBUG=1",
					"$(inherited)",
				);
				GCC_SYMBOLS_PRIVATE_EXTERN = NO;
				GCC_TREAT_INCOMPATIBLE_POINTER_TYPE_WARNINGS_AS_ERRORS = YES;
				GCC_TREAT_WARNINGS_AS_ERRORS = YES;
				GCC_WARN_64_TO_32_BIT_CONVERSION = YES;
				GCC_WARN_ABOUT_RETURN_TYPE = YES;
				GCC_WARN_HIDDEN_VIRTUAL_FUNCTIONS = YES;
				GCC_WARN_NON_VIRTUAL_DESTRUCTOR = YES;
				GCC_WARN_SHADOW = YES;
				GCC_WARN_SIGN_COMPARE = YES;
				GCC_WARN_UNDECLARED_SELECTOR = YES;
				GCC_WARN_UNINITIALIZED_AUTOS = YES;
				GCC_WARN_UNKNOWN_PRAGMAS = YES;
				GCC_WARN_UNUSED_FUNCTION = YES;
				GCC_WARN_UNUSED_LABEL = YES;
				GCC_WARN_UNUSED_VARIABLE = YES;
				IPHONEOS_DEPLOYMENT_TARGET = 8.0;
				ONLY_ACTIVE_ARCH = YES;
				OTHER_SWIFT_FLAGS = "-Onone";
				RUN_CLANG_STATIC_ANALYZER = YES;
				SDKROOT = iphoneos;
				SWIFT_OPTIMIZATION_LEVEL = "-Owholemodule";
				SWIFT_VERSION = 3.0;
				TARGETED_DEVICE_FAMILY = 2;
			};
			name = Debug;
		};
		5DA5CA03163B018D00CF1601 /* Release */ = {
			isa = XCBuildConfiguration;
			buildSettings = {
				CLANG_ANALYZER_SECURITY_FLOATLOOPCOUNTER = YES;
				CLANG_ANALYZER_SECURITY_INSECUREAPI_RAND = YES;
				CLANG_ANALYZER_SECURITY_INSECUREAPI_STRCPY = YES;
				CLANG_ENABLE_OBJC_ARC = YES;
				CLANG_WARN_ASSIGN_ENUM = YES;
				CLANG_WARN_BOOL_CONVERSION = YES;
				CLANG_WARN_CONSTANT_CONVERSION = YES;
				CLANG_WARN_CXX0X_EXTENSIONS = YES;
				CLANG_WARN_DEPRECATED_OBJC_IMPLEMENTATIONS = YES;
				CLANG_WARN_EMPTY_BODY = YES;
				CLANG_WARN_ENUM_CONVERSION = YES;
				CLANG_WARN_INFINITE_RECURSION = YES;
				CLANG_WARN_INT_CONVERSION = YES;
				CLANG_WARN_OBJC_EXPLICIT_OWNERSHIP_TYPE = YES;
				CLANG_WARN_OBJC_IMPLICIT_ATOMIC_PROPERTIES = YES;
				CLANG_WARN_OBJC_IMPLICIT_RETAIN_SELF = YES;
				CLANG_WARN_SUSPICIOUS_MOVE = YES;
				CLANG_WARN_UNREACHABLE_CODE = YES;
				CLANG_WARN__DUPLICATE_METHOD_MATCH = YES;
				CLANG_WARN__EXIT_TIME_DESTRUCTORS = YES;
				COPY_PHASE_STRIP = YES;
				ENABLE_STRICT_OBJC_MSGSEND = YES;
				GCC_NO_COMMON_BLOCKS = YES;
				GCC_TREAT_INCOMPATIBLE_POINTER_TYPE_WARNINGS_AS_ERRORS = YES;
				GCC_TREAT_WARNINGS_AS_ERRORS = YES;
				GCC_WARN_64_TO_32_BIT_CONVERSION = YES;
				GCC_WARN_ABOUT_RETURN_TYPE = YES;
				GCC_WARN_HIDDEN_VIRTUAL_FUNCTIONS = YES;
				GCC_WARN_NON_VIRTUAL_DESTRUCTOR = YES;
				GCC_WARN_SHADOW = YES;
				GCC_WARN_SIGN_COMPARE = YES;
				GCC_WARN_UNDECLARED_SELECTOR = YES;
				GCC_WARN_UNINITIALIZED_AUTOS = YES;
				GCC_WARN_UNKNOWN_PRAGMAS = YES;
				GCC_WARN_UNUSED_FUNCTION = YES;
				GCC_WARN_UNUSED_LABEL = YES;
				GCC_WARN_UNUSED_VARIABLE = YES;
				IPHONEOS_DEPLOYMENT_TARGET = 8.0;
				OTHER_CFLAGS = "-DNS_BLOCK_ASSERTIONS=1";
				OTHER_SWIFT_FLAGS = "";
				RUN_CLANG_STATIC_ANALYZER = YES;
				SDKROOT = iphoneos;
				SWIFT_OPTIMIZATION_LEVEL = "-Owholemodule";
				SWIFT_VERSION = 3.0;
				TARGETED_DEVICE_FAMILY = 2;
				VALIDATE_PRODUCT = YES;
			};
			name = Release;
		};
		5DA5CA05163B018D00CF1601 /* Debug */ = {
			isa = XCBuildConfiguration;
			buildSettings = {
				ASSETCATALOG_COMPILER_APPICON_NAME = AppIcon;
				CLANG_ENABLE_MODULES = YES;
				CODE_SIGN_IDENTITY = "iPhone Developer";
				"CODE_SIGN_IDENTITY[sdk=iphoneos*]" = "iPhone Developer";
				DEVELOPMENT_TEAM = B87M5YBQ84;
				ENABLE_TESTABILITY = YES;
				GCC_PRECOMPILE_PREFIX_HEADER = YES;
				GCC_PREFIX_HEADER = "iMMPI/iMMPI-Prefix.pch";
				GCC_SYMBOLS_PRIVATE_EXTERN = NO;
				HEADER_SEARCH_PATHS = (
					/usr/include/libxml2,
					"$(inherited)",
				);
				INFOPLIST_FILE = "iMMPI/iMMPI-Info.plist";
				IPHONEOS_DEPLOYMENT_TARGET = 8.0;
				LD_RUNPATH_SEARCH_PATHS = "$(inherited) @executable_path/Frameworks";
				OTHER_LDFLAGS = "$(inherited)";
				PRODUCT_BUNDLE_IDENTIFIER = com.frostbit.iMMPI;
				PRODUCT_NAME = "$(TARGET_NAME)";
				PROVISIONING_PROFILE = "";
				SWIFT_OBJC_BRIDGING_HEADER = "iMMPI/iMMPI-Bridging-Header.h";
				WRAPPER_EXTENSION = app;
			};
			name = Debug;
		};
		5DA5CA06163B018D00CF1601 /* Release */ = {
			isa = XCBuildConfiguration;
			buildSettings = {
				ASSETCATALOG_COMPILER_APPICON_NAME = AppIcon;
				CLANG_ENABLE_MODULES = YES;
				CODE_SIGN_IDENTITY = "iPhone Distribution";
				"CODE_SIGN_IDENTITY[sdk=iphoneos*]" = "iPhone Distribution";
				DEVELOPMENT_TEAM = B87M5YBQ84;
				ENABLE_TESTABILITY = YES;
				GCC_PRECOMPILE_PREFIX_HEADER = YES;
				GCC_PREFIX_HEADER = "iMMPI/iMMPI-Prefix.pch";
				GCC_SYMBOLS_PRIVATE_EXTERN = NO;
				HEADER_SEARCH_PATHS = (
					/usr/include/libxml2,
					"$(inherited)",
				);
				INFOPLIST_FILE = "iMMPI/iMMPI-Info.plist";
				IPHONEOS_DEPLOYMENT_TARGET = 8.0;
				LD_RUNPATH_SEARCH_PATHS = "$(inherited) @executable_path/Frameworks";
				OTHER_LDFLAGS = "$(inherited)";
				PRODUCT_BUNDLE_IDENTIFIER = com.frostbit.iMMPI;
				PRODUCT_NAME = "$(TARGET_NAME)";
				PROVISIONING_PROFILE = "";
				SWIFT_OBJC_BRIDGING_HEADER = "iMMPI/iMMPI-Bridging-Header.h";
				WRAPPER_EXTENSION = app;
			};
			name = Release;
		};
/* End XCBuildConfiguration section */

/* Begin XCConfigurationList section */
		4430C7961E160DDD0024C001 /* Build configuration list for PBXNativeTarget "iMMPITests" */ = {
			isa = XCConfigurationList;
			buildConfigurations = (
				4430C7971E160DDD0024C001 /* Debug */,
				4430C7981E160DDD0024C001 /* Release */,
			);
			defaultConfigurationIsVisible = 0;
			defaultConfigurationName = Release;
		};
		5DA5C9DA163B018D00CF1601 /* Build configuration list for PBXProject "iMMPI" */ = {
			isa = XCConfigurationList;
			buildConfigurations = (
				5DA5CA02163B018D00CF1601 /* Debug */,
				5DA5CA03163B018D00CF1601 /* Release */,
			);
			defaultConfigurationIsVisible = 0;
			defaultConfigurationName = Release;
		};
		5DA5CA04163B018D00CF1601 /* Build configuration list for PBXNativeTarget "iMMPI" */ = {
			isa = XCConfigurationList;
			buildConfigurations = (
				5DA5CA05163B018D00CF1601 /* Debug */,
				5DA5CA06163B018D00CF1601 /* Release */,
			);
			defaultConfigurationIsVisible = 0;
			defaultConfigurationName = Release;
		};
/* End XCConfigurationList section */
	};
	rootObject = 5DA5C9D7163B018D00CF1601 /* Project object */;
}
