
SPEC CHECKSUMS: 
  Frostbit/Geometry: 89a11a9e427b613a2b14f50bd7655af2b9ed8612
  Frostbit/Dispatch: 89a11a9e427b613a2b14f50bd7655af2b9ed8612
  Frostbit/UIKit/Classes/FRBDatePickerPopover: 89a11a9e427b613a2b14f50bd7655af2b9ed8612
  Frostbit/UIKit/Categories/UIViewController: 89a11a9e427b613a2b14f50bd7655af2b9ed8612
  Frostbit/Common: 89a11a9e427b613a2b14f50bd7655af2b9ed8612

COCOAPODS: 0.16.0

EXTERNAL SOURCES: 
  Frostbit/Geometry: 
    :git: https://github.com/wanderwaltz/Frostbit.git
  Frostbit/Dispatch: 
    :git: https://github.com/wanderwaltz/Frostbit.git
  Frostbit/UIKit/Classes/FRBDatePickerPopover: 
    :git: https://github.com/wanderwaltz/Frostbit.git
  Frostbit/Common: 
    :git: https://github.com/wanderwaltz/Frostbit.git

DEPENDENCIES: 
- Frostbit/Common (from `https://github.com/wanderwaltz/Frostbit.git')
- Frostbit/Dispatch (from `https://github.com/wanderwaltz/Frostbit.git')
- Frostbit/Geometry (from `https://github.com/wanderwaltz/Frostbit.git')
- Frostbit/UIKit/Classes/FRBDatePickerPopover (from `https://github.com/wanderwaltz/Frostbit.git')

PODS: 
- Frostbit/Common (0.0.1)
- Frostbit/Dispatch (0.0.1)
- Frostbit/Geometry (0.0.1)
- Frostbit/UIKit/Categories/UIViewController (0.0.1)
- Frostbit/UIKit/Classes/FRBDatePickerPopover (0.0.1): 
  - Frostbit/UIKit/Categories/UIViewController
