// !$*UTF8*$!
{
	archiveVersion = 1;
	classes = {
	};
	objectVersion = 46;
	objects = {

/* Begin PBXBuildFile section */
		5D115BE615675EF3000FDF47 /* UIKit.framework in Frameworks */ = {isa = PBXBuildFile; fileRef = 5D115BE515675EF3000FDF47 /* UIKit.framework */; };
		5D115BE815675EF3000FDF47 /* Foundation.framework in Frameworks */ = {isa = PBXBuildFile; fileRef = 5D115BE715675EF3000FDF47 /* Foundation.framework */; };
		5D115BEA15675EF3000FDF47 /* CoreGraphics.framework in Frameworks */ = {isa = PBXBuildFile; fileRef = 5D115BE915675EF3000FDF47 /* CoreGraphics.framework */; };
		5D115BF015675EF3000FDF47 /* InfoPlist.strings in Resources */ = {isa = PBXBuildFile; fileRef = 5D115BEE15675EF3000FDF47 /* InfoPlist.strings */; };
		5D115BF215675EF3000FDF47 /* main.m in Sources */ = {isa = PBXBuildFile; fileRef = 5D115BF115675EF3000FDF47 /* main.m */; };
		5D115BF615675EF3000FDF47 /* AppDelegate.m in Sources */ = {isa = PBXBuildFile; fileRef = 5D115BF515675EF3000FDF47 /* AppDelegate.m */; };
		5D115C4B15676253000FDF47 /* WWLib-Foundation.framework in Frameworks */ = {isa = PBXBuildFile; fileRef = 5D115C4915676253000FDF47 /* WWLib-Foundation.framework */; };
		5D115C4C15676253000FDF47 /* WWLib.framework in Frameworks */ = {isa = PBXBuildFile; fileRef = 5D115C4A15676253000FDF47 /* WWLib.framework */; };
		5D115C4F1567625F000FDF47 /* WWStyle.framework in Frameworks */ = {isa = PBXBuildFile; fileRef = 5D115C4E1567625F000FDF47 /* WWStyle.framework */; };
		5D115C7C156762E5000FDF47 /* QuartzCore.framework in Frameworks */ = {isa = PBXBuildFile; fileRef = 5D115C7B156762E5000FDF47 /* QuartzCore.framework */; };
		5D115C8415676564000FDF47 /* BaseViewController.m in Sources */ = {isa = PBXBuildFile; fileRef = 5D115C8315676564000FDF47 /* BaseViewController.m */; };
		5D115C88156765BD000FDF47 /* HomeViewController.m in Sources */ = {isa = PBXBuildFile; fileRef = 5D115C86156765BD000FDF47 /* HomeViewController.m */; };
		5D115C89156765BD000FDF47 /* HomeViewController.xib in Resources */ = {isa = PBXBuildFile; fileRef = 5D115C87156765BD000FDF47 /* HomeViewController.xib */; };
		5D115C8E15676773000FDF47 /* BrowsePersonsViewController.m in Sources */ = {isa = PBXBuildFile; fileRef = 5D115C8C15676773000FDF47 /* BrowsePersonsViewController.m */; };
		5D115C8F15676773000FDF47 /* BrowsePersonsViewController.xib in Resources */ = {isa = PBXBuildFile; fileRef = 5D115C8D15676773000FDF47 /* BrowsePersonsViewController.xib */; };
		5D115C941567698C000FDF47 /* EditPersonViewController.m in Sources */ = {isa = PBXBuildFile; fileRef = 5D115C921567698C000FDF47 /* EditPersonViewController.m */; };
		5D115C951567698C000FDF47 /* EditPersonViewController.xib in Resources */ = {isa = PBXBuildFile; fileRef = 5D115C931567698C000FDF47 /* EditPersonViewController.xib */; };
		5D115C9A156776A8000FDF47 /* RecordOverviewViewController.m in Sources */ = {isa = PBXBuildFile; fileRef = 5D115C98156776A8000FDF47 /* RecordOverviewViewController.m */; };
		5D115C9B156776A8000FDF47 /* RecordOverviewViewController.xib in Resources */ = {isa = PBXBuildFile; fileRef = 5D115C99156776A8000FDF47 /* RecordOverviewViewController.xib */; };
		5D115CA0156779C7000FDF47 /* TestStatementViewController.m in Sources */ = {isa = PBXBuildFile; fileRef = 5D115C9E156779C7000FDF47 /* TestStatementViewController.m */; };
		5D115CA1156779C7000FDF47 /* TestStatementViewController.xib in Resources */ = {isa = PBXBuildFile; fileRef = 5D115C9F156779C7000FDF47 /* TestStatementViewController.xib */; };
		5DAA28EA157A37C00087CD0F /* ListModelViewController.m in Sources */ = {isa = PBXBuildFile; fileRef = 5DAA28E9157A37BF0087CD0F /* ListModelViewController.m */; };
		5DAA28EF157A39A50087CD0F /* BasicListModel.m in Sources */ = {isa = PBXBuildFile; fileRef = 5DAA28EE157A39A50087CD0F /* BasicListModel.m */; };
		5DAA28F3157A3EA10087CD0F /* PersonListDocumentWrapper.m in Sources */ = {isa = PBXBuildFile; fileRef = 5DAA28F2157A3EA10087CD0F /* PersonListDocumentWrapper.m */; };
		5DABDBCF1571F79900C21AC8 /* MMPIDocument.m in Sources */ = {isa = PBXBuildFile; fileRef = 5DABDBCE1571F79900C21AC8 /* MMPIDocument.m */; };
		5DABDBD41571F7C900C21AC8 /* Person.m in Sources */ = {isa = PBXBuildFile; fileRef = 5DABDBD31571F7C900C21AC8 /* Person.m */; };
		5DABDBD71571F7D400C21AC8 /* TestRecord.m in Sources */ = {isa = PBXBuildFile; fileRef = 5DABDBD61571F7D400C21AC8 /* TestRecord.m */; };
		5DABDBDB1571F7F000C21AC8 /* PersonIndexRecord.m in Sources */ = {isa = PBXBuildFile; fileRef = 5DABDBDA1571F7F000C21AC8 /* PersonIndexRecord.m */; };
		5DABDBE01571FB4200C21AC8 /* JsonData.m in Sources */ = {isa = PBXBuildFile; fileRef = 5DABDBDF1571FB4200C21AC8 /* JsonData.m */; };
		5DABDBE81572042A00C21AC8 /* JsonDataWrapper.m in Sources */ = {isa = PBXBuildFile; fileRef = 5DABDBE71572042A00C21AC8 /* JsonDataWrapper.m */; };
		5DABDBEF1572059C00C21AC8 /* DataStorage.m in Sources */ = {isa = PBXBuildFile; fileRef = 5DABDBEE1572059C00C21AC8 /* DataStorage.m */; };
/* End PBXBuildFile section */

/* Begin PBXContainerItemProxy section */
		5A79C48C156E307E0034B985 /* PBXContainerItemProxy */ = {
			isa = PBXContainerItemProxy;
			containerPortal = 5D115C6A1567627A000FDF47 /* WWLib-Foundation.xcodeproj */;
			proxyType = 2;
			remoteGlobalIDString = 5A79C3B6156E05D00034B985;
			remoteInfo = "WWLib-Foundation-Tests";
		};
		5D115C631567626C000FDF47 /* PBXContainerItemProxy */ = {
			isa = PBXContainerItemProxy;
			containerPortal = 5D115C501567626B000FDF47 /* WWStyle.xcodeproj */;
			proxyType = 2;
			remoteGlobalIDString = 5D42F6ED15285ED700998F7E;
			remoteInfo = WWStyle;
		};
		5D115C651567626C000FDF47 /* PBXContainerItemProxy */ = {
			isa = PBXContainerItemProxy;
			containerPortal = 5D115C501567626B000FDF47 /* WWStyle.xcodeproj */;
			proxyType = 2;
			remoteGlobalIDString = 5D42F724152860AE00998F7E;
			remoteInfo = WWStyleTests;
		};
		5D115C721567627A000FDF47 /* PBXContainerItemProxy */ = {
			isa = PBXContainerItemProxy;
			containerPortal = 5D115C6A1567627A000FDF47 /* WWLib-Foundation.xcodeproj */;
			proxyType = 2;
			remoteGlobalIDString = 5A68026B1545417600216102;
			remoteInfo = "WWLib-Foundation";
		};
		5D115C771567627A000FDF47 /* PBXContainerItemProxy */ = {
			isa = PBXContainerItemProxy;
			containerPortal = 5D115C6D1567627A000FDF47 /* WWLib.xcodeproj */;
			proxyType = 2;
			remoteGlobalIDString = 5AB99BBE14CE8CAF00FCE284;
			remoteInfo = WWLib;
		};
		5D115C791567627A000FDF47 /* PBXContainerItemProxy */ = {
			isa = PBXContainerItemProxy;
			containerPortal = 5D115C6D1567627A000FDF47 /* WWLib.xcodeproj */;
			proxyType = 2;
			remoteGlobalIDString = 5A863A1F14D12D8500E9C30A;
			remoteInfo = WWLibTests;
		};
/* End PBXContainerItemProxy section */

/* Begin PBXFileReference section */
		5A8BEE641575F3B5003AE561 /* Serializable.h */ = {isa = PBXFileReference; lastKnownFileType = sourcecode.c.h; path = Serializable.h; sourceTree = "<group>"; };
		5D115BE115675EF3000FDF47 /* iMMPI-iPhone.app */ = {isa = PBXFileReference; explicitFileType = wrapper.application; includeInIndex = 0; path = "iMMPI-iPhone.app"; sourceTree = BUILT_PRODUCTS_DIR; };
		5D115BE515675EF3000FDF47 /* UIKit.framework */ = {isa = PBXFileReference; lastKnownFileType = wrapper.framework; name = UIKit.framework; path = System/Library/Frameworks/UIKit.framework; sourceTree = SDKROOT; };
		5D115BE715675EF3000FDF47 /* Foundation.framework */ = {isa = PBXFileReference; lastKnownFileType = wrapper.framework; name = Foundation.framework; path = System/Library/Frameworks/Foundation.framework; sourceTree = SDKROOT; };
		5D115BE915675EF3000FDF47 /* CoreGraphics.framework */ = {isa = PBXFileReference; lastKnownFileType = wrapper.framework; name = CoreGraphics.framework; path = System/Library/Frameworks/CoreGraphics.framework; sourceTree = SDKROOT; };
		5D115BED15675EF3000FDF47 /* iMMPI-iPhone-Info.plist */ = {isa = PBXFileReference; lastKnownFileType = text.plist.xml; path = "iMMPI-iPhone-Info.plist"; sourceTree = "<group>"; };
		5D115BEF15675EF3000FDF47 /* en */ = {isa = PBXFileReference; lastKnownFileType = text.plist.strings; name = en; path = en.lproj/InfoPlist.strings; sourceTree = "<group>"; };
		5D115BF115675EF3000FDF47 /* main.m */ = {isa = PBXFileReference; lastKnownFileType = sourcecode.c.objc; path = main.m; sourceTree = "<group>"; };
		5D115BF315675EF3000FDF47 /* iMMPI-iPhone-Prefix.pch */ = {isa = PBXFileReference; lastKnownFileType = sourcecode.c.h; path = "iMMPI-iPhone-Prefix.pch"; sourceTree = "<group>"; };
		5D115BF415675EF3000FDF47 /* AppDelegate.h */ = {isa = PBXFileReference; lastKnownFileType = sourcecode.c.h; path = AppDelegate.h; sourceTree = "<group>"; };
		5D115BF515675EF3000FDF47 /* AppDelegate.m */ = {isa = PBXFileReference; lastKnownFileType = sourcecode.c.objc; path = AppDelegate.m; sourceTree = "<group>"; };
		5D115C4915676253000FDF47 /* WWLib-Foundation.framework */ = {isa = PBXFileReference; lastKnownFileType = wrapper.framework; name = "WWLib-Foundation.framework"; path = "../../../WWLib/dev/Products/WWLib-Foundation.framework"; sourceTree = "<group>"; };
		5D115C4A15676253000FDF47 /* WWLib.framework */ = {isa = PBXFileReference; lastKnownFileType = wrapper.framework; name = WWLib.framework; path = ../../../WWLib/dev/Products/WWLib.framework; sourceTree = "<group>"; };
		5D115C4E1567625F000FDF47 /* WWStyle.framework */ = {isa = PBXFileReference; lastKnownFileType = wrapper.framework; name = WWStyle.framework; path = ../../../WWStyle/dev/Products/WWStyle.framework; sourceTree = "<group>"; };
		5D115C501567626B000FDF47 /* WWStyle.xcodeproj */ = {isa = PBXFileReference; lastKnownFileType = "wrapper.pb-project"; name = WWStyle.xcodeproj; path = ../../../WWStyle/dev/WWStyle.xcodeproj; sourceTree = "<group>"; };
		5D115C6A1567627A000FDF47 /* WWLib-Foundation.xcodeproj */ = {isa = PBXFileReference; lastKnownFileType = "wrapper.pb-project"; name = "WWLib-Foundation.xcodeproj"; path = "../../../WWLib/dev/WWLib-Foundation.xcodeproj"; sourceTree = "<group>"; };
		5D115C6D1567627A000FDF47 /* WWLib.xcodeproj */ = {isa = PBXFileReference; lastKnownFileType = "wrapper.pb-project"; name = WWLib.xcodeproj; path = ../../../WWLib/dev/WWLib.xcodeproj; sourceTree = "<group>"; };
		5D115C7B156762E5000FDF47 /* QuartzCore.framework */ = {isa = PBXFileReference; lastKnownFileType = wrapper.framework; name = QuartzCore.framework; path = System/Library/Frameworks/QuartzCore.framework; sourceTree = SDKROOT; };
		5D115C8215676564000FDF47 /* BaseViewController.h */ = {isa = PBXFileReference; fileEncoding = 4; lastKnownFileType = sourcecode.c.h; path = BaseViewController.h; sourceTree = "<group>"; };
		5D115C8315676564000FDF47 /* BaseViewController.m */ = {isa = PBXFileReference; fileEncoding = 4; lastKnownFileType = sourcecode.c.objc; path = BaseViewController.m; sourceTree = "<group>"; };
		5D115C85156765BD000FDF47 /* HomeViewController.h */ = {isa = PBXFileReference; fileEncoding = 4; lastKnownFileType = sourcecode.c.h; path = HomeViewController.h; sourceTree = "<group>"; };
		5D115C86156765BD000FDF47 /* HomeViewController.m */ = {isa = PBXFileReference; fileEncoding = 4; lastKnownFileType = sourcecode.c.objc; path = HomeViewController.m; sourceTree = "<group>"; };
		5D115C87156765BD000FDF47 /* HomeViewController.xib */ = {isa = PBXFileReference; fileEncoding = 4; lastKnownFileType = file.xib; path = HomeViewController.xib; sourceTree = "<group>"; };
		5D115C8B15676773000FDF47 /* BrowsePersonsViewController.h */ = {isa = PBXFileReference; fileEncoding = 4; lastKnownFileType = sourcecode.c.h; path = BrowsePersonsViewController.h; sourceTree = "<group>"; };
		5D115C8C15676773000FDF47 /* BrowsePersonsViewController.m */ = {isa = PBXFileReference; fileEncoding = 4; lastKnownFileType = sourcecode.c.objc; path = BrowsePersonsViewController.m; sourceTree = "<group>"; };
		5D115C8D15676773000FDF47 /* BrowsePersonsViewController.xib */ = {isa = PBXFileReference; fileEncoding = 4; lastKnownFileType = file.xib; path = BrowsePersonsViewController.xib; sourceTree = "<group>"; };
		5D115C911567698C000FDF47 /* EditPersonViewController.h */ = {isa = PBXFileReference; fileEncoding = 4; lastKnownFileType = sourcecode.c.h; path = EditPersonViewController.h; sourceTree = "<group>"; };
		5D115C921567698C000FDF47 /* EditPersonViewController.m */ = {isa = PBXFileReference; fileEncoding = 4; lastKnownFileType = sourcecode.c.objc; path = EditPersonViewController.m; sourceTree = "<group>"; };
		5D115C931567698C000FDF47 /* EditPersonViewController.xib */ = {isa = PBXFileReference; fileEncoding = 4; lastKnownFileType = file.xib; path = EditPersonViewController.xib; sourceTree = "<group>"; };
		5D115C97156776A8000FDF47 /* RecordOverviewViewController.h */ = {isa = PBXFileReference; fileEncoding = 4; lastKnownFileType = sourcecode.c.h; path = RecordOverviewViewController.h; sourceTree = "<group>"; };
		5D115C98156776A8000FDF47 /* RecordOverviewViewController.m */ = {isa = PBXFileReference; fileEncoding = 4; lastKnownFileType = sourcecode.c.objc; path = RecordOverviewViewController.m; sourceTree = "<group>"; };
		5D115C99156776A8000FDF47 /* RecordOverviewViewController.xib */ = {isa = PBXFileReference; fileEncoding = 4; lastKnownFileType = file.xib; path = RecordOverviewViewController.xib; sourceTree = "<group>"; };
		5D115C9D156779C7000FDF47 /* TestStatementViewController.h */ = {isa = PBXFileReference; fileEncoding = 4; lastKnownFileType = sourcecode.c.h; path = TestStatementViewController.h; sourceTree = "<group>"; };
		5D115C9E156779C7000FDF47 /* TestStatementViewController.m */ = {isa = PBXFileReference; fileEncoding = 4; lastKnownFileType = sourcecode.c.objc; path = TestStatementViewController.m; sourceTree = "<group>"; };
		5D115C9F156779C7000FDF47 /* TestStatementViewController.xib */ = {isa = PBXFileReference; fileEncoding = 4; lastKnownFileType = file.xib; path = TestStatementViewController.xib; sourceTree = "<group>"; };
		5DAA28E5157A36C40087CD0F /* ListModel.h */ = {isa = PBXFileReference; lastKnownFileType = sourcecode.c.h; path = ListModel.h; sourceTree = "<group>"; };
		5DAA28E6157A373B0087CD0F /* ListModelElement.h */ = {isa = PBXFileReference; lastKnownFileType = sourcecode.c.h; path = ListModelElement.h; sourceTree = "<group>"; };
		5DAA28E8157A37BF0087CD0F /* ListModelViewController.h */ = {isa = PBXFileReference; fileEncoding = 4; lastKnownFileType = sourcecode.c.h; path = ListModelViewController.h; sourceTree = "<group>"; };
		5DAA28E9157A37BF0087CD0F /* ListModelViewController.m */ = {isa = PBXFileReference; fileEncoding = 4; lastKnownFileType = sourcecode.c.objc; path = ListModelViewController.m; sourceTree = "<group>"; };
		5DAA28ED157A39A50087CD0F /* BasicListModel.h */ = {isa = PBXFileReference; fileEncoding = 4; lastKnownFileType = sourcecode.c.h; path = BasicListModel.h; sourceTree = "<group>"; };
		5DAA28EE157A39A50087CD0F /* BasicListModel.m */ = {isa = PBXFileReference; fileEncoding = 4; lastKnownFileType = sourcecode.c.objc; path = BasicListModel.m; sourceTree = "<group>"; };
		5DAA28F1157A3EA10087CD0F /* PersonListDocumentWrapper.h */ = {isa = PBXFileReference; fileEncoding = 4; lastKnownFileType = sourcecode.c.h; path = PersonListDocumentWrapper.h; sourceTree = "<group>"; };
		5DAA28F2157A3EA10087CD0F /* PersonListDocumentWrapper.m */ = {isa = PBXFileReference; fileEncoding = 4; lastKnownFileType = sourcecode.c.objc; path = PersonListDocumentWrapper.m; sourceTree = "<group>"; };
		5DABDBCD1571F79900C21AC8 /* MMPIDocument.h */ = {isa = PBXFileReference; fileEncoding = 4; lastKnownFileType = sourcecode.c.h; lineEnding = 0; path = MMPIDocument.h; sourceTree = "<group>"; xcLanguageSpecificationIdentifier = xcode.lang.objcpp; };
		5DABDBCE1571F79900C21AC8 /* MMPIDocument.m */ = {isa = PBXFileReference; fileEncoding = 4; lastKnownFileType = sourcecode.c.objc; lineEnding = 0; path = MMPIDocument.m; sourceTree = "<group>"; xcLanguageSpecificationIdentifier = xcode.lang.objc; };
		5DABDBD21571F7C900C21AC8 /* Person.h */ = {isa = PBXFileReference; fileEncoding = 4; lastKnownFileType = sourcecode.c.h; path = Person.h; sourceTree = "<group>"; };
		5DABDBD31571F7C900C21AC8 /* Person.m */ = {isa = PBXFileReference; fileEncoding = 4; lastKnownFileType = sourcecode.c.objc; path = Person.m; sourceTree = "<group>"; };
		5DABDBD51571F7D400C21AC8 /* TestRecord.h */ = {isa = PBXFileReference; fileEncoding = 4; lastKnownFileType = sourcecode.c.h; path = TestRecord.h; sourceTree = "<group>"; };
		5DABDBD61571F7D400C21AC8 /* TestRecord.m */ = {isa = PBXFileReference; fileEncoding = 4; lastKnownFileType = sourcecode.c.objc; path = TestRecord.m; sourceTree = "<group>"; };
		5DABDBD91571F7F000C21AC8 /* PersonIndexRecord.h */ = {isa = PBXFileReference; fileEncoding = 4; lastKnownFileType = sourcecode.c.h; path = PersonIndexRecord.h; sourceTree = "<group>"; };
		5DABDBDA1571F7F000C21AC8 /* PersonIndexRecord.m */ = {isa = PBXFileReference; fileEncoding = 4; lastKnownFileType = sourcecode.c.objc; path = PersonIndexRecord.m; sourceTree = "<group>"; };
		5DABDBDE1571FB4200C21AC8 /* JsonData.h */ = {isa = PBXFileReference; fileEncoding = 4; lastKnownFileType = sourcecode.c.h; path = JsonData.h; sourceTree = "<group>"; };
		5DABDBDF1571FB4200C21AC8 /* JsonData.m */ = {isa = PBXFileReference; fileEncoding = 4; lastKnownFileType = sourcecode.c.objc; path = JsonData.m; sourceTree = "<group>"; };
		5DABDBE61572042A00C21AC8 /* JsonDataWrapper.h */ = {isa = PBXFileReference; fileEncoding = 4; lastKnownFileType = sourcecode.c.h; path = JsonDataWrapper.h; sourceTree = "<group>"; };
		5DABDBE71572042A00C21AC8 /* JsonDataWrapper.m */ = {isa = PBXFileReference; fileEncoding = 4; lastKnownFileType = sourcecode.c.objc; path = JsonDataWrapper.m; sourceTree = "<group>"; };
		5DABDBED1572059C00C21AC8 /* DataStorage.h */ = {isa = PBXFileReference; fileEncoding = 4; lastKnownFileType = sourcecode.c.h; path = DataStorage.h; sourceTree = "<group>"; };
		5DABDBEE1572059C00C21AC8 /* DataStorage.m */ = {isa = PBXFileReference; fileEncoding = 4; lastKnownFileType = sourcecode.c.objc; lineEnding = 0; path = DataStorage.m; sourceTree = "<group>"; xcLanguageSpecificationIdentifier = xcode.lang.objc; };
/* End PBXFileReference section */

/* Begin PBXFrameworksBuildPhase section */
		5D115BDE15675EF3000FDF47 /* Frameworks */ = {
			isa = PBXFrameworksBuildPhase;
			buildActionMask = 2147483647;
			files = (
				5D115C7C156762E5000FDF47 /* QuartzCore.framework in Frameworks */,
				5D115BE615675EF3000FDF47 /* UIKit.framework in Frameworks */,
				5D115BE815675EF3000FDF47 /* Foundation.framework in Frameworks */,
				5D115BEA15675EF3000FDF47 /* CoreGraphics.framework in Frameworks */,
				5D115C4B15676253000FDF47 /* WWLib-Foundation.framework in Frameworks */,
				5D115C4C15676253000FDF47 /* WWLib.framework in Frameworks */,
				5D115C4F1567625F000FDF47 /* WWStyle.framework in Frameworks */,
			);
			runOnlyForDeploymentPostprocessing = 0;
		};
/* End PBXFrameworksBuildPhase section */

/* Begin PBXGroup section */
		5D115BD615675EF3000FDF47 = {
			isa = PBXGroup;
			children = (
				5D115C6A1567627A000FDF47 /* WWLib-Foundation.xcodeproj */,
				5D115C6D1567627A000FDF47 /* WWLib.xcodeproj */,
				5D115C501567626B000FDF47 /* WWStyle.xcodeproj */,
				5D115BEB15675EF3000FDF47 /* iMMPI-iPhone */,
				5D115BE415675EF3000FDF47 /* Frameworks */,
				5D115BE215675EF3000FDF47 /* Products */,
			);
			sourceTree = "<group>";
		};
		5D115BE215675EF3000FDF47 /* Products */ = {
			isa = PBXGroup;
			children = (
				5D115BE115675EF3000FDF47 /* iMMPI-iPhone.app */,
			);
			name = Products;
			sourceTree = "<group>";
		};
		5D115BE415675EF3000FDF47 /* Frameworks */ = {
			isa = PBXGroup;
			children = (
				5D115C7B156762E5000FDF47 /* QuartzCore.framework */,
				5D115C4E1567625F000FDF47 /* WWStyle.framework */,
				5D115C4915676253000FDF47 /* WWLib-Foundation.framework */,
				5D115C4A15676253000FDF47 /* WWLib.framework */,
				5D115BE515675EF3000FDF47 /* UIKit.framework */,
				5D115BE715675EF3000FDF47 /* Foundation.framework */,
				5D115BE915675EF3000FDF47 /* CoreGraphics.framework */,
			);
			name = Frameworks;
			sourceTree = "<group>";
		};
		5D115BEB15675EF3000FDF47 /* iMMPI-iPhone */ = {
			isa = PBXGroup;
			children = (
				5D115C8015676546000FDF47 /* Model */,
				5D115C7F15676533000FDF47 /* UI Base Classes */,
				5D115C7E1567652D000FDF47 /* UI */,
				5D115BF415675EF3000FDF47 /* AppDelegate.h */,
				5D115BF515675EF3000FDF47 /* AppDelegate.m */,
				5D115BEC15675EF3000FDF47 /* Supporting Files */,
			);
			path = "iMMPI-iPhone";
			sourceTree = "<group>";
		};
		5D115BEC15675EF3000FDF47 /* Supporting Files */ = {
			isa = PBXGroup;
			children = (
				5D115BED15675EF3000FDF47 /* iMMPI-iPhone-Info.plist */,
				5D115BEE15675EF3000FDF47 /* InfoPlist.strings */,
				5D115BF115675EF3000FDF47 /* main.m */,
				5D115BF315675EF3000FDF47 /* iMMPI-iPhone-Prefix.pch */,
			);
			name = "Supporting Files";
			sourceTree = "<group>";
		};
		5D115C511567626B000FDF47 /* Products */ = {
			isa = PBXGroup;
			children = (
				5D115C641567626C000FDF47 /* WWStyle.framework */,
				5D115C661567626C000FDF47 /* WWStyleTests.app */,
			);
			name = Products;
			sourceTree = "<group>";
		};
		5D115C6B1567627A000FDF47 /* Products */ = {
			isa = PBXGroup;
			children = (
				5D115C731567627A000FDF47 /* WWLib-Foundation.framework */,
				5A79C48D156E307E0034B985 /* WWLib-Foundation-Tests.app */,
			);
			name = Products;
			sourceTree = "<group>";
		};
		5D115C6E1567627A000FDF47 /* Products */ = {
			isa = PBXGroup;
			children = (
				5D115C781567627A000FDF47 /* WWLib.framework */,
				5D115C7A1567627A000FDF47 /* WWLibTests.app */,
			);
			name = Products;
			sourceTree = "<group>";
		};
		5D115C7D1567650F000FDF47 /* Home View Controller */ = {
			isa = PBXGroup;
			children = (
				5D115C85156765BD000FDF47 /* HomeViewController.h */,
				5D115C86156765BD000FDF47 /* HomeViewController.m */,
				5D115C87156765BD000FDF47 /* HomeViewController.xib */,
			);
			name = "Home View Controller";
			sourceTree = "<group>";
		};
		5D115C7E1567652D000FDF47 /* UI */ = {
			isa = PBXGroup;
			children = (
				5D115C9C1567799F000FDF47 /* Test Statement View Controller */,
				5D115C9615677693000FDF47 /* Record Overview View Controller */,
				5D115C9015676973000FDF47 /* Edit Person View Controller */,
				5D115C8A1567673A000FDF47 /* Browse Persons View Controller */,
				5D115C7D1567650F000FDF47 /* Home View Controller */,
			);
			name = UI;
			sourceTree = "<group>";
		};
		5D115C7F15676533000FDF47 /* UI Base Classes */ = {
			isa = PBXGroup;
			children = (
				5D115C811567654B000FDF47 /* Base View Controller */,
			);
			name = "UI Base Classes";
			sourceTree = "<group>";
		};
		5D115C8015676546000FDF47 /* Model */ = {
			isa = PBXGroup;
			children = (
				5DAA28E3157A36A00087CD0F /* Generic Lists Model */,
				5DABDBE91572053600C21AC8 /* Low Level Serialization */,
				5DABDBEC1572058D00C21AC8 /* Data Storage */,
				5DABDBEA1572054900C21AC8 /* MMPI Model Objects */,
			);
			name = Model;
			sourceTree = "<group>";
		};
		5D115C811567654B000FDF47 /* Base View Controller */ = {
			isa = PBXGroup;
			children = (
				5D115C8215676564000FDF47 /* BaseViewController.h */,
				5D115C8315676564000FDF47 /* BaseViewController.m */,
			);
			name = "Base View Controller";
			sourceTree = "<group>";
		};
		5D115C8A1567673A000FDF47 /* Browse Persons View Controller */ = {
			isa = PBXGroup;
			children = (
				5D115C8B15676773000FDF47 /* BrowsePersonsViewController.h */,
				5D115C8C15676773000FDF47 /* BrowsePersonsViewController.m */,
				5D115C8D15676773000FDF47 /* BrowsePersonsViewController.xib */,
			);
			name = "Browse Persons View Controller";
			sourceTree = "<group>";
		};
		5D115C9015676973000FDF47 /* Edit Person View Controller */ = {
			isa = PBXGroup;
			children = (
				5D115C911567698C000FDF47 /* EditPersonViewController.h */,
				5D115C921567698C000FDF47 /* EditPersonViewController.m */,
				5D115C931567698C000FDF47 /* EditPersonViewController.xib */,
			);
			name = "Edit Person View Controller";
			sourceTree = "<group>";
		};
		5D115C9615677693000FDF47 /* Record Overview View Controller */ = {
			isa = PBXGroup;
			children = (
				5D115C97156776A8000FDF47 /* RecordOverviewViewController.h */,
				5D115C98156776A8000FDF47 /* RecordOverviewViewController.m */,
				5D115C99156776A8000FDF47 /* RecordOverviewViewController.xib */,
			);
			name = "Record Overview View Controller";
			sourceTree = "<group>";
		};
		5D115C9C1567799F000FDF47 /* Test Statement View Controller */ = {
			isa = PBXGroup;
			children = (
				5D115C9D156779C7000FDF47 /* TestStatementViewController.h */,
				5D115C9E156779C7000FDF47 /* TestStatementViewController.m */,
				5D115C9F156779C7000FDF47 /* TestStatementViewController.xib */,
			);
			name = "Test Statement View Controller";
			sourceTree = "<group>";
		};
		5DAA28E3157A36A00087CD0F /* Generic Lists Model */ = {
			isa = PBXGroup;
			children = (
				5DAA28EC157A398D0087CD0F /* Basic List Model */,
				5DAA28E7157A37A30087CD0F /* List Model View Controller */,
				5DAA28E5157A36C40087CD0F /* ListModel.h */,
				5DAA28E6157A373B0087CD0F /* ListModelElement.h */,
			);
			name = "Generic Lists Model";
			sourceTree = "<group>";
		};
		5DAA28E7157A37A30087CD0F /* List Model View Controller */ = {
			isa = PBXGroup;
			children = (
				5DAA28E8157A37BF0087CD0F /* ListModelViewController.h */,
				5DAA28E9157A37BF0087CD0F /* ListModelViewController.m */,
			);
			name = "List Model View Controller";
			sourceTree = "<group>";
		};
		5DAA28EC157A398D0087CD0F /* Basic List Model */ = {
			isa = PBXGroup;
			children = (
				5DAA28ED157A39A50087CD0F /* BasicListModel.h */,
				5DAA28EE157A39A50087CD0F /* BasicListModel.m */,
			);
			name = "Basic List Model";
			sourceTree = "<group>";
		};
		5DAA28F0157A3E7B0087CD0F /* Person List Document Wrapper */ = {
			isa = PBXGroup;
			children = (
				5DAA28F1157A3EA10087CD0F /* PersonListDocumentWrapper.h */,
				5DAA28F2157A3EA10087CD0F /* PersonListDocumentWrapper.m */,
			);
			name = "Person List Document Wrapper";
			sourceTree = "<group>";
		};
		5DABDBCC1571F76900C21AC8 /* MMPI Document */ = {
			isa = PBXGroup;
			children = (
				5DAA28F0157A3E7B0087CD0F /* Person List Document Wrapper */,
				5DABDBCD1571F79900C21AC8 /* MMPIDocument.h */,
				5DABDBCE1571F79900C21AC8 /* MMPIDocument.m */,
			);
			name = "MMPI Document";
			sourceTree = "<group>";
		};
		5DABDBD01571F7A200C21AC8 /* Person */ = {
			isa = PBXGroup;
			children = (
				5DABDBD21571F7C900C21AC8 /* Person.h */,
				5DABDBD31571F7C900C21AC8 /* Person.m */,
			);
			name = Person;
			sourceTree = "<group>";
		};
		5DABDBD11571F7B600C21AC8 /* Test Record */ = {
			isa = PBXGroup;
			children = (
				5DABDBD51571F7D400C21AC8 /* TestRecord.h */,
				5DABDBD61571F7D400C21AC8 /* TestRecord.m */,
			);
			name = "Test Record";
			sourceTree = "<group>";
		};
		5DABDBD81571F7D800C21AC8 /* Person Index Record */ = {
			isa = PBXGroup;
			children = (
				5DABDBD91571F7F000C21AC8 /* PersonIndexRecord.h */,
				5DABDBDA1571F7F000C21AC8 /* PersonIndexRecord.m */,
			);
			name = "Person Index Record";
			sourceTree = "<group>";
		};
		5DABDBDD1571FB3000C21AC8 /* Json Data */ = {
			isa = PBXGroup;
			children = (
				5DABDBDE1571FB4200C21AC8 /* JsonData.h */,
				5DABDBDF1571FB4200C21AC8 /* JsonData.m */,
			);
			name = "Json Data";
			sourceTree = "<group>";
		};
		5DABDBE51572041800C21AC8 /* Json Data Wrapper */ = {
			isa = PBXGroup;
			children = (
				5DABDBE61572042A00C21AC8 /* JsonDataWrapper.h */,
				5DABDBE71572042A00C21AC8 /* JsonDataWrapper.m */,
			);
			name = "Json Data Wrapper";
			sourceTree = "<group>";
		};
		5DABDBE91572053600C21AC8 /* Low Level Serialization */ = {
			isa = PBXGroup;
			children = (
				5A8BEE641575F3B5003AE561 /* Serializable.h */,
				5DABDBE51572041800C21AC8 /* Json Data Wrapper */,
				5DABDBDD1571FB3000C21AC8 /* Json Data */,
			);
			name = "Low Level Serialization";
			sourceTree = "<group>";
		};
		5DABDBEA1572054900C21AC8 /* MMPI Model Objects */ = {
			isa = PBXGroup;
			children = (
				5DABDBCC1571F76900C21AC8 /* MMPI Document */,
				5DABDBD81571F7D800C21AC8 /* Person Index Record */,
				5DABDBD01571F7A200C21AC8 /* Person */,
				5DABDBD11571F7B600C21AC8 /* Test Record */,
			);
			name = "MMPI Model Objects";
			sourceTree = "<group>";
		};
		5DABDBEC1572058D00C21AC8 /* Data Storage */ = {
			isa = PBXGroup;
			children = (
				5DABDBED1572059C00C21AC8 /* DataStorage.h */,
				5DABDBEE1572059C00C21AC8 /* DataStorage.m */,
			);
			name = "Data Storage";
			sourceTree = "<group>";
		};
/* End PBXGroup section */

/* Begin PBXNativeTarget section */
		5D115BE015675EF3000FDF47 /* iMMPI-iPhone */ = {
			isa = PBXNativeTarget;
			buildConfigurationList = 5D115BF915675EF3000FDF47 /* Build configuration list for PBXNativeTarget "iMMPI-iPhone" */;
			buildPhases = (
				5D115BDD15675EF3000FDF47 /* Sources */,
				5D115BDE15675EF3000FDF47 /* Frameworks */,
				5D115BDF15675EF3000FDF47 /* Resources */,
				5A28E40115773E4500E55AE0 /* Show TODO's and FIXME's as warnings */,
			);
			buildRules = (
			);
			dependencies = (
			);
			name = "iMMPI-iPhone";
			productName = "iMMPI-iPhone";
			productReference = 5D115BE115675EF3000FDF47 /* iMMPI-iPhone.app */;
			productType = "com.apple.product-type.application";
		};
/* End PBXNativeTarget section */

/* Begin PBXProject section */
		5D115BD815675EF3000FDF47 /* Project object */ = {
			isa = PBXProject;
			attributes = {
				LastUpgradeCheck = 0430;
				ORGANIZATIONNAME = Sibers;
			};
			buildConfigurationList = 5D115BDB15675EF3000FDF47 /* Build configuration list for PBXProject "iMMPI-iPhone" */;
			compatibilityVersion = "Xcode 3.2";
			developmentRegion = English;
			hasScannedForEncodings = 0;
			knownRegions = (
				en,
			);
			mainGroup = 5D115BD615675EF3000FDF47;
			productRefGroup = 5D115BE215675EF3000FDF47 /* Products */;
			projectDirPath = "";
			projectReferences = (
				{
					ProductGroup = 5D115C6B1567627A000FDF47 /* Products */;
					ProjectRef = 5D115C6A1567627A000FDF47 /* WWLib-Foundation.xcodeproj */;
				},
				{
					ProductGroup = 5D115C6E1567627A000FDF47 /* Products */;
					ProjectRef = 5D115C6D1567627A000FDF47 /* WWLib.xcodeproj */;
				},
				{
					ProductGroup = 5D115C511567626B000FDF47 /* Products */;
					ProjectRef = 5D115C501567626B000FDF47 /* WWStyle.xcodeproj */;
				},
			);
			projectRoot = "";
			targets = (
				5D115BE015675EF3000FDF47 /* iMMPI-iPhone */,
			);
		};
/* End PBXProject section */

/* Begin PBXReferenceProxy section */
		5A79C48D156E307E0034B985 /* WWLib-Foundation-Tests.app */ = {
			isa = PBXReferenceProxy;
			fileType = wrapper.application;
			path = "WWLib-Foundation-Tests.app";
			remoteRef = 5A79C48C156E307E0034B985 /* PBXContainerItemProxy */;
			sourceTree = BUILT_PRODUCTS_DIR;
		};
		5D115C641567626C000FDF47 /* WWStyle.framework */ = {
			isa = PBXReferenceProxy;
			fileType = wrapper.cfbundle;
			path = WWStyle.framework;
			remoteRef = 5D115C631567626C000FDF47 /* PBXContainerItemProxy */;
			sourceTree = BUILT_PRODUCTS_DIR;
		};
		5D115C661567626C000FDF47 /* WWStyleTests.app */ = {
			isa = PBXReferenceProxy;
			fileType = wrapper.application;
			path = WWStyleTests.app;
			remoteRef = 5D115C651567626C000FDF47 /* PBXContainerItemProxy */;
			sourceTree = BUILT_PRODUCTS_DIR;
		};
		5D115C731567627A000FDF47 /* WWLib-Foundation.framework */ = {
			isa = PBXReferenceProxy;
			fileType = wrapper.cfbundle;
			path = "WWLib-Foundation.framework";
			remoteRef = 5D115C721567627A000FDF47 /* PBXContainerItemProxy */;
			sourceTree = BUILT_PRODUCTS_DIR;
		};
		5D115C781567627A000FDF47 /* WWLib.framework */ = {
			isa = PBXReferenceProxy;
			fileType = wrapper.cfbundle;
			path = WWLib.framework;
			remoteRef = 5D115C771567627A000FDF47 /* PBXContainerItemProxy */;
			sourceTree = BUILT_PRODUCTS_DIR;
		};
		5D115C7A1567627A000FDF47 /* WWLibTests.app */ = {
			isa = PBXReferenceProxy;
			fileType = wrapper.application;
			path = WWLibTests.app;
			remoteRef = 5D115C791567627A000FDF47 /* PBXContainerItemProxy */;
			sourceTree = BUILT_PRODUCTS_DIR;
		};
/* End PBXReferenceProxy section */

/* Begin PBXResourcesBuildPhase section */
		5D115BDF15675EF3000FDF47 /* Resources */ = {
			isa = PBXResourcesBuildPhase;
			buildActionMask = 2147483647;
			files = (
				5D115BF015675EF3000FDF47 /* InfoPlist.strings in Resources */,
				5D115C89156765BD000FDF47 /* HomeViewController.xib in Resources */,
				5D115C8F15676773000FDF47 /* BrowsePersonsViewController.xib in Resources */,
				5D115C951567698C000FDF47 /* EditPersonViewController.xib in Resources */,
				5D115C9B156776A8000FDF47 /* RecordOverviewViewController.xib in Resources */,
				5D115CA1156779C7000FDF47 /* TestStatementViewController.xib in Resources */,
			);
			runOnlyForDeploymentPostprocessing = 0;
		};
/* End PBXResourcesBuildPhase section */

/* Begin PBXShellScriptBuildPhase section */
		5A28E40115773E4500E55AE0 /* Show TODO's and FIXME's as warnings */ = {
			isa = PBXShellScriptBuildPhase;
			buildActionMask = 2147483647;
			files = (
			);
			inputPaths = (
			);
			name = "Show TODO's and FIXME's as warnings";
			outputPaths = (
			);
			runOnlyForDeploymentPostprocessing = 0;
			shellPath = /bin/sh;
			shellScript = "KEYWORDS=\"TODO:|FIXME:|\\?\\?\\?:|\\!\\!\\!:\"\nfind \"${SRCROOT}\" \\( -name \"*.h\" -or -name \"*.m\" \\) -print0 | xargs -0 egrep --with-filename --line-number --only-matching \"($KEYWORDS).*\\$\" | perl -p -e \"s/($KEYWORDS)/ warning: \\$1/\"";
		};
/* End PBXShellScriptBuildPhase section */

/* Begin PBXSourcesBuildPhase section */
		5D115BDD15675EF3000FDF47 /* Sources */ = {
			isa = PBXSourcesBuildPhase;
			buildActionMask = 2147483647;
			files = (
				5D115BF215675EF3000FDF47 /* main.m in Sources */,
				5D115BF615675EF3000FDF47 /* AppDelegate.m in Sources */,
				5D115C8415676564000FDF47 /* BaseViewController.m in Sources */,
				5D115C88156765BD000FDF47 /* HomeViewController.m in Sources */,
				5D115C8E15676773000FDF47 /* BrowsePersonsViewController.m in Sources */,
				5D115C941567698C000FDF47 /* EditPersonViewController.m in Sources */,
				5D115C9A156776A8000FDF47 /* RecordOverviewViewController.m in Sources */,
				5D115CA0156779C7000FDF47 /* TestStatementViewController.m in Sources */,
				5DABDBCF1571F79900C21AC8 /* MMPIDocument.m in Sources */,
				5DABDBD41571F7C900C21AC8 /* Person.m in Sources */,
				5DABDBD71571F7D400C21AC8 /* TestRecord.m in Sources */,
				5DABDBDB1571F7F000C21AC8 /* PersonIndexRecord.m in Sources */,
				5DABDBE01571FB4200C21AC8 /* JsonData.m in Sources */,
				5DABDBE81572042A00C21AC8 /* JsonDataWrapper.m in Sources */,
				5DABDBEF1572059C00C21AC8 /* DataStorage.m in Sources */,
				5DAA28EA157A37C00087CD0F /* ListModelViewController.m in Sources */,
				5DAA28EF157A39A50087CD0F /* BasicListModel.m in Sources */,
				5DAA28F3157A3EA10087CD0F /* PersonListDocumentWrapper.m in Sources */,
			);
			runOnlyForDeploymentPostprocessing = 0;
		};
/* End PBXSourcesBuildPhase section */

/* Begin PBXVariantGroup section */
		5D115BEE15675EF3000FDF47 /* InfoPlist.strings */ = {
			isa = PBXVariantGroup;
			children = (
				5D115BEF15675EF3000FDF47 /* en */,
			);
			name = InfoPlist.strings;
			sourceTree = "<group>";
		};
/* End PBXVariantGroup section */

/* Begin XCBuildConfiguration section */
		5D115BF715675EF3000FDF47 /* Debug */ = {
			isa = XCBuildConfiguration;
			buildSettings = {
				ALWAYS_SEARCH_USER_PATHS = NO;
				ARCHS = "$(ARCHS_STANDARD_32_BIT)";
				CLANG_ENABLE_OBJC_ARC = YES;
				"CODE_SIGN_IDENTITY[sdk=iphoneos*]" = "iPhone Developer";
				COPY_PHASE_STRIP = NO;
				GCC_C_LANGUAGE_STANDARD = gnu99;
				GCC_DYNAMIC_NO_PIC = NO;
				GCC_OPTIMIZATION_LEVEL = 0;
				GCC_PREPROCESSOR_DEFINITIONS = (
					"DEBUG=1",
					"$(inherited)",
				);
				GCC_SYMBOLS_PRIVATE_EXTERN = NO;
				GCC_VERSION = com.apple.compilers.llvm.clang.1_0;
				GCC_WARN_ABOUT_RETURN_TYPE = YES;
				GCC_WARN_UNINITIALIZED_AUTOS = YES;
				GCC_WARN_UNUSED_VARIABLE = YES;
				IPHONEOS_DEPLOYMENT_TARGET = 5.1;
				SDKROOT = iphoneos;
			};
			name = Debug;
		};
		5D115BF815675EF3000FDF47 /* Release */ = {
			isa = XCBuildConfiguration;
			buildSettings = {
				ALWAYS_SEARCH_USER_PATHS = NO;
				ARCHS = "$(ARCHS_STANDARD_32_BIT)";
				CLANG_ENABLE_OBJC_ARC = YES;
				"CODE_SIGN_IDENTITY[sdk=iphoneos*]" = "iPhone Developer";
				COPY_PHASE_STRIP = YES;
				GCC_C_LANGUAGE_STANDARD = gnu99;
				GCC_VERSION = com.apple.compilers.llvm.clang.1_0;
				GCC_WARN_ABOUT_RETURN_TYPE = YES;
				GCC_WARN_UNINITIALIZED_AUTOS = YES;
				GCC_WARN_UNUSED_VARIABLE = YES;
				IPHONEOS_DEPLOYMENT_TARGET = 5.1;
				OTHER_CFLAGS = "-DNS_BLOCK_ASSERTIONS=1";
				SDKROOT = iphoneos;
				VALIDATE_PRODUCT = YES;
			};
			name = Release;
		};
		5D115BFA15675EF3000FDF47 /* Debug */ = {
			isa = XCBuildConfiguration;
			buildSettings = {
				CLANG_WARN_DEPRECATED_OBJC_IMPLEMENTATIONS = YES;
				CLANG_WARN_OBJCPP_ARC_ABI = YES;
				CLANG_WARN__EXIT_TIME_DESTRUCTORS = YES;
				FRAMEWORK_SEARCH_PATHS = (
					"$(inherited)",
					"\"$(SRCROOT)/../../../WWLib/dev/Products\"",
					"\"$(SRCROOT)/../../../WWStyle/dev/Products\"",
				);
				GCC_PRECOMPILE_PREFIX_HEADER = YES;
				GCC_PREFIX_HEADER = "iMMPI-iPhone/iMMPI-iPhone-Prefix.pch";
				GCC_TREAT_WARNINGS_AS_ERRORS = YES;
				GCC_WARN_ABOUT_MISSING_FIELD_INITIALIZERS = YES;
				GCC_WARN_FOUR_CHARACTER_CONSTANTS = YES;
				GCC_WARN_HIDDEN_VIRTUAL_FUNCTIONS = YES;
				GCC_WARN_INITIALIZER_NOT_FULLY_BRACKETED = YES;
				GCC_WARN_NON_VIRTUAL_DESTRUCTOR = YES;
				GCC_WARN_UNKNOWN_PRAGMAS = YES;
				GCC_WARN_UNUSED_LABEL = YES;
				INFOPLIST_FILE = "iMMPI-iPhone/iMMPI-iPhone-Info.plist";
				PRODUCT_NAME = "$(TARGET_NAME)";
				WRAPPER_EXTENSION = app;
			};
			name = Debug;
		};
		5D115BFB15675EF3000FDF47 /* Release */ = {
			isa = XCBuildConfiguration;
			buildSettings = {
				CLANG_WARN_DEPRECATED_OBJC_IMPLEMENTATIONS = YES;
				CLANG_WARN_OBJCPP_ARC_ABI = YES;
				CLANG_WARN__EXIT_TIME_DESTRUCTORS = YES;
				FRAMEWORK_SEARCH_PATHS = (
					"$(inherited)",
					"\"$(SRCROOT)/../../../WWLib/dev/Products\"",
					"\"$(SRCROOT)/../../../WWStyle/dev/Products\"",
				);
				GCC_PRECOMPILE_PREFIX_HEADER = YES;
				GCC_PREFIX_HEADER = "iMMPI-iPhone/iMMPI-iPhone-Prefix.pch";
				GCC_TREAT_WARNINGS_AS_ERRORS = YES;
				GCC_WARN_ABOUT_MISSING_FIELD_INITIALIZERS = YES;
				GCC_WARN_FOUR_CHARACTER_CONSTANTS = YES;
				GCC_WARN_HIDDEN_VIRTUAL_FUNCTIONS = YES;
				GCC_WARN_INITIALIZER_NOT_FULLY_BRACKETED = YES;
				GCC_WARN_NON_VIRTUAL_DESTRUCTOR = YES;
				GCC_WARN_UNKNOWN_PRAGMAS = YES;
				GCC_WARN_UNUSED_LABEL = YES;
				INFOPLIST_FILE = "iMMPI-iPhone/iMMPI-iPhone-Info.plist";
				PRODUCT_NAME = "$(TARGET_NAME)";
				WRAPPER_EXTENSION = app;
			};
			name = Release;
		};
/* End XCBuildConfiguration section */

/* Begin XCConfigurationList section */
		5D115BDB15675EF3000FDF47 /* Build configuration list for PBXProject "iMMPI-iPhone" */ = {
			isa = XCConfigurationList;
			buildConfigurations = (
				5D115BF715675EF3000FDF47 /* Debug */,
				5D115BF815675EF3000FDF47 /* Release */,
			);
			defaultConfigurationIsVisible = 0;
			defaultConfigurationName = Release;
		};
		5D115BF915675EF3000FDF47 /* Build configuration list for PBXNativeTarget "iMMPI-iPhone" */ = {
			isa = XCConfigurationList;
			buildConfigurations = (
				5D115BFA15675EF3000FDF47 /* Debug */,
				5D115BFB15675EF3000FDF47 /* Release */,
			);
			defaultConfigurationIsVisible = 0;
			defaultConfigurationName = Release;
		};
/* End XCConfigurationList section */
	};
	rootObject = 5D115BD815675EF3000FDF47 /* Project object */;
}
