<?xml version="1.0" encoding="UTF-8"?>
<Scheme
   LastUpgradeVersion = "1250"
   version = "1.3">
   <BuildAction
      parallelizeBuildables = "YES"
      buildImplicitDependencies = "YES">
      <BuildActionEntries>
         <BuildActionEntry
            buildForTesting = "YES"
            buildForRunning = "YES"
            buildForProfiling = "YES"
            buildForArchiving = "YES"
            buildForAnalyzing = "YES">
            <BuildableReference
               BuildableIdentifier = "primary"
               BlueprintIdentifier = "5DA5C9DF163B018D00CF1601"
               BuildableName = "iMMPI.app"
               BlueprintName = "iMMPI"
               ReferencedContainer = "container:iMMPI.xcodeproj">
            </BuildableReference>
         </BuildActionEntry>
      </BuildActionEntries>
   </BuildAction>
   <TestAction
      buildConfiguration = "Debug"
      selectedDebuggerIdentifier = "Xcode.DebuggerFoundation.Debugger.LLDB"
      selectedLauncherIdentifier = "Xcode.DebuggerFoundation.Launcher.LLDB"
      shouldUseLaunchSchemeArgsEnv = "YES">
      <Testables>
         <TestableReference
            skipped = "NO">
            <BuildableReference
               BuildableIdentifier = "primary"
               BlueprintIdentifier = "AnalysisSettingsTests"
               BuildableName = "AnalysisSettingsTests"
               BlueprintName = "AnalysisSettingsTests"
               ReferencedContainer = "container:Modules">
            </BuildableReference>
         </TestableReference>
         <TestableReference
            skipped = "NO">
            <BuildableReference
               BuildableIdentifier = "primary"
               BlueprintIdentifier = "AnalysisTests"
               BuildableName = "AnalysisTests"
               BlueprintName = "AnalysisTests"
               ReferencedContainer = "container:Modules">
            </BuildableReference>
         </TestableReference>
         <TestableReference
            skipped = "NO">
            <BuildableReference
               BuildableIdentifier = "primary"
               BlueprintIdentifier = "DataModelTests"
               BuildableName = "DataModelTests"
               BlueprintName = "DataModelTests"
               ReferencedContainer = "container:Modules">
            </BuildableReference>
         </TestableReference>
         <TestableReference
            skipped = "NO">
            <BuildableReference
               BuildableIdentifier = "primary"
               BlueprintIdentifier = "EmailComposingTests"
               BuildableName = "EmailComposingTests"
               BlueprintName = "EmailComposingTests"
               ReferencedContainer = "container:Modules">
            </BuildableReference>
         </TestableReference>
         <TestableReference
            skipped = "NO">
            <BuildableReference
               BuildableIdentifier = "primary"
               BlueprintIdentifier = "FormattersTests"
               BuildableName = "FormattersTests"
               BlueprintName = "FormattersTests"
               ReferencedContainer = "container:Modules">
            </BuildableReference>
         </TestableReference>
         <TestableReference
            skipped = "NO">
            <BuildableReference
               BuildableIdentifier = "primary"
               BlueprintIdentifier = "MMPIAnalysisUITests"
               BuildableName = "MMPIAnalysisUITests"
               BlueprintName = "MMPIAnalysisUITests"
               ReferencedContainer = "container:Modules">
            </BuildableReference>
         </TestableReference>
         <TestableReference
            skipped = "NO">
            <BuildableReference
               BuildableIdentifier = "primary"
               BlueprintIdentifier = "MMPIRecordsListUITests"
               BuildableName = "MMPIRecordsListUITests"
               BlueprintName = "MMPIRecordsListUITests"
               ReferencedContainer = "container:Modules">
            </BuildableReference>
         </TestableReference>
         <TestableReference
            skipped = "NO">
            <BuildableReference
               BuildableIdentifier = "primary"
               BlueprintIdentifier = "MMPIRoutingTests"
               BuildableName = "MMPIRoutingTests"
               BlueprintName = "MMPIRoutingTests"
               ReferencedContainer = "container:Modules">
            </BuildableReference>
         </TestableReference>
         <TestableReference
            skipped = "NO">
            <BuildableReference
               BuildableIdentifier = "primary"
               BlueprintIdentifier = "SerializationTests"
               BuildableName = "SerializationTests"
               BlueprintName = "SerializationTests"
               ReferencedContainer = "container:Modules">
            </BuildableReference>
         </TestableReference>
         <TestableReference
            skipped = "NO">
            <BuildableReference
               BuildableIdentifier = "primary"
               BlueprintIdentifier = "UIReusableViewsTests"
               BuildableName = "UIReusableViewsTests"
               BlueprintName = "UIReusableViewsTests"
               ReferencedContainer = "container:Modules">
            </BuildableReference>
         </TestableReference>
         <TestableReference
            skipped = "NO">
            <BuildableReference
               BuildableIdentifier = "primary"
               BlueprintIdentifier = "UITableViewModelsTests"
               BuildableName = "UITableViewModelsTests"
               BlueprintName = "UITableViewModelsTests"
               ReferencedContainer = "container:Modules">
            </BuildableReference>
         </TestableReference>
         <TestableReference
            skipped = "NO">
            <BuildableReference
               BuildableIdentifier = "primary"
               BlueprintIdentifier = "UtilsTests"
               BuildableName = "UtilsTests"
               BlueprintName = "UtilsTests"
               ReferencedContainer = "container:Modules">
            </BuildableReference>
         </TestableReference>
      </Testables>
   </TestAction>
   <LaunchAction
      buildConfiguration = "Debug"
      selectedDebuggerIdentifier = "Xcode.DebuggerFoundation.Debugger.LLDB"
      selectedLauncherIdentifier = "Xcode.DebuggerFoundation.Launcher.LLDB"
      launchStyle = "0"
      useCustomWorkingDirectory = "NO"
      ignoresPersistentStateOnLaunch = "NO"
      debugDocumentVersioning = "YES"
      debugServiceExtension = "internal"
      allowLocationSimulation = "YES">
      <BuildableProductRunnable
         runnableDebuggingMode = "0">
         <BuildableReference
            BuildableIdentifier = "primary"
            BlueprintIdentifier = "5DA5C9DF163B018D00CF1601"
            BuildableName = "iMMPI.app"
            BlueprintName = "iMMPI"
            ReferencedContainer = "container:iMMPI.xcodeproj">
         </BuildableReference>
      </BuildableProductRunnable>
   </LaunchAction>
   <ProfileAction
      buildConfiguration = "Release"
      shouldUseLaunchSchemeArgsEnv = "YES"
      savedToolIdentifier = ""
      useCustomWorkingDirectory = "NO"
      debugDocumentVersioning = "YES">
      <BuildableProductRunnable
         runnableDebuggingMode = "0">
         <BuildableReference
            BuildableIdentifier = "primary"
            BlueprintIdentifier = "5DA5C9DF163B018D00CF1601"
            BuildableName = "iMMPI.app"
            BlueprintName = "iMMPI"
            ReferencedContainer = "container:iMMPI.xcodeproj">
         </BuildableReference>
      </BuildableProductRunnable>
   </ProfileAction>
   <AnalyzeAction
      buildConfiguration = "Debug">
   </AnalyzeAction>
   <ArchiveAction
      buildConfiguration = "Release"
      revealArchiveInOrganizer = "YES">
   </ArchiveAction>
</Scheme>
